// !$*UTF8*$!
{
	archiveVersion = 1;
	classes = {
	};
	objectVersion = 39;
	objects = {
		014CEA520018CE5811CA2923 = {
			buildSettings = {
				COPY_PHASE_STRIP = NO;
				DEBUGGING_SYMBOLS = YES;
				GCC_DYNAMIC_NO_PIC = NO;
				GCC_ENABLE_FIX_AND_CONTINUE = YES;
				GCC_GENERATE_DEBUGGING_SYMBOLS = YES;
				GCC_OPTIMIZATION_LEVEL = 0;
				OPTIMIZATION_CFLAGS = "-O0";
				ZERO_LINK = YES;
			};
			isa = PBXBuildStyle;
			name = Development;
		};
		014CEA530018CE5811CA2923 = {
			buildSettings = {
				COPY_PHASE_STRIP = YES;
				GCC_ENABLE_FIX_AND_CONTINUE = NO;
				ZERO_LINK = NO;
			};
			isa = PBXBuildStyle;
			name = Deployment;
		};
//010
//011
//012
//013
//014
//080
//081
//082
//083
//084
		08FB7793FE84155DC02AAC07 = {
			buildSettings = {
			};
			buildStyles = (
				014CEA520018CE5811CA2923,
				014CEA530018CE5811CA2923,
			);
			hasScannedForEncodings = 1;
			isa = PBXProject;
			mainGroup = 08FB7794FE84155DC02AAC07;
			projectDirPath = "";
			targets = (
				D28A88AD04BDD90700651E21,
			);
		};
		08FB7794FE84155DC02AAC07 = {
			children = (
				ADE486570821BC34005A57A1,
				ADE486410821B603005A57A1,
				ADE6D0C6080ADB1F00D993A2,
				AD585E2A07F4A4560030C9C2,
			);
			isa = PBXGroup;
			name = VE_Webservice;
			refType = 4;
			sourceTree = "<group>";
		};
//080
//081
//082
//083
//084
//AD0
//AD1
//AD2
//AD3
//AD4
		AD585E2A07F4A4560030C9C2 = {
			children = (
				ADB34CCB0825793900658AB8,
				ADB34CCC0825793900658AB8,
				ADE6D0D8080AE87300D993A2,
				ADE6D0D9080AE87300D993A2,
				AD585E3607F4CB640030C9C2,
			);
			indentWidth = 6;
			isa = PBXGroup;
			path = src;
			refType = 4;
			sourceTree = "<group>";
			tabWidth = 6;
			usesTabs = 0;
		};
		AD585E3607F4CB640030C9C2 = {
			fileEncoding = 30;
			indentWidth = 3;
			isa = PBXFileReference;
			lastKnownFileType = sourcecode.c.h;
			path = cfdWebServices.h;
			refType = 4;
			sourceTree = "<group>";
			tabWidth = 3;
			usesTabs = 0;
		};
		ADB34CCB0825793900658AB8 = {
			fileEncoding = 30;
			indentWidth = 3;
			isa = PBXFileReference;
			lastKnownFileType = sourcecode.cpp.cpp;
			path = veWebService_i.cpp;
			refType = 4;
			sourceTree = "<group>";
			tabWidth = 3;
		};
		ADB34CCC0825793900658AB8 = {
			fileEncoding = 30;
			isa = PBXFileReference;
			lastKnownFileType = sourcecode.c.h;
			path = veWebService_i.h;
			refType = 4;
			sourceTree = "<group>";
		};
		ADE486410821B603005A57A1 = {
			fileEncoding = 4;
			isa = PBXFileReference;
			lastKnownFileType = text;
			path = run;
			refType = 4;
			sourceTree = "<group>";
		};
		ADE486570821BC34005A57A1 = {
			fileEncoding = 4;
			isa = PBXFileReference;
			lastKnownFileType = text.script.sh;
			path = runOverhead.sh;
			refType = 4;
			sourceTree = "<group>";
		};
		ADE6D0C6080ADB1F00D993A2 = {
			fileEncoding = 4;
			isa = PBXFileReference;
			lastKnownFileType = sourcecode.make;
			path = Makefile;
			refType = 4;
			sourceTree = "<group>";
		};
		ADE6D0D8080AE87300D993A2 = {
			fileEncoding = 30;
			indentWidth = 3;
			isa = PBXFileReference;
			lastKnownFileType = sourcecode.cpp.cpp;
			path = cfdWebServicesMain.cxx;
			refType = 4;
			sourceTree = "<group>";
			tabWidth = 3;
		};
		ADE6D0D9080AE87300D993A2 = {
			fileEncoding = 30;
			indentWidth = 3;
			isa = PBXFileReference;
			lastKnownFileType = sourcecode.cpp.cpp;
			path = cfdWebServices.cxx;
			refType = 4;
			sourceTree = "<group>";
			tabWidth = 3;
		};
//AD0
//AD1
//AD2
//AD3
//AD4
//D20
//D21
//D22
//D23
//D24
		D28A88AD04BDD90700651E21 = {
			buildArgumentsString = "$(ACTION)";
			buildPhases = (
			);
			buildSettings = {
				OTHER_CFLAGS = "";
				OTHER_LDFLAGS = "";
				OTHER_REZFLAGS = "";
				PRODUCT_NAME = VE_Webservice;
				SECTORDER_FLAGS = "";
				WARNING_CFLAGS = "-Wmost -Wno-four-char-constants -Wno-unknown-pragmas";
			};
			buildToolPath = /usr/bin/make;
			dependencies = (
			);
			isa = PBXLegacyTarget;
			name = VE_Webservice;
			passBuildSettingsInEnvironment = 1;
			productName = VE_Webservice;
		};
	};
	rootObject = 08FB7793FE84155DC02AAC07;
}
