Microsoft Visual Studio Solution File, Format Version 8.00
Project("{8BC9CEB8-8B4A-11D0-8D11-00A0C91BC942}") = "VE_Xplorer", "VE_Xplorer\VE_Xplorer.vcproj", "{8A56716E-3619-45C5-A70D-B8CE20A7FD9E}"
	ProjectSection(ProjectDependencies) = postProject
	EndProjectSection
EndProject
Project("{8BC9CEB8-8B4A-11D0-8D11-00A0C91BC942}") = "VE_Conductor", "VE_Conductor\VE_Conductor.vcproj", "{ADE7D23A-90C7-4501-8FE1-7C1E4F73701D}"
	ProjectSection(ProjectDependencies) = postProject
	EndProjectSection
EndProject
Project("{8BC9CEB8-8B4A-11D0-8D11-00A0C91BC942}") = "VESOpen", "VESOpen\VESOpen\VESOpen.vcproj", "{BCEA6B36-558C-4D70-8C43-D69E5EB68AF7}"
	ProjectSection(ProjectDependencies) = postProject
	EndProjectSection
EndProject
Global
	GlobalSection(SolutionConfiguration) = preSolution
		Debug = Debug
		Debug_OMNI = Debug_OMNI
		Debug_TAO = Debug_TAO
		lib = lib
		OMNI_OSG = OMNI_OSG
		OMNI_OSG_CG_DBG = OMNI_OSG_CG_DBG
		Release = Release
		Release_OMNI = Release_OMNI
	EndGlobalSection
	GlobalSection(ProjectConfiguration) = postSolution
		{8A56716E-3619-45C5-A70D-B8CE20A7FD9E}.Debug.ActiveCfg = Debug|Win32
		{8A56716E-3619-45C5-A70D-B8CE20A7FD9E}.Debug.Build.0 = Debug|Win32
		{8A56716E-3619-45C5-A70D-B8CE20A7FD9E}.Debug_OMNI.ActiveCfg = Debug|Win32
		{8A56716E-3619-45C5-A70D-B8CE20A7FD9E}.Debug_OMNI.Build.0 = Debug|Win32
		{8A56716E-3619-45C5-A70D-B8CE20A7FD9E}.Debug_TAO.ActiveCfg = Debug_TAO|Win32
		{8A56716E-3619-45C5-A70D-B8CE20A7FD9E}.Debug_TAO.Build.0 = Debug_TAO|Win32
		{8A56716E-3619-45C5-A70D-B8CE20A7FD9E}.lib.ActiveCfg = OMNI_OSG|Win32
		{8A56716E-3619-45C5-A70D-B8CE20A7FD9E}.lib.Build.0 = OMNI_OSG|Win32
		{8A56716E-3619-45C5-A70D-B8CE20A7FD9E}.OMNI_OSG.ActiveCfg = OMNI_OSG|Win32
		{8A56716E-3619-45C5-A70D-B8CE20A7FD9E}.OMNI_OSG.Build.0 = OMNI_OSG|Win32
		{8A56716E-3619-45C5-A70D-B8CE20A7FD9E}.OMNI_OSG_CG_DBG.ActiveCfg = OMNI_OSG_CG_DBG|Win32
		{8A56716E-3619-45C5-A70D-B8CE20A7FD9E}.OMNI_OSG_CG_DBG.Build.0 = OMNI_OSG_CG_DBG|Win32
		{8A56716E-3619-45C5-A70D-B8CE20A7FD9E}.Release.ActiveCfg = Release|Win32
		{8A56716E-3619-45C5-A70D-B8CE20A7FD9E}.Release.Build.0 = Release|Win32
		{8A56716E-3619-45C5-A70D-B8CE20A7FD9E}.Release_OMNI.ActiveCfg = Release_OMNI|Win32
		{8A56716E-3619-45C5-A70D-B8CE20A7FD9E}.Release_OMNI.Build.0 = Release_OMNI|Win32
		{ADE7D23A-90C7-4501-8FE1-7C1E4F73701D}.Debug.ActiveCfg = Debug|Win32
		{ADE7D23A-90C7-4501-8FE1-7C1E4F73701D}.Debug.Build.0 = Debug|Win32
		{ADE7D23A-90C7-4501-8FE1-7C1E4F73701D}.Debug_OMNI.ActiveCfg = Debug|Win32
		{ADE7D23A-90C7-4501-8FE1-7C1E4F73701D}.Debug_OMNI.Build.0 = Debug|Win32
		{ADE7D23A-90C7-4501-8FE1-7C1E4F73701D}.Debug_TAO.ActiveCfg = Debug_TAO|Win32
		{ADE7D23A-90C7-4501-8FE1-7C1E4F73701D}.Debug_TAO.Build.0 = Debug_TAO|Win32
		{ADE7D23A-90C7-4501-8FE1-7C1E4F73701D}.lib.ActiveCfg = OMNI_OSG|Win32
		{ADE7D23A-90C7-4501-8FE1-7C1E4F73701D}.lib.Build.0 = OMNI_OSG|Win32
		{ADE7D23A-90C7-4501-8FE1-7C1E4F73701D}.OMNI_OSG.ActiveCfg = OMNI_OSG|Win32
		{ADE7D23A-90C7-4501-8FE1-7C1E4F73701D}.OMNI_OSG.Build.0 = OMNI_OSG|Win32
		{ADE7D23A-90C7-4501-8FE1-7C1E4F73701D}.OMNI_OSG_CG_DBG.ActiveCfg = OMNI_OSG_CG_DBG|Win32
		{ADE7D23A-90C7-4501-8FE1-7C1E4F73701D}.OMNI_OSG_CG_DBG.Build.0 = OMNI_OSG_CG_DBG|Win32
		{ADE7D23A-90C7-4501-8FE1-7C1E4F73701D}.Release.ActiveCfg = Release|Win32
		{ADE7D23A-90C7-4501-8FE1-7C1E4F73701D}.Release.Build.0 = Release|Win32
		{ADE7D23A-90C7-4501-8FE1-7C1E4F73701D}.Release_OMNI.ActiveCfg = Release_OMNI|Win32
		{ADE7D23A-90C7-4501-8FE1-7C1E4F73701D}.Release_OMNI.Build.0 = Release_OMNI|Win32
		{BCEA6B36-558C-4D70-8C43-D69E5EB68AF7}.Debug.ActiveCfg = Debug|Win32
		{BCEA6B36-558C-4D70-8C43-D69E5EB68AF7}.Debug.Build.0 = Debug|Win32
		{BCEA6B36-558C-4D70-8C43-D69E5EB68AF7}.Debug_OMNI.ActiveCfg = Debug|Win32
		{BCEA6B36-558C-4D70-8C43-D69E5EB68AF7}.Debug_OMNI.Build.0 = Debug|Win32
		{BCEA6B36-558C-4D70-8C43-D69E5EB68AF7}.Debug_TAO.ActiveCfg = Debug_TAO|Win32
		{BCEA6B36-558C-4D70-8C43-D69E5EB68AF7}.Debug_TAO.Build.0 = Debug_TAO|Win32
		{BCEA6B36-558C-4D70-8C43-D69E5EB68AF7}.lib.ActiveCfg = Release|Win32
		{BCEA6B36-558C-4D70-8C43-D69E5EB68AF7}.lib.Build.0 = Release|Win32
		{BCEA6B36-558C-4D70-8C43-D69E5EB68AF7}.OMNI_OSG.ActiveCfg = OMNI_OSG|Win32
		{BCEA6B36-558C-4D70-8C43-D69E5EB68AF7}.OMNI_OSG.Build.0 = OMNI_OSG|Win32
		{BCEA6B36-558C-4D70-8C43-D69E5EB68AF7}.OMNI_OSG_CG_DBG.ActiveCfg = OMNI_OSG_CG_DBG|Win32
		{BCEA6B36-558C-4D70-8C43-D69E5EB68AF7}.OMNI_OSG_CG_DBG.Build.0 = OMNI_OSG_CG_DBG|Win32
		{BCEA6B36-558C-4D70-8C43-D69E5EB68AF7}.Release.ActiveCfg = Release|Win32
		{BCEA6B36-558C-4D70-8C43-D69E5EB68AF7}.Release.Build.0 = Release|Win32
		{BCEA6B36-558C-4D70-8C43-D69E5EB68AF7}.Release_OMNI.ActiveCfg = Release|Win32
		{BCEA6B36-558C-4D70-8C43-D69E5EB68AF7}.Release_OMNI.Build.0 = Release|Win32
	EndGlobalSection
	GlobalSection(ExtensibilityGlobals) = postSolution
	EndGlobalSection
	GlobalSection(ExtensibilityAddIns) = postSolution
	EndGlobalSection
EndGlobal
