Microsoft Visual Studio Solution File, Format Version 9.00
# Visual Studio 2005
Project("{8BC9CEB8-8B4A-11D0-8D11-00A0C91BC942}") = "VE_Conductor", "VE_Conductor\Framework\WinClient.vcproj", "{E18B55CA-745E-4EBC-9056-85CA897EE690}"
	ProjectSection(ProjectDependencies) = postProject
		{CBDB8E7A-4286-4AE3-A190-BA33D7C53FF0} = {CBDB8E7A-4286-4AE3-A190-BA33D7C53FF0}
	EndProjectSection
EndProject
Project("{8BC9CEB8-8B4A-11D0-8D11-00A0C91BC942}") = "VE_Xplorer", "VE_Xplorer\GE\VE_Xplorer.vcproj", "{6EB56A33-7EB4-43B4-A5EB-F11FB470B77F}"
	ProjectSection(ProjectDependencies) = postProject
		{CBDB8E7A-4286-4AE3-A190-BA33D7C53FF0} = {CBDB8E7A-4286-4AE3-A190-BA33D7C53FF0}
	EndProjectSection
EndProject
Project("{2150E333-8FDC-42A3-9474-1A3956D46DE8}") = "VE-Conductor", "VE-Conductor", "{5B251F58-FA02-4795-A501-25C52C79848F}"
EndProject
Project("{2150E333-8FDC-42A3-9474-1A3956D46DE8}") = "VE-Xplorer", "VE-Xplorer", "{F1A3F7BC-F0E8-444B-B556-1B6F5CCA58A7}"
EndProject
Project("{2150E333-8FDC-42A3-9474-1A3956D46DE8}") = "externals", "externals", "{3818E6F2-8434-4223-84A2-D26B57D03358}"
EndProject
Project("{8BC9CEB8-8B4A-11D0-8D11-00A0C91BC942}") = "loki", "external\loki-0.1.6\src\Library.vcproj", "{CBDB8E7A-4286-4AE3-A190-BA33D7C53FF0}"
EndProject
Project("{8BC9CEB8-8B4A-11D0-8D11-00A0C91BC942}") = "testNURBS", "test\testNURBS\testNURBS.vcproj", "{BBC00B8E-203B-44CD-8D7B-0CE058E19E54}"
EndProject
Project("{2150E333-8FDC-42A3-9474-1A3956D46DE8}") = "tests", "tests", "{9C683DFD-3FB2-458F-9BC5-EBDA33E37F8A}"
EndProject
Project("{8BC9CEB8-8B4A-11D0-8D11-00A0C91BC942}") = "osgOQ", "external\osgOQ\VS7\src\osgOQ\osgOQ.vcproj", "{26FF23B9-E291-4225-896D-85A90846AE4D}"
EndProject
Project("{8BC9CEB8-8B4A-11D0-8D11-00A0C91BC942}") = "osgdb_osgOQ", "external\osgOQ\VS7\src\osgdb_osgOQ\osgdb_osgOQ.vcproj", "{C994F084-C6CB-4824-89C3-E05A55985479}"
	ProjectSection(ProjectDependencies) = postProject
		{26FF23B9-E291-4225-896D-85A90846AE4D} = {26FF23B9-E291-4225-896D-85A90846AE4D}
	EndProjectSection
EndProject
Project("{2150E333-8FDC-42A3-9474-1A3956D46DE8}") = "tools", "tools", "{4CFD44EC-A589-4317-9E0C-2C5876CF1D52}"
EndProject
Project("{2150E333-8FDC-42A3-9474-1A3956D46DE8}") = "Aspen", "Aspen", "{AA30AB1D-1400-4F23-B3D5-D6FB7D680B26}"
EndProject
Project("{8BC9CEB8-8B4A-11D0-8D11-00A0C91BC942}") = "VE_AspenUnit", "share\tools\aspen\VE_AspenUnit\VE_AspenUnit.vcproj", "{B9333CB0-720E-4B53-B4D7-CD2F0165872D}"
	ProjectSection(ProjectDependencies) = postProject
		{4EB38BEB-B65E-480B-B5C9-1F8A4CC650CD} = {4EB38BEB-B65E-480B-B5C9-1F8A4CC650CD}
		{CBDB8E7A-4286-4AE3-A190-BA33D7C53FF0} = {CBDB8E7A-4286-4AE3-A190-BA33D7C53FF0}
	EndProjectSection
EndProject
Project("{8BC9CEB8-8B4A-11D0-8D11-00A0C91BC942}") = "CASIlib2006", "share\tools\aspen\CASIlib\aspenplus_2006\CASIlib2006\CASIlib2006.vcproj", "{0C84FC8A-4031-483C-A412-74315636E193}"
EndProject
Project("{8BC9CEB8-8B4A-11D0-8D11-00A0C91BC942}") = "CASIlib", "share\tools\aspen\CASIlib\aspenplus_2004\CASIlib.vcproj", "{4EB38BEB-B65E-480B-B5C9-1F8A4CC650CD}"
EndProject
Project("{8BC9CEB8-8B4A-11D0-8D11-00A0C91BC942}") = "osgEphemeris", "external\osgEphemeris\VC7\osgEphemeris\osgEphemeris.vcproj", "{8DE318E9-51D6-4887-957D-21B319A22390}"
EndProject
Project("{8BC9CEB8-8B4A-11D0-8D11-00A0C91BC942}") = "osgPlugin_ephemeris", "external\osgEphemeris\VC7\osgPlugin_ephemeris\osgPlugin_ephemeris.vcproj", "{B7191373-AF3D-49DE-880B-5A41A1629861}"
	ProjectSection(ProjectDependencies) = postProject
		{8DE318E9-51D6-4887-957D-21B319A22390} = {8DE318E9-51D6-4887-957D-21B319A22390}
	EndProjectSection
EndProject
Project("{2150E333-8FDC-42A3-9474-1A3956D46DE8}") = "Ephemeris", "Ephemeris", "{CA1D971E-D8B7-48DE-8B82-11F28DD46935}"
EndProject
Project("{2150E333-8FDC-42A3-9474-1A3956D46DE8}") = "OcclusionQuery", "OcclusionQuery", "{EA7E8909-B5F5-45AB-9340-9D27BF685865}"
EndProject
Project("{2150E333-8FDC-42A3-9474-1A3956D46DE8}") = "apps", "apps", "{65FE263F-BB09-4BC1-970F-6BA9EBA8E736}"
EndProject
Project("{2150E333-8FDC-42A3-9474-1A3956D46DE8}") = "ves", "ves", "{87293693-F977-471F-BB58-993857782FFD}"
EndProject
Project("{2150E333-8FDC-42A3-9474-1A3956D46DE8}") = "builder", "builder", "{38E9B9E1-6F97-4AAD-AF48-DCA78CB545CB}"
EndProject
Project("{2150E333-8FDC-42A3-9474-1A3956D46DE8}") = "ce", "ce", "{30E276A8-617C-465D-8790-A99BA4EA3841}"
EndProject
Project("{2150E333-8FDC-42A3-9474-1A3956D46DE8}") = "conductor", "conductor", "{381189EB-0D9C-4D63-810C-D82645F9E2AC}"
EndProject
Project("{2150E333-8FDC-42A3-9474-1A3956D46DE8}") = "open", "open", "{0D7649A6-DAA4-49ED-8845-E830F7B89997}"
EndProject
Project("{2150E333-8FDC-42A3-9474-1A3956D46DE8}") = "util", "util", "{C523E057-2389-405D-A1F5-D881212431A3}"
EndProject
Project("{2150E333-8FDC-42A3-9474-1A3956D46DE8}") = "xplorer", "xplorer", "{F1C25499-8B2C-45B8-AC49-D49CA1DBE609}"
EndProject
Project("{8BC9CEB8-8B4A-11D0-8D11-00A0C91BC942}") = "unitwrapper", "src\ves\ce\unitwrapper\UnitWrapper.vcproj", "{DFAB3564-91AE-4584-A411-239EF0C1E813}"
	ProjectSection(ProjectDependencies) = postProject
		{CBDB8E7A-4286-4AE3-A190-BA33D7C53FF0} = {CBDB8E7A-4286-4AE3-A190-BA33D7C53FF0}
		{92349120-95F6-4313-BC18-26DBA7B9FE5B} = {92349120-95F6-4313-BC18-26DBA7B9FE5B}
		{4435AF07-AB56-40D3-B2A8-9700253E91BC} = {4435AF07-AB56-40D3-B2A8-9700253E91BC}
	EndProjectSection
EndProject
Project("{8BC9CEB8-8B4A-11D0-8D11-00A0C91BC942}") = "util", "src\ves\ce\util\util.vcproj", "{3ADA598D-7DFD-3226-43E9-68528528A716}"
	ProjectSection(ProjectDependencies) = postProject
		{4435AF07-AB56-40D3-B2A8-9700253E91BC} = {4435AF07-AB56-40D3-B2A8-9700253E91BC}
		{92349120-95F6-4313-BC18-26DBA7B9FE5B} = {92349120-95F6-4313-BC18-26DBA7B9FE5B}
		{CBDB8E7A-4286-4AE3-A190-BA33D7C53FF0} = {CBDB8E7A-4286-4AE3-A190-BA33D7C53FF0}
	EndProjectSection
EndProject
Project("{8BC9CEB8-8B4A-11D0-8D11-00A0C91BC942}") = "idl", "src\ves\open\ves_idl.vcproj", "{92349120-95F6-4313-BC18-26DBA7B9FE5B}"
EndProject
Project("{8BC9CEB8-8B4A-11D0-8D11-00A0C91BC942}") = "xml", "src\ves\open\xml\ves_xml.vcproj", "{4435AF07-AB56-40D3-B2A8-9700253E91BC}"
	ProjectSection(ProjectDependencies) = postProject
		{CBDB8E7A-4286-4AE3-A190-BA33D7C53FF0} = {CBDB8E7A-4286-4AE3-A190-BA33D7C53FF0}
	EndProjectSection
EndProject
Project("{8BC9CEB8-8B4A-11D0-8D11-00A0C91BC942}") = "conductor", "src\ves\conductor\ves_conductor.vcproj", "{14AAF533-2297-4D25-84BC-2D2F96D0288E}"
	ProjectSection(ProjectDependencies) = postProject
		{4435AF07-AB56-40D3-B2A8-9700253E91BC} = {4435AF07-AB56-40D3-B2A8-9700253E91BC}
		{CBDB8E7A-4286-4AE3-A190-BA33D7C53FF0} = {CBDB8E7A-4286-4AE3-A190-BA33D7C53FF0}
		{92349120-95F6-4313-BC18-26DBA7B9FE5B} = {92349120-95F6-4313-BC18-26DBA7B9FE5B}
	EndProjectSection
EndProject
Project("{8BC9CEB8-8B4A-11D0-8D11-00A0C91BC942}") = "volume", "src\ves\xplorer\volume\volume.vcproj", "{5D9B9762-0C0C-4C75-B8E6-54D3FA895BAE}"
	ProjectSection(ProjectDependencies) = postProject
		{B55B9938-B680-4F52-A9A0-C1C8E0928CAC} = {B55B9938-B680-4F52-A9A0-C1C8E0928CAC}
	EndProjectSection
EndProject
Project("{8BC9CEB8-8B4A-11D0-8D11-00A0C91BC942}") = "util", "src\ves\xplorer\util\util.vcproj", "{B55B9938-B680-4F52-A9A0-C1C8E0928CAC}"
EndProject
Project("{8BC9CEB8-8B4A-11D0-8D11-00A0C91BC942}") = "scenegraph", "src\ves\xplorer\scenegraph\scenegraph.vcproj", "{06EC408A-78B9-44BE-951C-D053393803FD}"
	ProjectSection(ProjectDependencies) = postProject
		{B55B9938-B680-4F52-A9A0-C1C8E0928CAC} = {B55B9938-B680-4F52-A9A0-C1C8E0928CAC}
		{602AF001-E230-4F51-846C-042ABF2EDA2D} = {602AF001-E230-4F51-846C-042ABF2EDA2D}
		{26FF23B9-E291-4225-896D-85A90846AE4D} = {26FF23B9-E291-4225-896D-85A90846AE4D}
		{700968D6-9D5B-4942-9854-E01C1FDEB98B} = {700968D6-9D5B-4942-9854-E01C1FDEB98B}
	EndProjectSection
EndProject
Project("{2150E333-8FDC-42A3-9474-1A3956D46DE8}") = "scenegraph", "scenegraph", "{0CE314DE-0304-4596-A854-9013B01B2771}"
EndProject
Project("{8BC9CEB8-8B4A-11D0-8D11-00A0C91BC942}") = "util", "src\ves\xplorer\scenegraph\util\util.vcproj", "{36A8A513-4314-43AD-8CE2-E3656BF09D24}"
	ProjectSection(ProjectDependencies) = postProject
		{CBDB8E7A-4286-4AE3-A190-BA33D7C53FF0} = {CBDB8E7A-4286-4AE3-A190-BA33D7C53FF0}
		{4435AF07-AB56-40D3-B2A8-9700253E91BC} = {4435AF07-AB56-40D3-B2A8-9700253E91BC}
	EndProjectSection
EndProject
Project("{8BC9CEB8-8B4A-11D0-8D11-00A0C91BC942}") = "nurbs", "src\ves\xplorer\scenegraph\nurbs\nurbs.vcproj", "{602AF001-E230-4F51-846C-042ABF2EDA2D}"
EndProject
Project("{2150E333-8FDC-42A3-9474-1A3956D46DE8}") = "nurbs", "nurbs", "{DEA38BFC-0DBC-465C-84DC-9FE25D62C8D2}"
EndProject
Project("{8BC9CEB8-8B4A-11D0-8D11-00A0C91BC942}") = "util", "src\ves\xplorer\scenegraph\nurbs\util\util.vcproj", "{700968D6-9D5B-4942-9854-E01C1FDEB98B}"
	ProjectSection(ProjectDependencies) = postProject
		{602AF001-E230-4F51-846C-042ABF2EDA2D} = {602AF001-E230-4F51-846C-042ABF2EDA2D}
	EndProjectSection
EndProject
Project("{8BC9CEB8-8B4A-11D0-8D11-00A0C91BC942}") = "xplorer", "src\ves\xplorer\ves_xplorer.vcproj", "{03A8F7E0-E18C-4915-90A8-FFCFB1D775E3}"
	ProjectSection(ProjectDependencies) = postProject
		{92349120-95F6-4313-BC18-26DBA7B9FE5B} = {92349120-95F6-4313-BC18-26DBA7B9FE5B}
		{06EC408A-78B9-44BE-951C-D053393803FD} = {06EC408A-78B9-44BE-951C-D053393803FD}
		{CBDB8E7A-4286-4AE3-A190-BA33D7C53FF0} = {CBDB8E7A-4286-4AE3-A190-BA33D7C53FF0}
		{5D9B9762-0C0C-4C75-B8E6-54D3FA895BAE} = {5D9B9762-0C0C-4C75-B8E6-54D3FA895BAE}
		{B55B9938-B680-4F52-A9A0-C1C8E0928CAC} = {B55B9938-B680-4F52-A9A0-C1C8E0928CAC}
		{36A8A513-4314-43AD-8CE2-E3656BF09D24} = {36A8A513-4314-43AD-8CE2-E3656BF09D24}
		{00000E8F-0000-0000-0000-000000000000} = {00000E8F-0000-0000-0000-000000000000}
		{4435AF07-AB56-40D3-B2A8-9700253E91BC} = {4435AF07-AB56-40D3-B2A8-9700253E91BC}
	EndProjectSection
EndProject
Project("{8BC9CEB8-8B4A-11D0-8D11-00A0C91BC942}") = "dataloader", "src\ves\builder\DataLoader\DataLoader.vcproj", "{00000E8F-0000-0000-0000-000000000000}"
	ProjectSection(ProjectDependencies) = postProject
		{B55B9938-B680-4F52-A9A0-C1C8E0928CAC} = {B55B9938-B680-4F52-A9A0-C1C8E0928CAC}
		{C3E4EC67-9496-4391-A1B2-8179B3954E9D} = {C3E4EC67-9496-4391-A1B2-8179B3954E9D}
	EndProjectSection
EndProject
Project("{8BC9CEB8-8B4A-11D0-8D11-00A0C91BC942}") = "translatorToVTK", "src\ves\builder\cfdTranslatorToVTK\cfdTranslatorToVTK.vcproj", "{C3E4EC67-9496-4391-A1B2-8179B3954E9D}"
	ProjectSection(ProjectDependencies) = postProject
		{B55B9938-B680-4F52-A9A0-C1C8E0928CAC} = {B55B9938-B680-4F52-A9A0-C1C8E0928CAC}
	EndProjectSection
EndProject
Project("{8BC9CEB8-8B4A-11D0-8D11-00A0C91BC942}") = "ce", "src\apps\ce\ves_ce.vcproj", "{E96F21F0-C5EF-43F0-9643-154D3BB96118}"
	ProjectSection(ProjectDependencies) = postProject
		{92349120-95F6-4313-BC18-26DBA7B9FE5B} = {92349120-95F6-4313-BC18-26DBA7B9FE5B}
		{CBDB8E7A-4286-4AE3-A190-BA33D7C53FF0} = {CBDB8E7A-4286-4AE3-A190-BA33D7C53FF0}
		{3ADA598D-7DFD-3226-43E9-68528528A716} = {3ADA598D-7DFD-3226-43E9-68528528A716}
		{4435AF07-AB56-40D3-B2A8-9700253E91BC} = {4435AF07-AB56-40D3-B2A8-9700253E91BC}
	EndProjectSection
EndProject
Project("{8BC9CEB8-8B4A-11D0-8D11-00A0C91BC942}") = "conductor", "src\apps\conductor\conductor.vcproj", "{B3C037F6-CB88-4A0F-BA91-25AF2D8DA88B}"
	ProjectSection(ProjectDependencies) = postProject
		{14AAF533-2297-4D25-84BC-2D2F96D0288E} = {14AAF533-2297-4D25-84BC-2D2F96D0288E}
		{92349120-95F6-4313-BC18-26DBA7B9FE5B} = {92349120-95F6-4313-BC18-26DBA7B9FE5B}
		{CBDB8E7A-4286-4AE3-A190-BA33D7C53FF0} = {CBDB8E7A-4286-4AE3-A190-BA33D7C53FF0}
		{4435AF07-AB56-40D3-B2A8-9700253E91BC} = {4435AF07-AB56-40D3-B2A8-9700253E91BC}
	EndProjectSection
EndProject
Project("{8BC9CEB8-8B4A-11D0-8D11-00A0C91BC942}") = "xplorer", "src\apps\xplorer\xplorer.vcproj", "{231CF3B6-1032-4457-8A99-B1D43609ADF8}"
	ProjectSection(ProjectDependencies) = postProject
		{4435AF07-AB56-40D3-B2A8-9700253E91BC} = {4435AF07-AB56-40D3-B2A8-9700253E91BC}
		{92349120-95F6-4313-BC18-26DBA7B9FE5B} = {92349120-95F6-4313-BC18-26DBA7B9FE5B}
		{5D9B9762-0C0C-4C75-B8E6-54D3FA895BAE} = {5D9B9762-0C0C-4C75-B8E6-54D3FA895BAE}
		{06EC408A-78B9-44BE-951C-D053393803FD} = {06EC408A-78B9-44BE-951C-D053393803FD}
		{CBDB8E7A-4286-4AE3-A190-BA33D7C53FF0} = {CBDB8E7A-4286-4AE3-A190-BA33D7C53FF0}
		{03A8F7E0-E18C-4915-90A8-FFCFB1D775E3} = {03A8F7E0-E18C-4915-90A8-FFCFB1D775E3}
	EndProjectSection
EndProject
Global
	GlobalSection(SolutionConfigurationPlatforms) = preSolution
		Builder_Tools_Debug|Win32 = Builder_Tools_Debug|Win32
		Builder_Tools_Release|Win32 = Builder_Tools_Release|Win32
		Debug|Win32 = Debug|Win32
		osg_dbg|Win32 = osg_dbg|Win32
		osg_vep_cluster_dbg|Win32 = osg_vep_cluster_dbg|Win32
		osg_vep_dbg|Win32 = osg_vep_dbg|Win32
		Release|Win32 = Release|Win32
		VE-Suite_Debug|Win32 = VE-Suite_Debug|Win32
		VE-Suite_Release|Win32 = VE-Suite_Release|Win32
	EndGlobalSection
	GlobalSection(ProjectConfigurationPlatforms) = postSolution
		{E18B55CA-745E-4EBC-9056-85CA897EE690}.Builder_Tools_Debug|Win32.ActiveCfg = Debug|Win32
		{E18B55CA-745E-4EBC-9056-85CA897EE690}.Builder_Tools_Release|Win32.ActiveCfg = Release|Win32
		{E18B55CA-745E-4EBC-9056-85CA897EE690}.Debug|Win32.ActiveCfg = Debug|Win32
		{E18B55CA-745E-4EBC-9056-85CA897EE690}.Debug|Win32.Build.0 = Debug|Win32
		{E18B55CA-745E-4EBC-9056-85CA897EE690}.osg_dbg|Win32.ActiveCfg = Release|Win32
		{E18B55CA-745E-4EBC-9056-85CA897EE690}.osg_vep_cluster_dbg|Win32.ActiveCfg = Release|Win32
		{E18B55CA-745E-4EBC-9056-85CA897EE690}.osg_vep_dbg|Win32.ActiveCfg = Release|Win32
		{E18B55CA-745E-4EBC-9056-85CA897EE690}.Release|Win32.ActiveCfg = Release|Win32
		{E18B55CA-745E-4EBC-9056-85CA897EE690}.Release|Win32.Build.0 = Release|Win32
		{E18B55CA-745E-4EBC-9056-85CA897EE690}.VE-Suite_Debug|Win32.ActiveCfg = Debug|Win32
		{E18B55CA-745E-4EBC-9056-85CA897EE690}.VE-Suite_Debug|Win32.Build.0 = Debug|Win32
		{E18B55CA-745E-4EBC-9056-85CA897EE690}.VE-Suite_Release|Win32.ActiveCfg = Release|Win32
		{E18B55CA-745E-4EBC-9056-85CA897EE690}.VE-Suite_Release|Win32.Build.0 = Release|Win32
		{6EB56A33-7EB4-43B4-A5EB-F11FB470B77F}.Builder_Tools_Debug|Win32.ActiveCfg = Debug|Win32
		{6EB56A33-7EB4-43B4-A5EB-F11FB470B77F}.Builder_Tools_Release|Win32.ActiveCfg = Release|Win32
		{6EB56A33-7EB4-43B4-A5EB-F11FB470B77F}.Debug|Win32.ActiveCfg = Debug|Win32
		{6EB56A33-7EB4-43B4-A5EB-F11FB470B77F}.Debug|Win32.Build.0 = Debug|Win32
		{6EB56A33-7EB4-43B4-A5EB-F11FB470B77F}.osg_dbg|Win32.ActiveCfg = Release|Win32
		{6EB56A33-7EB4-43B4-A5EB-F11FB470B77F}.osg_vep_cluster_dbg|Win32.ActiveCfg = Release|Win32
		{6EB56A33-7EB4-43B4-A5EB-F11FB470B77F}.osg_vep_dbg|Win32.ActiveCfg = Release|Win32
		{6EB56A33-7EB4-43B4-A5EB-F11FB470B77F}.Release|Win32.ActiveCfg = Release|Win32
		{6EB56A33-7EB4-43B4-A5EB-F11FB470B77F}.Release|Win32.Build.0 = Release|Win32
		{6EB56A33-7EB4-43B4-A5EB-F11FB470B77F}.VE-Suite_Debug|Win32.ActiveCfg = Debug|Win32
		{6EB56A33-7EB4-43B4-A5EB-F11FB470B77F}.VE-Suite_Debug|Win32.Build.0 = Debug|Win32
		{6EB56A33-7EB4-43B4-A5EB-F11FB470B77F}.VE-Suite_Release|Win32.ActiveCfg = Release|Win32
		{6EB56A33-7EB4-43B4-A5EB-F11FB470B77F}.VE-Suite_Release|Win32.Build.0 = Release|Win32
		{CBDB8E7A-4286-4AE3-A190-BA33D7C53FF0}.Builder_Tools_Debug|Win32.ActiveCfg = Debug|Win32
		{CBDB8E7A-4286-4AE3-A190-BA33D7C53FF0}.Builder_Tools_Release|Win32.ActiveCfg = Release|Win32
		{CBDB8E7A-4286-4AE3-A190-BA33D7C53FF0}.Debug|Win32.ActiveCfg = Debug|Win32
		{CBDB8E7A-4286-4AE3-A190-BA33D7C53FF0}.Debug|Win32.Build.0 = Debug|Win32
		{CBDB8E7A-4286-4AE3-A190-BA33D7C53FF0}.osg_dbg|Win32.ActiveCfg = Release|Win32
		{CBDB8E7A-4286-4AE3-A190-BA33D7C53FF0}.osg_dbg|Win32.Build.0 = Release|Win32
		{CBDB8E7A-4286-4AE3-A190-BA33D7C53FF0}.osg_vep_cluster_dbg|Win32.ActiveCfg = Release|Win32
		{CBDB8E7A-4286-4AE3-A190-BA33D7C53FF0}.osg_vep_cluster_dbg|Win32.Build.0 = Release|Win32
		{CBDB8E7A-4286-4AE3-A190-BA33D7C53FF0}.osg_vep_dbg|Win32.ActiveCfg = Release|Win32
		{CBDB8E7A-4286-4AE3-A190-BA33D7C53FF0}.osg_vep_dbg|Win32.Build.0 = Release|Win32
		{CBDB8E7A-4286-4AE3-A190-BA33D7C53FF0}.Release|Win32.ActiveCfg = Release|Win32
		{CBDB8E7A-4286-4AE3-A190-BA33D7C53FF0}.Release|Win32.Build.0 = Release|Win32
		{CBDB8E7A-4286-4AE3-A190-BA33D7C53FF0}.VE-Suite_Debug|Win32.ActiveCfg = Debug|Win32
		{CBDB8E7A-4286-4AE3-A190-BA33D7C53FF0}.VE-Suite_Debug|Win32.Build.0 = Debug|Win32
		{CBDB8E7A-4286-4AE3-A190-BA33D7C53FF0}.VE-Suite_Release|Win32.ActiveCfg = Release|Win32
		{CBDB8E7A-4286-4AE3-A190-BA33D7C53FF0}.VE-Suite_Release|Win32.Build.0 = Release|Win32
		{BBC00B8E-203B-44CD-8D7B-0CE058E19E54}.Builder_Tools_Debug|Win32.ActiveCfg = Debug|Win32
		{BBC00B8E-203B-44CD-8D7B-0CE058E19E54}.Builder_Tools_Release|Win32.ActiveCfg = Release|Win32
		{BBC00B8E-203B-44CD-8D7B-0CE058E19E54}.Debug|Win32.ActiveCfg = Debug|Win32
		{BBC00B8E-203B-44CD-8D7B-0CE058E19E54}.Debug|Win32.Build.0 = Debug|Win32
		{BBC00B8E-203B-44CD-8D7B-0CE058E19E54}.osg_dbg|Win32.ActiveCfg = Release|Win32
		{BBC00B8E-203B-44CD-8D7B-0CE058E19E54}.osg_dbg|Win32.Build.0 = Release|Win32
		{BBC00B8E-203B-44CD-8D7B-0CE058E19E54}.osg_vep_cluster_dbg|Win32.ActiveCfg = Release|Win32
		{BBC00B8E-203B-44CD-8D7B-0CE058E19E54}.osg_vep_cluster_dbg|Win32.Build.0 = Release|Win32
		{BBC00B8E-203B-44CD-8D7B-0CE058E19E54}.osg_vep_dbg|Win32.ActiveCfg = Release|Win32
		{BBC00B8E-203B-44CD-8D7B-0CE058E19E54}.osg_vep_dbg|Win32.Build.0 = Release|Win32
		{BBC00B8E-203B-44CD-8D7B-0CE058E19E54}.Release|Win32.ActiveCfg = Release|Win32
		{BBC00B8E-203B-44CD-8D7B-0CE058E19E54}.VE-Suite_Debug|Win32.ActiveCfg = Debug|Win32
		{BBC00B8E-203B-44CD-8D7B-0CE058E19E54}.VE-Suite_Release|Win32.ActiveCfg = Release|Win32
		{26FF23B9-E291-4225-896D-85A90846AE4D}.Builder_Tools_Debug|Win32.ActiveCfg = Debug|Win32
		{26FF23B9-E291-4225-896D-85A90846AE4D}.Builder_Tools_Release|Win32.ActiveCfg = Release|Win32
		{26FF23B9-E291-4225-896D-85A90846AE4D}.Debug|Win32.ActiveCfg = Debug|Win32
		{26FF23B9-E291-4225-896D-85A90846AE4D}.Debug|Win32.Build.0 = Debug|Win32
		{26FF23B9-E291-4225-896D-85A90846AE4D}.osg_dbg|Win32.ActiveCfg = Release|Win32
		{26FF23B9-E291-4225-896D-85A90846AE4D}.osg_dbg|Win32.Build.0 = Release|Win32
		{26FF23B9-E291-4225-896D-85A90846AE4D}.osg_vep_cluster_dbg|Win32.ActiveCfg = Release|Win32
		{26FF23B9-E291-4225-896D-85A90846AE4D}.osg_vep_cluster_dbg|Win32.Build.0 = Release|Win32
		{26FF23B9-E291-4225-896D-85A90846AE4D}.osg_vep_dbg|Win32.ActiveCfg = Release|Win32
		{26FF23B9-E291-4225-896D-85A90846AE4D}.osg_vep_dbg|Win32.Build.0 = Release|Win32
		{26FF23B9-E291-4225-896D-85A90846AE4D}.Release|Win32.ActiveCfg = Release|Win32
		{26FF23B9-E291-4225-896D-85A90846AE4D}.Release|Win32.Build.0 = Release|Win32
		{26FF23B9-E291-4225-896D-85A90846AE4D}.VE-Suite_Debug|Win32.ActiveCfg = Debug|Win32
		{26FF23B9-E291-4225-896D-85A90846AE4D}.VE-Suite_Debug|Win32.Build.0 = Debug|Win32
		{26FF23B9-E291-4225-896D-85A90846AE4D}.VE-Suite_Release|Win32.ActiveCfg = Release|Win32
		{26FF23B9-E291-4225-896D-85A90846AE4D}.VE-Suite_Release|Win32.Build.0 = Release|Win32
		{C994F084-C6CB-4824-89C3-E05A55985479}.Builder_Tools_Debug|Win32.ActiveCfg = Debug|Win32
		{C994F084-C6CB-4824-89C3-E05A55985479}.Builder_Tools_Release|Win32.ActiveCfg = Release|Win32
		{C994F084-C6CB-4824-89C3-E05A55985479}.Debug|Win32.ActiveCfg = Debug|Win32
		{C994F084-C6CB-4824-89C3-E05A55985479}.Debug|Win32.Build.0 = Debug|Win32
		{C994F084-C6CB-4824-89C3-E05A55985479}.osg_dbg|Win32.ActiveCfg = Release|Win32
		{C994F084-C6CB-4824-89C3-E05A55985479}.osg_dbg|Win32.Build.0 = Release|Win32
		{C994F084-C6CB-4824-89C3-E05A55985479}.osg_vep_cluster_dbg|Win32.ActiveCfg = Release|Win32
		{C994F084-C6CB-4824-89C3-E05A55985479}.osg_vep_cluster_dbg|Win32.Build.0 = Release|Win32
		{C994F084-C6CB-4824-89C3-E05A55985479}.osg_vep_dbg|Win32.ActiveCfg = Release|Win32
		{C994F084-C6CB-4824-89C3-E05A55985479}.osg_vep_dbg|Win32.Build.0 = Release|Win32
		{C994F084-C6CB-4824-89C3-E05A55985479}.Release|Win32.ActiveCfg = Release|Win32
		{C994F084-C6CB-4824-89C3-E05A55985479}.Release|Win32.Build.0 = Release|Win32
		{C994F084-C6CB-4824-89C3-E05A55985479}.VE-Suite_Debug|Win32.ActiveCfg = Debug|Win32
		{C994F084-C6CB-4824-89C3-E05A55985479}.VE-Suite_Debug|Win32.Build.0 = Debug|Win32
		{C994F084-C6CB-4824-89C3-E05A55985479}.VE-Suite_Release|Win32.ActiveCfg = Release|Win32
		{C994F084-C6CB-4824-89C3-E05A55985479}.VE-Suite_Release|Win32.Build.0 = Release|Win32
		{B9333CB0-720E-4B53-B4D7-CD2F0165872D}.Builder_Tools_Debug|Win32.ActiveCfg = Debug|Win32
		{B9333CB0-720E-4B53-B4D7-CD2F0165872D}.Builder_Tools_Release|Win32.ActiveCfg = Release|Win32
		{B9333CB0-720E-4B53-B4D7-CD2F0165872D}.Debug|Win32.ActiveCfg = Debug|Win32
		{B9333CB0-720E-4B53-B4D7-CD2F0165872D}.Debug|Win32.Build.0 = Debug|Win32
		{B9333CB0-720E-4B53-B4D7-CD2F0165872D}.osg_dbg|Win32.ActiveCfg = Release|Win32
		{B9333CB0-720E-4B53-B4D7-CD2F0165872D}.osg_dbg|Win32.Build.0 = Release|Win32
		{B9333CB0-720E-4B53-B4D7-CD2F0165872D}.osg_vep_cluster_dbg|Win32.ActiveCfg = Release|Win32
		{B9333CB0-720E-4B53-B4D7-CD2F0165872D}.osg_vep_cluster_dbg|Win32.Build.0 = Release|Win32
		{B9333CB0-720E-4B53-B4D7-CD2F0165872D}.osg_vep_dbg|Win32.ActiveCfg = Release|Win32
		{B9333CB0-720E-4B53-B4D7-CD2F0165872D}.osg_vep_dbg|Win32.Build.0 = Release|Win32
		{B9333CB0-720E-4B53-B4D7-CD2F0165872D}.Release|Win32.ActiveCfg = Release|Win32
		{B9333CB0-720E-4B53-B4D7-CD2F0165872D}.VE-Suite_Debug|Win32.ActiveCfg = Debug|Win32
		{B9333CB0-720E-4B53-B4D7-CD2F0165872D}.VE-Suite_Release|Win32.ActiveCfg = Release|Win32
		{0C84FC8A-4031-483C-A412-74315636E193}.Builder_Tools_Debug|Win32.ActiveCfg = Debug|Win32
		{0C84FC8A-4031-483C-A412-74315636E193}.Builder_Tools_Release|Win32.ActiveCfg = Release|Win32
		{0C84FC8A-4031-483C-A412-74315636E193}.Debug|Win32.ActiveCfg = Debug|Win32
		{0C84FC8A-4031-483C-A412-74315636E193}.Debug|Win32.Build.0 = Debug|Win32
		{0C84FC8A-4031-483C-A412-74315636E193}.osg_dbg|Win32.ActiveCfg = Release|Win32
		{0C84FC8A-4031-483C-A412-74315636E193}.osg_dbg|Win32.Build.0 = Release|Win32
		{0C84FC8A-4031-483C-A412-74315636E193}.osg_vep_cluster_dbg|Win32.ActiveCfg = Release|Win32
		{0C84FC8A-4031-483C-A412-74315636E193}.osg_vep_cluster_dbg|Win32.Build.0 = Release|Win32
		{0C84FC8A-4031-483C-A412-74315636E193}.osg_vep_dbg|Win32.ActiveCfg = Release|Win32
		{0C84FC8A-4031-483C-A412-74315636E193}.osg_vep_dbg|Win32.Build.0 = Release|Win32
		{0C84FC8A-4031-483C-A412-74315636E193}.Release|Win32.ActiveCfg = Release|Win32
		{0C84FC8A-4031-483C-A412-74315636E193}.VE-Suite_Debug|Win32.ActiveCfg = Debug|Win32
		{0C84FC8A-4031-483C-A412-74315636E193}.VE-Suite_Release|Win32.ActiveCfg = Release|Win32
		{4EB38BEB-B65E-480B-B5C9-1F8A4CC650CD}.Builder_Tools_Debug|Win32.ActiveCfg = Debug|Win32
		{4EB38BEB-B65E-480B-B5C9-1F8A4CC650CD}.Builder_Tools_Release|Win32.ActiveCfg = Release|Win32
		{4EB38BEB-B65E-480B-B5C9-1F8A4CC650CD}.Debug|Win32.ActiveCfg = Debug|Win32
		{4EB38BEB-B65E-480B-B5C9-1F8A4CC650CD}.Debug|Win32.Build.0 = Debug|Win32
		{4EB38BEB-B65E-480B-B5C9-1F8A4CC650CD}.osg_dbg|Win32.ActiveCfg = Release|Win32
		{4EB38BEB-B65E-480B-B5C9-1F8A4CC650CD}.osg_dbg|Win32.Build.0 = Release|Win32
		{4EB38BEB-B65E-480B-B5C9-1F8A4CC650CD}.osg_vep_cluster_dbg|Win32.ActiveCfg = Release|Win32
		{4EB38BEB-B65E-480B-B5C9-1F8A4CC650CD}.osg_vep_cluster_dbg|Win32.Build.0 = Release|Win32
		{4EB38BEB-B65E-480B-B5C9-1F8A4CC650CD}.osg_vep_dbg|Win32.ActiveCfg = Release|Win32
		{4EB38BEB-B65E-480B-B5C9-1F8A4CC650CD}.osg_vep_dbg|Win32.Build.0 = Release|Win32
		{4EB38BEB-B65E-480B-B5C9-1F8A4CC650CD}.Release|Win32.ActiveCfg = Release|Win32
		{4EB38BEB-B65E-480B-B5C9-1F8A4CC650CD}.VE-Suite_Debug|Win32.ActiveCfg = Debug|Win32
		{4EB38BEB-B65E-480B-B5C9-1F8A4CC650CD}.VE-Suite_Release|Win32.ActiveCfg = Release|Win32
		{8DE318E9-51D6-4887-957D-21B319A22390}.Builder_Tools_Debug|Win32.ActiveCfg = Debug|Win32
		{8DE318E9-51D6-4887-957D-21B319A22390}.Builder_Tools_Release|Win32.ActiveCfg = Release|Win32
		{8DE318E9-51D6-4887-957D-21B319A22390}.Debug|Win32.ActiveCfg = Debug|Win32
		{8DE318E9-51D6-4887-957D-21B319A22390}.Debug|Win32.Build.0 = Debug|Win32
		{8DE318E9-51D6-4887-957D-21B319A22390}.osg_dbg|Win32.ActiveCfg = Release|Win32
		{8DE318E9-51D6-4887-957D-21B319A22390}.osg_dbg|Win32.Build.0 = Release|Win32
		{8DE318E9-51D6-4887-957D-21B319A22390}.osg_vep_cluster_dbg|Win32.ActiveCfg = Release|Win32
		{8DE318E9-51D6-4887-957D-21B319A22390}.osg_vep_cluster_dbg|Win32.Build.0 = Release|Win32
		{8DE318E9-51D6-4887-957D-21B319A22390}.osg_vep_dbg|Win32.ActiveCfg = Release|Win32
		{8DE318E9-51D6-4887-957D-21B319A22390}.osg_vep_dbg|Win32.Build.0 = Release|Win32
		{8DE318E9-51D6-4887-957D-21B319A22390}.Release|Win32.ActiveCfg = Release|Win32
		{8DE318E9-51D6-4887-957D-21B319A22390}.Release|Win32.Build.0 = Release|Win32
		{8DE318E9-51D6-4887-957D-21B319A22390}.VE-Suite_Debug|Win32.ActiveCfg = Debug|Win32
		{8DE318E9-51D6-4887-957D-21B319A22390}.VE-Suite_Debug|Win32.Build.0 = Debug|Win32
		{8DE318E9-51D6-4887-957D-21B319A22390}.VE-Suite_Release|Win32.ActiveCfg = Release|Win32
		{8DE318E9-51D6-4887-957D-21B319A22390}.VE-Suite_Release|Win32.Build.0 = Release|Win32
		{B7191373-AF3D-49DE-880B-5A41A1629861}.Builder_Tools_Debug|Win32.ActiveCfg = Debug|Win32
		{B7191373-AF3D-49DE-880B-5A41A1629861}.Builder_Tools_Release|Win32.ActiveCfg = Release|Win32
		{B7191373-AF3D-49DE-880B-5A41A1629861}.Debug|Win32.ActiveCfg = Debug|Win32
		{B7191373-AF3D-49DE-880B-5A41A1629861}.Debug|Win32.Build.0 = Debug|Win32
		{B7191373-AF3D-49DE-880B-5A41A1629861}.osg_dbg|Win32.ActiveCfg = Release|Win32
		{B7191373-AF3D-49DE-880B-5A41A1629861}.osg_dbg|Win32.Build.0 = Release|Win32
		{B7191373-AF3D-49DE-880B-5A41A1629861}.osg_vep_cluster_dbg|Win32.ActiveCfg = Release|Win32
		{B7191373-AF3D-49DE-880B-5A41A1629861}.osg_vep_cluster_dbg|Win32.Build.0 = Release|Win32
		{B7191373-AF3D-49DE-880B-5A41A1629861}.osg_vep_dbg|Win32.ActiveCfg = Release|Win32
		{B7191373-AF3D-49DE-880B-5A41A1629861}.osg_vep_dbg|Win32.Build.0 = Release|Win32
		{B7191373-AF3D-49DE-880B-5A41A1629861}.Release|Win32.ActiveCfg = Release|Win32
		{B7191373-AF3D-49DE-880B-5A41A1629861}.Release|Win32.Build.0 = Release|Win32
		{B7191373-AF3D-49DE-880B-5A41A1629861}.VE-Suite_Debug|Win32.ActiveCfg = Debug|Win32
		{B7191373-AF3D-49DE-880B-5A41A1629861}.VE-Suite_Debug|Win32.Build.0 = Debug|Win32
		{B7191373-AF3D-49DE-880B-5A41A1629861}.VE-Suite_Release|Win32.ActiveCfg = Release|Win32
		{B7191373-AF3D-49DE-880B-5A41A1629861}.VE-Suite_Release|Win32.Build.0 = Release|Win32
		{DFAB3564-91AE-4584-A411-239EF0C1E813}.Builder_Tools_Debug|Win32.ActiveCfg = Debug|Win32
		{DFAB3564-91AE-4584-A411-239EF0C1E813}.Builder_Tools_Debug|Win32.Build.0 = Debug|Win32
		{DFAB3564-91AE-4584-A411-239EF0C1E813}.Builder_Tools_Release|Win32.ActiveCfg = Release|Win32
		{DFAB3564-91AE-4584-A411-239EF0C1E813}.Builder_Tools_Release|Win32.Build.0 = Release|Win32
		{DFAB3564-91AE-4584-A411-239EF0C1E813}.Debug|Win32.ActiveCfg = Debug|Win32
		{DFAB3564-91AE-4584-A411-239EF0C1E813}.Debug|Win32.Build.0 = Debug|Win32
		{DFAB3564-91AE-4584-A411-239EF0C1E813}.osg_dbg|Win32.ActiveCfg = Release|Win32
		{DFAB3564-91AE-4584-A411-239EF0C1E813}.osg_dbg|Win32.Build.0 = Release|Win32
		{DFAB3564-91AE-4584-A411-239EF0C1E813}.osg_vep_cluster_dbg|Win32.ActiveCfg = Release|Win32
		{DFAB3564-91AE-4584-A411-239EF0C1E813}.osg_vep_cluster_dbg|Win32.Build.0 = Release|Win32
		{DFAB3564-91AE-4584-A411-239EF0C1E813}.osg_vep_dbg|Win32.ActiveCfg = Release|Win32
		{DFAB3564-91AE-4584-A411-239EF0C1E813}.osg_vep_dbg|Win32.Build.0 = Release|Win32
		{DFAB3564-91AE-4584-A411-239EF0C1E813}.Release|Win32.ActiveCfg = Release|Win32
		{DFAB3564-91AE-4584-A411-239EF0C1E813}.Release|Win32.Build.0 = Release|Win32
		{DFAB3564-91AE-4584-A411-239EF0C1E813}.VE-Suite_Debug|Win32.ActiveCfg = Debug|Win32
		{DFAB3564-91AE-4584-A411-239EF0C1E813}.VE-Suite_Debug|Win32.Build.0 = Debug|Win32
		{DFAB3564-91AE-4584-A411-239EF0C1E813}.VE-Suite_Release|Win32.ActiveCfg = Release|Win32
		{DFAB3564-91AE-4584-A411-239EF0C1E813}.VE-Suite_Release|Win32.Build.0 = Release|Win32
		{3ADA598D-7DFD-3226-43E9-68528528A716}.Builder_Tools_Debug|Win32.ActiveCfg = Debug|Win32
		{3ADA598D-7DFD-3226-43E9-68528528A716}.Builder_Tools_Debug|Win32.Build.0 = Debug|Win32
		{3ADA598D-7DFD-3226-43E9-68528528A716}.Builder_Tools_Release|Win32.ActiveCfg = Release|Win32
		{3ADA598D-7DFD-3226-43E9-68528528A716}.Builder_Tools_Release|Win32.Build.0 = Release|Win32
		{3ADA598D-7DFD-3226-43E9-68528528A716}.Debug|Win32.ActiveCfg = Debug|Win32
		{3ADA598D-7DFD-3226-43E9-68528528A716}.Debug|Win32.Build.0 = Debug|Win32
		{3ADA598D-7DFD-3226-43E9-68528528A716}.osg_dbg|Win32.ActiveCfg = Debug|Win32
		{3ADA598D-7DFD-3226-43E9-68528528A716}.osg_dbg|Win32.Build.0 = Debug|Win32
		{3ADA598D-7DFD-3226-43E9-68528528A716}.osg_vep_cluster_dbg|Win32.ActiveCfg = Debug|Win32
		{3ADA598D-7DFD-3226-43E9-68528528A716}.osg_vep_cluster_dbg|Win32.Build.0 = Debug|Win32
		{3ADA598D-7DFD-3226-43E9-68528528A716}.osg_vep_dbg|Win32.ActiveCfg = Debug|Win32
		{3ADA598D-7DFD-3226-43E9-68528528A716}.osg_vep_dbg|Win32.Build.0 = Debug|Win32
		{3ADA598D-7DFD-3226-43E9-68528528A716}.Release|Win32.ActiveCfg = Release|Win32
		{3ADA598D-7DFD-3226-43E9-68528528A716}.Release|Win32.Build.0 = Release|Win32
		{3ADA598D-7DFD-3226-43E9-68528528A716}.VE-Suite_Debug|Win32.ActiveCfg = Debug|Win32
		{3ADA598D-7DFD-3226-43E9-68528528A716}.VE-Suite_Debug|Win32.Build.0 = Debug|Win32
		{3ADA598D-7DFD-3226-43E9-68528528A716}.VE-Suite_Release|Win32.ActiveCfg = Release|Win32
		{3ADA598D-7DFD-3226-43E9-68528528A716}.VE-Suite_Release|Win32.Build.0 = Release|Win32
		{92349120-95F6-4313-BC18-26DBA7B9FE5B}.Builder_Tools_Debug|Win32.ActiveCfg = Debug|Win32
		{92349120-95F6-4313-BC18-26DBA7B9FE5B}.Builder_Tools_Debug|Win32.Build.0 = Debug|Win32
		{92349120-95F6-4313-BC18-26DBA7B9FE5B}.Builder_Tools_Release|Win32.ActiveCfg = Release|Win32
		{92349120-95F6-4313-BC18-26DBA7B9FE5B}.Builder_Tools_Release|Win32.Build.0 = Release|Win32
		{92349120-95F6-4313-BC18-26DBA7B9FE5B}.Debug|Win32.ActiveCfg = Debug|Win32
		{92349120-95F6-4313-BC18-26DBA7B9FE5B}.Debug|Win32.Build.0 = Debug|Win32
		{92349120-95F6-4313-BC18-26DBA7B9FE5B}.osg_dbg|Win32.ActiveCfg = Debug|Win32
		{92349120-95F6-4313-BC18-26DBA7B9FE5B}.osg_dbg|Win32.Build.0 = Debug|Win32
		{92349120-95F6-4313-BC18-26DBA7B9FE5B}.osg_vep_cluster_dbg|Win32.ActiveCfg = Debug|Win32
		{92349120-95F6-4313-BC18-26DBA7B9FE5B}.osg_vep_cluster_dbg|Win32.Build.0 = Debug|Win32
		{92349120-95F6-4313-BC18-26DBA7B9FE5B}.osg_vep_dbg|Win32.ActiveCfg = Debug|Win32
		{92349120-95F6-4313-BC18-26DBA7B9FE5B}.osg_vep_dbg|Win32.Build.0 = Debug|Win32
		{92349120-95F6-4313-BC18-26DBA7B9FE5B}.Release|Win32.ActiveCfg = Release|Win32
		{92349120-95F6-4313-BC18-26DBA7B9FE5B}.Release|Win32.Build.0 = Release|Win32
		{92349120-95F6-4313-BC18-26DBA7B9FE5B}.VE-Suite_Debug|Win32.ActiveCfg = Debug|Win32
		{92349120-95F6-4313-BC18-26DBA7B9FE5B}.VE-Suite_Debug|Win32.Build.0 = Debug|Win32
		{92349120-95F6-4313-BC18-26DBA7B9FE5B}.VE-Suite_Release|Win32.ActiveCfg = Release|Win32
		{92349120-95F6-4313-BC18-26DBA7B9FE5B}.VE-Suite_Release|Win32.Build.0 = Release|Win32
		{4435AF07-AB56-40D3-B2A8-9700253E91BC}.Builder_Tools_Debug|Win32.ActiveCfg = Debug|Win32
		{4435AF07-AB56-40D3-B2A8-9700253E91BC}.Builder_Tools_Debug|Win32.Build.0 = Debug|Win32
		{4435AF07-AB56-40D3-B2A8-9700253E91BC}.Builder_Tools_Release|Win32.ActiveCfg = Release|Win32
		{4435AF07-AB56-40D3-B2A8-9700253E91BC}.Builder_Tools_Release|Win32.Build.0 = Release|Win32
		{4435AF07-AB56-40D3-B2A8-9700253E91BC}.Debug|Win32.ActiveCfg = Debug|Win32
		{4435AF07-AB56-40D3-B2A8-9700253E91BC}.Debug|Win32.Build.0 = Debug|Win32
		{4435AF07-AB56-40D3-B2A8-9700253E91BC}.osg_dbg|Win32.ActiveCfg = Release|Win32
		{4435AF07-AB56-40D3-B2A8-9700253E91BC}.osg_dbg|Win32.Build.0 = Release|Win32
		{4435AF07-AB56-40D3-B2A8-9700253E91BC}.osg_vep_cluster_dbg|Win32.ActiveCfg = Release|Win32
		{4435AF07-AB56-40D3-B2A8-9700253E91BC}.osg_vep_cluster_dbg|Win32.Build.0 = Release|Win32
		{4435AF07-AB56-40D3-B2A8-9700253E91BC}.osg_vep_dbg|Win32.ActiveCfg = Release|Win32
		{4435AF07-AB56-40D3-B2A8-9700253E91BC}.osg_vep_dbg|Win32.Build.0 = Release|Win32
		{4435AF07-AB56-40D3-B2A8-9700253E91BC}.Release|Win32.ActiveCfg = Release|Win32
		{4435AF07-AB56-40D3-B2A8-9700253E91BC}.Release|Win32.Build.0 = Release|Win32
		{4435AF07-AB56-40D3-B2A8-9700253E91BC}.VE-Suite_Debug|Win32.ActiveCfg = Debug|Win32
		{4435AF07-AB56-40D3-B2A8-9700253E91BC}.VE-Suite_Debug|Win32.Build.0 = Debug|Win32
		{4435AF07-AB56-40D3-B2A8-9700253E91BC}.VE-Suite_Release|Win32.ActiveCfg = Release|Win32
		{4435AF07-AB56-40D3-B2A8-9700253E91BC}.VE-Suite_Release|Win32.Build.0 = Release|Win32
		{14AAF533-2297-4D25-84BC-2D2F96D0288E}.Builder_Tools_Debug|Win32.ActiveCfg = Debug|Win32
		{14AAF533-2297-4D25-84BC-2D2F96D0288E}.Builder_Tools_Debug|Win32.Build.0 = Debug|Win32
		{14AAF533-2297-4D25-84BC-2D2F96D0288E}.Builder_Tools_Release|Win32.ActiveCfg = Release|Win32
		{14AAF533-2297-4D25-84BC-2D2F96D0288E}.Builder_Tools_Release|Win32.Build.0 = Release|Win32
		{14AAF533-2297-4D25-84BC-2D2F96D0288E}.Debug|Win32.ActiveCfg = Debug|Win32
		{14AAF533-2297-4D25-84BC-2D2F96D0288E}.Debug|Win32.Build.0 = Debug|Win32
		{14AAF533-2297-4D25-84BC-2D2F96D0288E}.osg_dbg|Win32.ActiveCfg = Debug|Win32
		{14AAF533-2297-4D25-84BC-2D2F96D0288E}.osg_dbg|Win32.Build.0 = Debug|Win32
		{14AAF533-2297-4D25-84BC-2D2F96D0288E}.osg_vep_cluster_dbg|Win32.ActiveCfg = Debug|Win32
		{14AAF533-2297-4D25-84BC-2D2F96D0288E}.osg_vep_cluster_dbg|Win32.Build.0 = Debug|Win32
		{14AAF533-2297-4D25-84BC-2D2F96D0288E}.osg_vep_dbg|Win32.ActiveCfg = Debug|Win32
		{14AAF533-2297-4D25-84BC-2D2F96D0288E}.osg_vep_dbg|Win32.Build.0 = Debug|Win32
		{14AAF533-2297-4D25-84BC-2D2F96D0288E}.Release|Win32.ActiveCfg = Release|Win32
		{14AAF533-2297-4D25-84BC-2D2F96D0288E}.Release|Win32.Build.0 = Release|Win32
		{14AAF533-2297-4D25-84BC-2D2F96D0288E}.VE-Suite_Debug|Win32.ActiveCfg = Debug|Win32
		{14AAF533-2297-4D25-84BC-2D2F96D0288E}.VE-Suite_Debug|Win32.Build.0 = Debug|Win32
		{14AAF533-2297-4D25-84BC-2D2F96D0288E}.VE-Suite_Release|Win32.ActiveCfg = Release|Win32
		{14AAF533-2297-4D25-84BC-2D2F96D0288E}.VE-Suite_Release|Win32.Build.0 = Release|Win32
		{5D9B9762-0C0C-4C75-B8E6-54D3FA895BAE}.Builder_Tools_Debug|Win32.ActiveCfg = Debug|Win32
		{5D9B9762-0C0C-4C75-B8E6-54D3FA895BAE}.Builder_Tools_Debug|Win32.Build.0 = Debug|Win32
		{5D9B9762-0C0C-4C75-B8E6-54D3FA895BAE}.Builder_Tools_Release|Win32.ActiveCfg = Release|Win32
		{5D9B9762-0C0C-4C75-B8E6-54D3FA895BAE}.Builder_Tools_Release|Win32.Build.0 = Release|Win32
		{5D9B9762-0C0C-4C75-B8E6-54D3FA895BAE}.Debug|Win32.ActiveCfg = Debug|Win32
		{5D9B9762-0C0C-4C75-B8E6-54D3FA895BAE}.Debug|Win32.Build.0 = Debug|Win32
		{5D9B9762-0C0C-4C75-B8E6-54D3FA895BAE}.osg_dbg|Win32.ActiveCfg = Release|Win32
		{5D9B9762-0C0C-4C75-B8E6-54D3FA895BAE}.osg_dbg|Win32.Build.0 = Release|Win32
		{5D9B9762-0C0C-4C75-B8E6-54D3FA895BAE}.osg_vep_cluster_dbg|Win32.ActiveCfg = Release|Win32
		{5D9B9762-0C0C-4C75-B8E6-54D3FA895BAE}.osg_vep_cluster_dbg|Win32.Build.0 = Release|Win32
		{5D9B9762-0C0C-4C75-B8E6-54D3FA895BAE}.osg_vep_dbg|Win32.ActiveCfg = Release|Win32
		{5D9B9762-0C0C-4C75-B8E6-54D3FA895BAE}.osg_vep_dbg|Win32.Build.0 = Release|Win32
		{5D9B9762-0C0C-4C75-B8E6-54D3FA895BAE}.Release|Win32.ActiveCfg = Release|Win32
		{5D9B9762-0C0C-4C75-B8E6-54D3FA895BAE}.Release|Win32.Build.0 = Release|Win32
		{5D9B9762-0C0C-4C75-B8E6-54D3FA895BAE}.VE-Suite_Debug|Win32.ActiveCfg = Debug|Win32
		{5D9B9762-0C0C-4C75-B8E6-54D3FA895BAE}.VE-Suite_Debug|Win32.Build.0 = Debug|Win32
		{5D9B9762-0C0C-4C75-B8E6-54D3FA895BAE}.VE-Suite_Release|Win32.ActiveCfg = Release|Win32
		{5D9B9762-0C0C-4C75-B8E6-54D3FA895BAE}.VE-Suite_Release|Win32.Build.0 = Release|Win32
		{B55B9938-B680-4F52-A9A0-C1C8E0928CAC}.Builder_Tools_Debug|Win32.ActiveCfg = Debug|Win32
		{B55B9938-B680-4F52-A9A0-C1C8E0928CAC}.Builder_Tools_Debug|Win32.Build.0 = Debug|Win32
		{B55B9938-B680-4F52-A9A0-C1C8E0928CAC}.Builder_Tools_Release|Win32.ActiveCfg = Release|Win32
		{B55B9938-B680-4F52-A9A0-C1C8E0928CAC}.Builder_Tools_Release|Win32.Build.0 = Release|Win32
		{B55B9938-B680-4F52-A9A0-C1C8E0928CAC}.Debug|Win32.ActiveCfg = Debug|Win32
		{B55B9938-B680-4F52-A9A0-C1C8E0928CAC}.Debug|Win32.Build.0 = Debug|Win32
		{B55B9938-B680-4F52-A9A0-C1C8E0928CAC}.osg_dbg|Win32.ActiveCfg = Debug|Win32
		{B55B9938-B680-4F52-A9A0-C1C8E0928CAC}.osg_dbg|Win32.Build.0 = Debug|Win32
		{B55B9938-B680-4F52-A9A0-C1C8E0928CAC}.osg_vep_cluster_dbg|Win32.ActiveCfg = Debug|Win32
		{B55B9938-B680-4F52-A9A0-C1C8E0928CAC}.osg_vep_cluster_dbg|Win32.Build.0 = Debug|Win32
		{B55B9938-B680-4F52-A9A0-C1C8E0928CAC}.osg_vep_dbg|Win32.ActiveCfg = Debug|Win32
		{B55B9938-B680-4F52-A9A0-C1C8E0928CAC}.osg_vep_dbg|Win32.Build.0 = Debug|Win32
		{B55B9938-B680-4F52-A9A0-C1C8E0928CAC}.Release|Win32.ActiveCfg = Release|Win32
		{B55B9938-B680-4F52-A9A0-C1C8E0928CAC}.Release|Win32.Build.0 = Release|Win32
		{B55B9938-B680-4F52-A9A0-C1C8E0928CAC}.VE-Suite_Debug|Win32.ActiveCfg = Debug|Win32
		{B55B9938-B680-4F52-A9A0-C1C8E0928CAC}.VE-Suite_Debug|Win32.Build.0 = Debug|Win32
		{B55B9938-B680-4F52-A9A0-C1C8E0928CAC}.VE-Suite_Release|Win32.ActiveCfg = Release|Win32
		{B55B9938-B680-4F52-A9A0-C1C8E0928CAC}.VE-Suite_Release|Win32.Build.0 = Release|Win32
		{06EC408A-78B9-44BE-951C-D053393803FD}.Builder_Tools_Debug|Win32.ActiveCfg = Debug|Win32
		{06EC408A-78B9-44BE-951C-D053393803FD}.Builder_Tools_Debug|Win32.Build.0 = Debug|Win32
		{06EC408A-78B9-44BE-951C-D053393803FD}.Builder_Tools_Release|Win32.ActiveCfg = Release|Win32
		{06EC408A-78B9-44BE-951C-D053393803FD}.Builder_Tools_Release|Win32.Build.0 = Release|Win32
		{06EC408A-78B9-44BE-951C-D053393803FD}.Debug|Win32.ActiveCfg = Debug|Win32
		{06EC408A-78B9-44BE-951C-D053393803FD}.Debug|Win32.Build.0 = Debug|Win32
		{06EC408A-78B9-44BE-951C-D053393803FD}.osg_dbg|Win32.ActiveCfg = Release|Win32
		{06EC408A-78B9-44BE-951C-D053393803FD}.osg_dbg|Win32.Build.0 = Release|Win32
		{06EC408A-78B9-44BE-951C-D053393803FD}.osg_vep_cluster_dbg|Win32.ActiveCfg = Release|Win32
		{06EC408A-78B9-44BE-951C-D053393803FD}.osg_vep_cluster_dbg|Win32.Build.0 = Release|Win32
		{06EC408A-78B9-44BE-951C-D053393803FD}.osg_vep_dbg|Win32.ActiveCfg = Release|Win32
		{06EC408A-78B9-44BE-951C-D053393803FD}.osg_vep_dbg|Win32.Build.0 = Release|Win32
		{06EC408A-78B9-44BE-951C-D053393803FD}.Release|Win32.ActiveCfg = Release|Win32
		{06EC408A-78B9-44BE-951C-D053393803FD}.Release|Win32.Build.0 = Release|Win32
		{06EC408A-78B9-44BE-951C-D053393803FD}.VE-Suite_Debug|Win32.ActiveCfg = Debug|Win32
		{06EC408A-78B9-44BE-951C-D053393803FD}.VE-Suite_Debug|Win32.Build.0 = Debug|Win32
		{06EC408A-78B9-44BE-951C-D053393803FD}.VE-Suite_Release|Win32.ActiveCfg = Release|Win32
		{06EC408A-78B9-44BE-951C-D053393803FD}.VE-Suite_Release|Win32.Build.0 = Release|Win32
		{36A8A513-4314-43AD-8CE2-E3656BF09D24}.Builder_Tools_Debug|Win32.ActiveCfg = Debug|Win32
		{36A8A513-4314-43AD-8CE2-E3656BF09D24}.Builder_Tools_Debug|Win32.Build.0 = Debug|Win32
		{36A8A513-4314-43AD-8CE2-E3656BF09D24}.Builder_Tools_Release|Win32.ActiveCfg = Release|Win32
		{36A8A513-4314-43AD-8CE2-E3656BF09D24}.Builder_Tools_Release|Win32.Build.0 = Release|Win32
		{36A8A513-4314-43AD-8CE2-E3656BF09D24}.Debug|Win32.ActiveCfg = Debug|Win32
		{36A8A513-4314-43AD-8CE2-E3656BF09D24}.Debug|Win32.Build.0 = Debug|Win32
		{36A8A513-4314-43AD-8CE2-E3656BF09D24}.osg_dbg|Win32.ActiveCfg = Release|Win32
		{36A8A513-4314-43AD-8CE2-E3656BF09D24}.osg_dbg|Win32.Build.0 = Release|Win32
		{36A8A513-4314-43AD-8CE2-E3656BF09D24}.osg_vep_cluster_dbg|Win32.ActiveCfg = Release|Win32
		{36A8A513-4314-43AD-8CE2-E3656BF09D24}.osg_vep_cluster_dbg|Win32.Build.0 = Release|Win32
		{36A8A513-4314-43AD-8CE2-E3656BF09D24}.osg_vep_dbg|Win32.ActiveCfg = Release|Win32
		{36A8A513-4314-43AD-8CE2-E3656BF09D24}.osg_vep_dbg|Win32.Build.0 = Release|Win32
		{36A8A513-4314-43AD-8CE2-E3656BF09D24}.Release|Win32.ActiveCfg = Release|Win32
		{36A8A513-4314-43AD-8CE2-E3656BF09D24}.Release|Win32.Build.0 = Release|Win32
		{36A8A513-4314-43AD-8CE2-E3656BF09D24}.VE-Suite_Debug|Win32.ActiveCfg = Debug|Win32
		{36A8A513-4314-43AD-8CE2-E3656BF09D24}.VE-Suite_Debug|Win32.Build.0 = Debug|Win32
		{36A8A513-4314-43AD-8CE2-E3656BF09D24}.VE-Suite_Release|Win32.ActiveCfg = Release|Win32
		{36A8A513-4314-43AD-8CE2-E3656BF09D24}.VE-Suite_Release|Win32.Build.0 = Release|Win32
		{602AF001-E230-4F51-846C-042ABF2EDA2D}.Builder_Tools_Debug|Win32.ActiveCfg = Debug|Win32
		{602AF001-E230-4F51-846C-042ABF2EDA2D}.Builder_Tools_Debug|Win32.Build.0 = Debug|Win32
		{602AF001-E230-4F51-846C-042ABF2EDA2D}.Builder_Tools_Release|Win32.ActiveCfg = Release|Win32
		{602AF001-E230-4F51-846C-042ABF2EDA2D}.Builder_Tools_Release|Win32.Build.0 = Release|Win32
		{602AF001-E230-4F51-846C-042ABF2EDA2D}.Debug|Win32.ActiveCfg = Debug|Win32
		{602AF001-E230-4F51-846C-042ABF2EDA2D}.Debug|Win32.Build.0 = Debug|Win32
		{602AF001-E230-4F51-846C-042ABF2EDA2D}.osg_dbg|Win32.ActiveCfg = Release|Win32
		{602AF001-E230-4F51-846C-042ABF2EDA2D}.osg_dbg|Win32.Build.0 = Release|Win32
		{602AF001-E230-4F51-846C-042ABF2EDA2D}.osg_vep_cluster_dbg|Win32.ActiveCfg = Release|Win32
		{602AF001-E230-4F51-846C-042ABF2EDA2D}.osg_vep_cluster_dbg|Win32.Build.0 = Release|Win32
		{602AF001-E230-4F51-846C-042ABF2EDA2D}.osg_vep_dbg|Win32.ActiveCfg = Release|Win32
		{602AF001-E230-4F51-846C-042ABF2EDA2D}.osg_vep_dbg|Win32.Build.0 = Release|Win32
		{602AF001-E230-4F51-846C-042ABF2EDA2D}.Release|Win32.ActiveCfg = Release|Win32
		{602AF001-E230-4F51-846C-042ABF2EDA2D}.Release|Win32.Build.0 = Release|Win32
		{602AF001-E230-4F51-846C-042ABF2EDA2D}.VE-Suite_Debug|Win32.ActiveCfg = Debug|Win32
		{602AF001-E230-4F51-846C-042ABF2EDA2D}.VE-Suite_Debug|Win32.Build.0 = Debug|Win32
		{602AF001-E230-4F51-846C-042ABF2EDA2D}.VE-Suite_Release|Win32.ActiveCfg = Release|Win32
		{602AF001-E230-4F51-846C-042ABF2EDA2D}.VE-Suite_Release|Win32.Build.0 = Release|Win32
		{700968D6-9D5B-4942-9854-E01C1FDEB98B}.Builder_Tools_Debug|Win32.ActiveCfg = Debug|Win32
		{700968D6-9D5B-4942-9854-E01C1FDEB98B}.Builder_Tools_Debug|Win32.Build.0 = Debug|Win32
		{700968D6-9D5B-4942-9854-E01C1FDEB98B}.Builder_Tools_Release|Win32.ActiveCfg = Release|Win32
		{700968D6-9D5B-4942-9854-E01C1FDEB98B}.Builder_Tools_Release|Win32.Build.0 = Release|Win32
		{700968D6-9D5B-4942-9854-E01C1FDEB98B}.Debug|Win32.ActiveCfg = Debug|Win32
		{700968D6-9D5B-4942-9854-E01C1FDEB98B}.Debug|Win32.Build.0 = Debug|Win32
		{700968D6-9D5B-4942-9854-E01C1FDEB98B}.osg_dbg|Win32.ActiveCfg = Release|Win32
		{700968D6-9D5B-4942-9854-E01C1FDEB98B}.osg_dbg|Win32.Build.0 = Release|Win32
		{700968D6-9D5B-4942-9854-E01C1FDEB98B}.osg_vep_cluster_dbg|Win32.ActiveCfg = Release|Win32
		{700968D6-9D5B-4942-9854-E01C1FDEB98B}.osg_vep_cluster_dbg|Win32.Build.0 = Release|Win32
		{700968D6-9D5B-4942-9854-E01C1FDEB98B}.osg_vep_dbg|Win32.ActiveCfg = Release|Win32
		{700968D6-9D5B-4942-9854-E01C1FDEB98B}.osg_vep_dbg|Win32.Build.0 = Release|Win32
		{700968D6-9D5B-4942-9854-E01C1FDEB98B}.Release|Win32.ActiveCfg = Release|Win32
		{700968D6-9D5B-4942-9854-E01C1FDEB98B}.Release|Win32.Build.0 = Release|Win32
		{700968D6-9D5B-4942-9854-E01C1FDEB98B}.VE-Suite_Debug|Win32.ActiveCfg = Debug|Win32
		{700968D6-9D5B-4942-9854-E01C1FDEB98B}.VE-Suite_Debug|Win32.Build.0 = Debug|Win32
		{700968D6-9D5B-4942-9854-E01C1FDEB98B}.VE-Suite_Release|Win32.ActiveCfg = Release|Win32
		{700968D6-9D5B-4942-9854-E01C1FDEB98B}.VE-Suite_Release|Win32.Build.0 = Release|Win32
		{03A8F7E0-E18C-4915-90A8-FFCFB1D775E3}.Builder_Tools_Debug|Win32.ActiveCfg = Debug|Win32
		{03A8F7E0-E18C-4915-90A8-FFCFB1D775E3}.Builder_Tools_Debug|Win32.Build.0 = Debug|Win32
		{03A8F7E0-E18C-4915-90A8-FFCFB1D775E3}.Builder_Tools_Release|Win32.ActiveCfg = Release|Win32
		{03A8F7E0-E18C-4915-90A8-FFCFB1D775E3}.Builder_Tools_Release|Win32.Build.0 = Release|Win32
		{03A8F7E0-E18C-4915-90A8-FFCFB1D775E3}.Debug|Win32.ActiveCfg = Debug|Win32
		{03A8F7E0-E18C-4915-90A8-FFCFB1D775E3}.Debug|Win32.Build.0 = Debug|Win32
		{03A8F7E0-E18C-4915-90A8-FFCFB1D775E3}.osg_dbg|Win32.ActiveCfg = Debug|Win32
		{03A8F7E0-E18C-4915-90A8-FFCFB1D775E3}.osg_dbg|Win32.Build.0 = Debug|Win32
		{03A8F7E0-E18C-4915-90A8-FFCFB1D775E3}.osg_vep_cluster_dbg|Win32.ActiveCfg = Debug|Win32
		{03A8F7E0-E18C-4915-90A8-FFCFB1D775E3}.osg_vep_cluster_dbg|Win32.Build.0 = Debug|Win32
		{03A8F7E0-E18C-4915-90A8-FFCFB1D775E3}.osg_vep_dbg|Win32.ActiveCfg = Debug|Win32
		{03A8F7E0-E18C-4915-90A8-FFCFB1D775E3}.osg_vep_dbg|Win32.Build.0 = Debug|Win32
		{03A8F7E0-E18C-4915-90A8-FFCFB1D775E3}.Release|Win32.ActiveCfg = Release|Win32
		{03A8F7E0-E18C-4915-90A8-FFCFB1D775E3}.Release|Win32.Build.0 = Release|Win32
		{03A8F7E0-E18C-4915-90A8-FFCFB1D775E3}.VE-Suite_Debug|Win32.ActiveCfg = Debug|Win32
		{03A8F7E0-E18C-4915-90A8-FFCFB1D775E3}.VE-Suite_Debug|Win32.Build.0 = Debug|Win32
		{03A8F7E0-E18C-4915-90A8-FFCFB1D775E3}.VE-Suite_Release|Win32.ActiveCfg = Release|Win32
		{03A8F7E0-E18C-4915-90A8-FFCFB1D775E3}.VE-Suite_Release|Win32.Build.0 = Release|Win32
		{00000E8F-0000-0000-0000-000000000000}.Builder_Tools_Debug|Win32.ActiveCfg = Debug|Win32
		{00000E8F-0000-0000-0000-000000000000}.Builder_Tools_Debug|Win32.Build.0 = Debug|Win32
		{00000E8F-0000-0000-0000-000000000000}.Builder_Tools_Release|Win32.ActiveCfg = Release|Win32
		{00000E8F-0000-0000-0000-000000000000}.Builder_Tools_Release|Win32.Build.0 = Release|Win32
		{00000E8F-0000-0000-0000-000000000000}.Debug|Win32.ActiveCfg = Debug|Win32
		{00000E8F-0000-0000-0000-000000000000}.Debug|Win32.Build.0 = Debug|Win32
		{00000E8F-0000-0000-0000-000000000000}.osg_dbg|Win32.ActiveCfg = Release|Win32
		{00000E8F-0000-0000-0000-000000000000}.osg_dbg|Win32.Build.0 = Release|Win32
		{00000E8F-0000-0000-0000-000000000000}.osg_vep_cluster_dbg|Win32.ActiveCfg = Release|Win32
		{00000E8F-0000-0000-0000-000000000000}.osg_vep_cluster_dbg|Win32.Build.0 = Release|Win32
		{00000E8F-0000-0000-0000-000000000000}.osg_vep_dbg|Win32.ActiveCfg = Release|Win32
		{00000E8F-0000-0000-0000-000000000000}.osg_vep_dbg|Win32.Build.0 = Release|Win32
		{00000E8F-0000-0000-0000-000000000000}.Release|Win32.ActiveCfg = Release|Win32
		{00000E8F-0000-0000-0000-000000000000}.Release|Win32.Build.0 = Release|Win32
		{00000E8F-0000-0000-0000-000000000000}.VE-Suite_Debug|Win32.ActiveCfg = Debug|Win32
		{00000E8F-0000-0000-0000-000000000000}.VE-Suite_Debug|Win32.Build.0 = Debug|Win32
		{00000E8F-0000-0000-0000-000000000000}.VE-Suite_Release|Win32.ActiveCfg = Release|Win32
		{00000E8F-0000-0000-0000-000000000000}.VE-Suite_Release|Win32.Build.0 = Release|Win32
		{C3E4EC67-9496-4391-A1B2-8179B3954E9D}.Builder_Tools_Debug|Win32.ActiveCfg = Debug|Win32
		{C3E4EC67-9496-4391-A1B2-8179B3954E9D}.Builder_Tools_Debug|Win32.Build.0 = Debug|Win32
		{C3E4EC67-9496-4391-A1B2-8179B3954E9D}.Builder_Tools_Release|Win32.ActiveCfg = Release|Win32
		{C3E4EC67-9496-4391-A1B2-8179B3954E9D}.Builder_Tools_Release|Win32.Build.0 = Release|Win32
		{C3E4EC67-9496-4391-A1B2-8179B3954E9D}.Debug|Win32.ActiveCfg = Debug|Win32
		{C3E4EC67-9496-4391-A1B2-8179B3954E9D}.Debug|Win32.Build.0 = Debug|Win32
		{C3E4EC67-9496-4391-A1B2-8179B3954E9D}.osg_dbg|Win32.ActiveCfg = Release|Win32
		{C3E4EC67-9496-4391-A1B2-8179B3954E9D}.osg_dbg|Win32.Build.0 = Release|Win32
		{C3E4EC67-9496-4391-A1B2-8179B3954E9D}.osg_vep_cluster_dbg|Win32.ActiveCfg = Release|Win32
		{C3E4EC67-9496-4391-A1B2-8179B3954E9D}.osg_vep_cluster_dbg|Win32.Build.0 = Release|Win32
		{C3E4EC67-9496-4391-A1B2-8179B3954E9D}.osg_vep_dbg|Win32.ActiveCfg = Release|Win32
		{C3E4EC67-9496-4391-A1B2-8179B3954E9D}.osg_vep_dbg|Win32.Build.0 = Release|Win32
		{C3E4EC67-9496-4391-A1B2-8179B3954E9D}.Release|Win32.ActiveCfg = Release|Win32
		{C3E4EC67-9496-4391-A1B2-8179B3954E9D}.Release|Win32.Build.0 = Release|Win32
		{C3E4EC67-9496-4391-A1B2-8179B3954E9D}.VE-Suite_Debug|Win32.ActiveCfg = Debug|Win32
		{C3E4EC67-9496-4391-A1B2-8179B3954E9D}.VE-Suite_Debug|Win32.Build.0 = Debug|Win32
		{C3E4EC67-9496-4391-A1B2-8179B3954E9D}.VE-Suite_Release|Win32.ActiveCfg = Release|Win32
		{C3E4EC67-9496-4391-A1B2-8179B3954E9D}.VE-Suite_Release|Win32.Build.0 = Release|Win32
		{E96F21F0-C5EF-43F0-9643-154D3BB96118}.Builder_Tools_Debug|Win32.ActiveCfg = Debug|Win32
		{E96F21F0-C5EF-43F0-9643-154D3BB96118}.Builder_Tools_Debug|Win32.Build.0 = Debug|Win32
		{E96F21F0-C5EF-43F0-9643-154D3BB96118}.Builder_Tools_Release|Win32.ActiveCfg = Release|Win32
		{E96F21F0-C5EF-43F0-9643-154D3BB96118}.Builder_Tools_Release|Win32.Build.0 = Release|Win32
		{E96F21F0-C5EF-43F0-9643-154D3BB96118}.Debug|Win32.ActiveCfg = Debug|Win32
		{E96F21F0-C5EF-43F0-9643-154D3BB96118}.Debug|Win32.Build.0 = Debug|Win32
		{E96F21F0-C5EF-43F0-9643-154D3BB96118}.osg_dbg|Win32.ActiveCfg = Debug|Win32
		{E96F21F0-C5EF-43F0-9643-154D3BB96118}.osg_dbg|Win32.Build.0 = Debug|Win32
		{E96F21F0-C5EF-43F0-9643-154D3BB96118}.osg_vep_cluster_dbg|Win32.ActiveCfg = Debug|Win32
		{E96F21F0-C5EF-43F0-9643-154D3BB96118}.osg_vep_cluster_dbg|Win32.Build.0 = Debug|Win32
		{E96F21F0-C5EF-43F0-9643-154D3BB96118}.osg_vep_dbg|Win32.ActiveCfg = Debug|Win32
		{E96F21F0-C5EF-43F0-9643-154D3BB96118}.osg_vep_dbg|Win32.Build.0 = Debug|Win32
		{E96F21F0-C5EF-43F0-9643-154D3BB96118}.Release|Win32.ActiveCfg = Release|Win32
		{E96F21F0-C5EF-43F0-9643-154D3BB96118}.Release|Win32.Build.0 = Release|Win32
		{E96F21F0-C5EF-43F0-9643-154D3BB96118}.VE-Suite_Debug|Win32.ActiveCfg = Debug|Win32
		{E96F21F0-C5EF-43F0-9643-154D3BB96118}.VE-Suite_Debug|Win32.Build.0 = Debug|Win32
		{E96F21F0-C5EF-43F0-9643-154D3BB96118}.VE-Suite_Release|Win32.ActiveCfg = Release|Win32
		{E96F21F0-C5EF-43F0-9643-154D3BB96118}.VE-Suite_Release|Win32.Build.0 = Release|Win32
		{B3C037F6-CB88-4A0F-BA91-25AF2D8DA88B}.Builder_Tools_Debug|Win32.ActiveCfg = Debug|Win32
		{B3C037F6-CB88-4A0F-BA91-25AF2D8DA88B}.Builder_Tools_Debug|Win32.Build.0 = Debug|Win32
		{B3C037F6-CB88-4A0F-BA91-25AF2D8DA88B}.Builder_Tools_Release|Win32.ActiveCfg = Release|Win32
		{B3C037F6-CB88-4A0F-BA91-25AF2D8DA88B}.Builder_Tools_Release|Win32.Build.0 = Release|Win32
		{B3C037F6-CB88-4A0F-BA91-25AF2D8DA88B}.Debug|Win32.ActiveCfg = Debug|Win32
		{B3C037F6-CB88-4A0F-BA91-25AF2D8DA88B}.Debug|Win32.Build.0 = Debug|Win32
		{B3C037F6-CB88-4A0F-BA91-25AF2D8DA88B}.osg_dbg|Win32.ActiveCfg = Debug|Win32
		{B3C037F6-CB88-4A0F-BA91-25AF2D8DA88B}.osg_dbg|Win32.Build.0 = Debug|Win32
		{B3C037F6-CB88-4A0F-BA91-25AF2D8DA88B}.osg_vep_cluster_dbg|Win32.ActiveCfg = Debug|Win32
		{B3C037F6-CB88-4A0F-BA91-25AF2D8DA88B}.osg_vep_cluster_dbg|Win32.Build.0 = Debug|Win32
		{B3C037F6-CB88-4A0F-BA91-25AF2D8DA88B}.osg_vep_dbg|Win32.ActiveCfg = Debug|Win32
		{B3C037F6-CB88-4A0F-BA91-25AF2D8DA88B}.osg_vep_dbg|Win32.Build.0 = Debug|Win32
		{B3C037F6-CB88-4A0F-BA91-25AF2D8DA88B}.Release|Win32.ActiveCfg = Release|Win32
		{B3C037F6-CB88-4A0F-BA91-25AF2D8DA88B}.Release|Win32.Build.0 = Release|Win32
		{B3C037F6-CB88-4A0F-BA91-25AF2D8DA88B}.VE-Suite_Debug|Win32.ActiveCfg = Debug|Win32
		{B3C037F6-CB88-4A0F-BA91-25AF2D8DA88B}.VE-Suite_Debug|Win32.Build.0 = Debug|Win32
		{B3C037F6-CB88-4A0F-BA91-25AF2D8DA88B}.VE-Suite_Release|Win32.ActiveCfg = Release|Win32
		{B3C037F6-CB88-4A0F-BA91-25AF2D8DA88B}.VE-Suite_Release|Win32.Build.0 = Release|Win32
		{231CF3B6-1032-4457-8A99-B1D43609ADF8}.Builder_Tools_Debug|Win32.ActiveCfg = Debug|Win32
		{231CF3B6-1032-4457-8A99-B1D43609ADF8}.Builder_Tools_Debug|Win32.Build.0 = Debug|Win32
		{231CF3B6-1032-4457-8A99-B1D43609ADF8}.Builder_Tools_Release|Win32.ActiveCfg = Release|Win32
		{231CF3B6-1032-4457-8A99-B1D43609ADF8}.Builder_Tools_Release|Win32.Build.0 = Release|Win32
		{231CF3B6-1032-4457-8A99-B1D43609ADF8}.Debug|Win32.ActiveCfg = Debug|Win32
		{231CF3B6-1032-4457-8A99-B1D43609ADF8}.Debug|Win32.Build.0 = Debug|Win32
		{231CF3B6-1032-4457-8A99-B1D43609ADF8}.osg_dbg|Win32.ActiveCfg = Debug|Win32
		{231CF3B6-1032-4457-8A99-B1D43609ADF8}.osg_dbg|Win32.Build.0 = Debug|Win32
		{231CF3B6-1032-4457-8A99-B1D43609ADF8}.osg_vep_cluster_dbg|Win32.ActiveCfg = Debug|Win32
		{231CF3B6-1032-4457-8A99-B1D43609ADF8}.osg_vep_cluster_dbg|Win32.Build.0 = Debug|Win32
		{231CF3B6-1032-4457-8A99-B1D43609ADF8}.osg_vep_dbg|Win32.ActiveCfg = Debug|Win32
		{231CF3B6-1032-4457-8A99-B1D43609ADF8}.osg_vep_dbg|Win32.Build.0 = Debug|Win32
		{231CF3B6-1032-4457-8A99-B1D43609ADF8}.Release|Win32.ActiveCfg = Release|Win32
		{231CF3B6-1032-4457-8A99-B1D43609ADF8}.Release|Win32.Build.0 = Release|Win32
		{231CF3B6-1032-4457-8A99-B1D43609ADF8}.VE-Suite_Debug|Win32.ActiveCfg = Debug|Win32
		{231CF3B6-1032-4457-8A99-B1D43609ADF8}.VE-Suite_Debug|Win32.Build.0 = Debug|Win32
		{231CF3B6-1032-4457-8A99-B1D43609ADF8}.VE-Suite_Release|Win32.ActiveCfg = Release|Win32
		{231CF3B6-1032-4457-8A99-B1D43609ADF8}.VE-Suite_Release|Win32.Build.0 = Release|Win32
	EndGlobalSection
	GlobalSection(SolutionProperties) = preSolution
		HideSolutionNode = FALSE
	EndGlobalSection
	GlobalSection(NestedProjects) = preSolution
		{E18B55CA-745E-4EBC-9056-85CA897EE690} = {5B251F58-FA02-4795-A501-25C52C79848F}
		{6EB56A33-7EB4-43B4-A5EB-F11FB470B77F} = {F1A3F7BC-F0E8-444B-B556-1B6F5CCA58A7}
		{CBDB8E7A-4286-4AE3-A190-BA33D7C53FF0} = {3818E6F2-8434-4223-84A2-D26B57D03358}
		{EA7E8909-B5F5-45AB-9340-9D27BF685865} = {3818E6F2-8434-4223-84A2-D26B57D03358}
		{CA1D971E-D8B7-48DE-8B82-11F28DD46935} = {3818E6F2-8434-4223-84A2-D26B57D03358}
		{BBC00B8E-203B-44CD-8D7B-0CE058E19E54} = {9C683DFD-3FB2-458F-9BC5-EBDA33E37F8A}
		{C994F084-C6CB-4824-89C3-E05A55985479} = {EA7E8909-B5F5-45AB-9340-9D27BF685865}
		{26FF23B9-E291-4225-896D-85A90846AE4D} = {EA7E8909-B5F5-45AB-9340-9D27BF685865}
		{AA30AB1D-1400-4F23-B3D5-D6FB7D680B26} = {4CFD44EC-A589-4317-9E0C-2C5876CF1D52}
		{B9333CB0-720E-4B53-B4D7-CD2F0165872D} = {AA30AB1D-1400-4F23-B3D5-D6FB7D680B26}
		{0C84FC8A-4031-483C-A412-74315636E193} = {AA30AB1D-1400-4F23-B3D5-D6FB7D680B26}
		{4EB38BEB-B65E-480B-B5C9-1F8A4CC650CD} = {AA30AB1D-1400-4F23-B3D5-D6FB7D680B26}
		{B7191373-AF3D-49DE-880B-5A41A1629861} = {CA1D971E-D8B7-48DE-8B82-11F28DD46935}
		{8DE318E9-51D6-4887-957D-21B319A22390} = {CA1D971E-D8B7-48DE-8B82-11F28DD46935}
		{E96F21F0-C5EF-43F0-9643-154D3BB96118} = {65FE263F-BB09-4BC1-970F-6BA9EBA8E736}
		{B3C037F6-CB88-4A0F-BA91-25AF2D8DA88B} = {65FE263F-BB09-4BC1-970F-6BA9EBA8E736}
		{231CF3B6-1032-4457-8A99-B1D43609ADF8} = {65FE263F-BB09-4BC1-970F-6BA9EBA8E736}
		{38E9B9E1-6F97-4AAD-AF48-DCA78CB545CB} = {87293693-F977-471F-BB58-993857782FFD}
		{30E276A8-617C-465D-8790-A99BA4EA3841} = {87293693-F977-471F-BB58-993857782FFD}
		{381189EB-0D9C-4D63-810C-D82645F9E2AC} = {87293693-F977-471F-BB58-993857782FFD}
		{0D7649A6-DAA4-49ED-8845-E830F7B89997} = {87293693-F977-471F-BB58-993857782FFD}
		{C523E057-2389-405D-A1F5-D881212431A3} = {87293693-F977-471F-BB58-993857782FFD}
		{F1C25499-8B2C-45B8-AC49-D49CA1DBE609} = {87293693-F977-471F-BB58-993857782FFD}
		{00000E8F-0000-0000-0000-000000000000} = {38E9B9E1-6F97-4AAD-AF48-DCA78CB545CB}
		{C3E4EC67-9496-4391-A1B2-8179B3954E9D} = {38E9B9E1-6F97-4AAD-AF48-DCA78CB545CB}
		{DFAB3564-91AE-4584-A411-239EF0C1E813} = {30E276A8-617C-465D-8790-A99BA4EA3841}
		{3ADA598D-7DFD-3226-43E9-68528528A716} = {30E276A8-617C-465D-8790-A99BA4EA3841}
		{14AAF533-2297-4D25-84BC-2D2F96D0288E} = {381189EB-0D9C-4D63-810C-D82645F9E2AC}
		{92349120-95F6-4313-BC18-26DBA7B9FE5B} = {0D7649A6-DAA4-49ED-8845-E830F7B89997}
		{4435AF07-AB56-40D3-B2A8-9700253E91BC} = {0D7649A6-DAA4-49ED-8845-E830F7B89997}
		{5D9B9762-0C0C-4C75-B8E6-54D3FA895BAE} = {F1C25499-8B2C-45B8-AC49-D49CA1DBE609}
		{B55B9938-B680-4F52-A9A0-C1C8E0928CAC} = {F1C25499-8B2C-45B8-AC49-D49CA1DBE609}
		{0CE314DE-0304-4596-A854-9013B01B2771} = {F1C25499-8B2C-45B8-AC49-D49CA1DBE609}
		{03A8F7E0-E18C-4915-90A8-FFCFB1D775E3} = {F1C25499-8B2C-45B8-AC49-D49CA1DBE609}
		{06EC408A-78B9-44BE-951C-D053393803FD} = {0CE314DE-0304-4596-A854-9013B01B2771}
		{36A8A513-4314-43AD-8CE2-E3656BF09D24} = {0CE314DE-0304-4596-A854-9013B01B2771}
		{DEA38BFC-0DBC-465C-84DC-9FE25D62C8D2} = {0CE314DE-0304-4596-A854-9013B01B2771}
		{602AF001-E230-4F51-846C-042ABF2EDA2D} = {DEA38BFC-0DBC-465C-84DC-9FE25D62C8D2}
		{700968D6-9D5B-4942-9854-E01C1FDEB98B} = {DEA38BFC-0DBC-465C-84DC-9FE25D62C8D2}
	EndGlobalSection
EndGlobal
