Microsoft Visual Studio Solution File, Format Version 8.00
Project("{8BC9CEB8-8B4A-11D0-8D11-00A0C91BC942}") = "VE_CE", "VE_CE\WinServer.vcproj", "{E96F21F0-C5EF-43F0-9643-154D3BB96118}"
	ProjectSection(ProjectDependencies) = postProject
		{E8FE7A1C-3985-407A-9648-FE2C2D025E00} = {E8FE7A1C-3985-407A-9648-FE2C2D025E00}
		{E8FE9A1C-3985-407A-9648-FF2C2D025E00} = {E8FE9A1C-3985-407A-9648-FF2C2D025E00}
		{E8FE9A1C-3985-407A-9648-FF2C2D025EA1} = {E8FE9A1C-3985-407A-9648-FF2C2D025EA1}
		{E8FE9A1C-3985-407A-9648-FF2C2D025EA2} = {E8FE9A1C-3985-407A-9648-FF2C2D025EA2}
		{6EB56A33-7EB4-43B4-A5ED-F11FB470B77F} = {6EB56A33-7EB4-43B4-A5ED-F11FB470B77F}
		{BCEA6B36-558C-4D70-8C43-D69E5EB68AF7} = {BCEA6B36-558C-4D70-8C43-D69E5EB68AF7}
		{3BDA598D-7DFD-4926-82E9-68528528A716} = {3BDA598D-7DFD-4926-82E9-68528528A716}
		{4BDA598D-7DFD-3226-43E9-68528528A716} = {4BDA598D-7DFD-3226-43E9-68528528A716}
	EndProjectSection
EndProject
Project("{8BC9CEB8-8B4A-11D0-8D11-00A0C91BC942}") = "VE_Conductor", "VE_Conductor\Framework\WinClient.vcproj", "{E18B55CA-745E-4EBC-9056-85CA897EE690}"
	ProjectSection(ProjectDependencies) = postProject
		{E8FE7A1C-3985-407A-9648-FE2C2D025E00} = {E8FE7A1C-3985-407A-9648-FE2C2D025E00}
		{E8FE9A1C-3985-407A-9648-FF2C2D025E00} = {E8FE9A1C-3985-407A-9648-FF2C2D025E00}
		{E8FE9A1C-3985-407A-9648-FF2C2D025EA1} = {E8FE9A1C-3985-407A-9648-FF2C2D025EA1}
		{E8FE9A1C-3985-407A-9648-FF2C2D025EA2} = {E8FE9A1C-3985-407A-9648-FF2C2D025EA2}
		{BCEA6B36-558C-4D70-8C43-D69E5EB68AF7} = {BCEA6B36-558C-4D70-8C43-D69E5EB68AF7}
		{3BDA598D-7DFD-4926-43E9-68528528A716} = {3BDA598D-7DFD-4926-43E9-68528528A716}
		{3BDA598D-7DFD-4926-82E9-68528528A715} = {3BDA598D-7DFD-4926-82E9-68528528A715}
		{3BDA598D-7DFD-4926-82E9-68528528A716} = {3BDA598D-7DFD-4926-82E9-68528528A716}
	EndProjectSection
EndProject
Project("{8BC9CEB8-8B4A-11D0-8D11-00A0C91BC942}") = "VE_Xplorer", "VE_Xplorer\VE_Xplorer.vcproj", "{6EB56A33-7EB4-43B4-A5EB-F11FB470B77F}"
	ProjectSection(ProjectDependencies) = postProject
		{E8FE7A1C-3985-407A-9648-FE2C2D025E00} = {E8FE7A1C-3985-407A-9648-FE2C2D025E00}
		{E8FE9A1C-3985-407A-9648-FF2C2D025E00} = {E8FE9A1C-3985-407A-9648-FF2C2D025E00}
		{E8FE9A1C-3985-407A-9648-FF2C2D025EA1} = {E8FE9A1C-3985-407A-9648-FF2C2D025EA1}
		{E8FE9A1C-3985-407A-9648-FF2C2D025EA2} = {E8FE9A1C-3985-407A-9648-FF2C2D025EA2}
		{398FF31C-58CE-4A0A-A288-BC3917FC9200} = {398FF31C-58CE-4A0A-A288-BC3917FC9200}
		{398FF31C-58CE-4A0A-A288-BC3917FC920A} = {398FF31C-58CE-4A0A-A288-BC3917FC920A}
		{6EB56A33-7EB4-43B4-A5ED-F11FB470B77F} = {6EB56A33-7EB4-43B4-A5ED-F11FB470B77F}
		{6EB56A33-7EB4-47B4-A5EB-F11FB470B77F} = {6EB56A33-7EB4-47B4-A5EB-F11FB470B77F}
		{BCEA6B36-558C-4D70-8C43-D69E5EB68AF7} = {BCEA6B36-558C-4D70-8C43-D69E5EB68AF7}
		{3BDA598D-7DFD-4926-82E9-68528528A716} = {3BDA598D-7DFD-4926-82E9-68528528A716}
		{4BDA598D-7DFD-3226-43E9-68528528A716} = {4BDA598D-7DFD-3226-43E9-68528528A716}
		{BABE88BF-50EE-4E66-84BB-7B801E9FD01F} = {BABE88BF-50EE-4E66-84BB-7B801E9FD01F}
	EndProjectSection
EndProject
Project("{8BC9CEB8-8B4A-11D0-8D11-00A0C91BC942}") = "VE_Open", "VE_Open\VESOpen\VESOpen.vcproj", "{BCEA6B36-558C-4D70-8C43-D69E5EB68AF7}"
	ProjectSection(ProjectDependencies) = postProject
	EndProjectSection
EndProject
Project("{8BC9CEB8-8B4A-11D0-8D11-00A0C91BC942}") = "GUIPluginLib", "VE_Conductor\GUIPluginLib.vcproj", "{3BDA598D-7DFD-4926-82E9-68528528A715}"
	ProjectSection(ProjectDependencies) = postProject
		{E8FE7A1C-3985-407A-9648-FE2C2D025E00} = {E8FE7A1C-3985-407A-9648-FE2C2D025E00}
		{E8FE9A1C-3985-407A-9648-FF2C2D025EA1} = {E8FE9A1C-3985-407A-9648-FF2C2D025EA1}
		{BCEA6B36-558C-4D70-8C43-D69E5EB68AF7} = {BCEA6B36-558C-4D70-8C43-D69E5EB68AF7}
		{3BDA598D-7DFD-4926-43E9-68528528A716} = {3BDA598D-7DFD-4926-43E9-68528528A716}
		{3BDA598D-7DFD-4926-82E9-68528528A716} = {3BDA598D-7DFD-4926-82E9-68528528A716}
	EndProjectSection
EndProject
Project("{8BC9CEB8-8B4A-11D0-8D11-00A0C91BC942}") = "GraphicalPluginLib", "VE_Conductor\GraphicalPluginLib.vcproj", "{BABE88BF-50EE-4E66-84BB-7B801E9FD01F}"
	ProjectSection(ProjectDependencies) = postProject
		{E8FE7A1C-3985-407A-9648-FE2C2D025E00} = {E8FE7A1C-3985-407A-9648-FE2C2D025E00}
		{E8FE9A1C-3985-407A-9648-FF2C2D025EA1} = {E8FE9A1C-3985-407A-9648-FF2C2D025EA1}
		{E8FE9A1C-3985-407A-9648-FF2C2D025EA2} = {E8FE9A1C-3985-407A-9648-FF2C2D025EA2}
		{398FF31C-58CE-4A0A-A288-BC3917FC9200} = {398FF31C-58CE-4A0A-A288-BC3917FC9200}
		{398FF31C-58CE-4A0A-A288-BC3917FC920A} = {398FF31C-58CE-4A0A-A288-BC3917FC920A}
		{6EB56A33-7EB4-43B4-A5ED-F11FB470B77F} = {6EB56A33-7EB4-43B4-A5ED-F11FB470B77F}
		{6EB56A33-7EB4-47B4-A5EB-F11FB470B77F} = {6EB56A33-7EB4-47B4-A5EB-F11FB470B77F}
		{3BDA598D-7DFD-4926-82E9-68528528A716} = {3BDA598D-7DFD-4926-82E9-68528528A716}
	EndProjectSection
EndProject
Project("{8BC9CEB8-8B4A-11D0-8D11-00A0C91BC942}") = "VE_SceneGraph", "VE_SceneGraph\VE_SceneGraph.vcproj", "{398FF31C-58CE-4A0A-A288-BC3917FC920A}"
	ProjectSection(ProjectDependencies) = postProject
	EndProjectSection
EndProject
Project("{8BC9CEB8-8B4A-11D0-8D11-00A0C91BC942}") = "VE_TextureBased", "VE_TextureBased\VE_TextureBased.vcproj", "{398FF31C-58CE-4A0A-A288-BC3917FC9200}"
	ProjectSection(ProjectDependencies) = postProject
		{6EB56A33-7EB4-43B4-A5ED-F11FB470B77F} = {6EB56A33-7EB4-43B4-A5ED-F11FB470B77F}
	EndProjectSection
EndProject
Project("{8BC9CEB8-8B4A-11D0-8D11-00A0C91BC942}") = "VE_UtilLib", "VE_Xplorer\VE_UtilLib.vcproj", "{6EB56A33-7EB4-43B4-A5ED-F11FB470B77F}"
	ProjectSection(ProjectDependencies) = postProject
	EndProjectSection
EndProject
Project("{8BC9CEB8-8B4A-11D0-8D11-00A0C91BC942}") = "VE_XplorerLib", "VE_Xplorer\VE_XplorerLib.vcproj", "{6EB56A33-7EB4-47B4-A5EB-F11FB470B77F}"
	ProjectSection(ProjectDependencies) = postProject
		{E8FE9A1C-3985-407A-9648-FF2C2D025E00} = {E8FE9A1C-3985-407A-9648-FF2C2D025E00}
		{E8FE9A1C-3985-407A-9648-FF2C2D025EA1} = {E8FE9A1C-3985-407A-9648-FF2C2D025EA1}
		{E8FE9A1C-3985-407A-9648-FF2C2D025EA2} = {E8FE9A1C-3985-407A-9648-FF2C2D025EA2}
		{398FF31C-58CE-4A0A-A288-BC3917FC9200} = {398FF31C-58CE-4A0A-A288-BC3917FC9200}
		{398FF31C-58CE-4A0A-A288-BC3917FC920A} = {398FF31C-58CE-4A0A-A288-BC3917FC920A}
		{6EB56A33-7EB4-43B4-A5ED-F11FB470B77F} = {6EB56A33-7EB4-43B4-A5ED-F11FB470B77F}
		{398FF33A-58CE-4A0A-A288-BC3917FC920A} = {398FF33A-58CE-4A0A-A288-BC3917FC920A}
	EndProjectSection
EndProject
Project("{8BC9CEB8-8B4A-11D0-8D11-00A0C91BC942}") = "VE_ConductorLib", "VE_Conductor\VE_ConductorLib.vcproj", "{3BDA598D-7DFD-4926-82E9-68528528A716}"
	ProjectSection(ProjectDependencies) = postProject
		{E8FE9A1C-3985-407A-9648-FF2C2D025EA1} = {E8FE9A1C-3985-407A-9648-FF2C2D025EA1}
		{BCEA6B36-558C-4D70-8C43-D69E5EB68AF7} = {BCEA6B36-558C-4D70-8C43-D69E5EB68AF7}
	EndProjectSection
EndProject
Project("{8BC9CEB8-8B4A-11D0-8D11-00A0C91BC942}") = "Preprocessor", "VE_Builder\Preprocessor\Preprocessor.vcproj", "{62B3D30E-0B3D-4348-933D-97E8792ABFDE}"
	ProjectSection(ProjectDependencies) = postProject
		{6EB56A33-7EB4-43B4-A5ED-F11FB470B77F} = {6EB56A33-7EB4-43B4-A5ED-F11FB470B77F}
	EndProjectSection
EndProject
Project("{8BC9CEB8-8B4A-11D0-8D11-00A0C91BC942}") = "Transient_Tools", "VE_Builder\Transient_Tools\Transient_Tools.vcproj", "{90C2B6FD-209E-45D8-BDED-1AEA1CA90E14}"
	ProjectSection(ProjectDependencies) = postProject
		{6EB56A33-7EB4-43B4-A5ED-F11FB470B77F} = {6EB56A33-7EB4-43B4-A5ED-F11FB470B77F}
	EndProjectSection
EndProject
Project("{8BC9CEB8-8B4A-11D0-8D11-00A0C91BC942}") = "Translator", "VE_Builder\Translator\Translator.vcproj", "{DDAC25AA-FE00-4DC7-AEEB-E2CB732E0A7B}"
	ProjectSection(ProjectDependencies) = postProject
		{6EB56A33-7EB4-43B4-A5ED-F11FB470B77F} = {6EB56A33-7EB4-43B4-A5ED-F11FB470B77F}
	EndProjectSection
EndProject
Project("{8BC9CEB8-8B4A-11D0-8D11-00A0C91BC942}") = "vtkTo3DTexture", "VE_Builder\vtkTo3DTexture\tcGUI\tcGUI.vcproj", "{EDEEFC20-C5B2-4070-89D7-F5472115E585}"
	ProjectSection(ProjectDependencies) = postProject
		{6EB56A33-7EB4-43B4-A5ED-F11FB470B77F} = {6EB56A33-7EB4-43B4-A5ED-F11FB470B77F}
	EndProjectSection
EndProject
Project("{8BC9CEB8-8B4A-11D0-8D11-00A0C91BC942}") = "addNormals2Poly", "VE_Builder\Utilities\mk\addNormals2Poly\addNormals2Poly.vcproj", "{7147B67B-253B-4281-B7DC-5B22842B76E3}"
	ProjectSection(ProjectDependencies) = postProject
		{6EB56A33-7EB4-43B4-A5ED-F11FB470B77F} = {6EB56A33-7EB4-43B4-A5ED-F11FB470B77F}
	EndProjectSection
EndProject
Project("{8BC9CEB8-8B4A-11D0-8D11-00A0C91BC942}") = "appendVTK", "VE_Builder\Utilities\mk\appendVTK\appendVTK.vcproj", "{8698FC83-6D5C-4911-9052-DC3A7EE1A472}"
	ProjectSection(ProjectDependencies) = postProject
		{6EB56A33-7EB4-43B4-A5ED-F11FB470B77F} = {6EB56A33-7EB4-43B4-A5ED-F11FB470B77F}
	EndProjectSection
EndProject
Project("{8BC9CEB8-8B4A-11D0-8D11-00A0C91BC942}") = "combineFluentParticleFile", "VE_Builder\Utilities\mk\combineFluentParticleFile\combineFluentParticleFile.vcproj", "{B09F96C9-B4C1-45BC-9CB7-FD37C7A7ABB9}"
	ProjectSection(ProjectDependencies) = postProject
		{6EB56A33-7EB4-43B4-A5ED-F11FB470B77F} = {6EB56A33-7EB4-43B4-A5ED-F11FB470B77F}
	EndProjectSection
EndProject
Project("{8BC9CEB8-8B4A-11D0-8D11-00A0C91BC942}") = "compareScalars", "VE_Builder\Utilities\mk\compareScalars\compareScalars.vcproj", "{9A72CAD3-89E5-489F-A796-64B8FEBF6883}"
	ProjectSection(ProjectDependencies) = postProject
		{6EB56A33-7EB4-43B4-A5ED-F11FB470B77F} = {6EB56A33-7EB4-43B4-A5ED-F11FB470B77F}
	EndProjectSection
EndProject
Project("{8BC9CEB8-8B4A-11D0-8D11-00A0C91BC942}") = "convertCellDataToPointData", "VE_Builder\Utilities\mk\convertCellDataToPointData\convertCellDataToPointData.vcproj", "{04D2A915-EF0B-4DEB-81FA-1276722E596F}"
	ProjectSection(ProjectDependencies) = postProject
		{6EB56A33-7EB4-43B4-A5ED-F11FB470B77F} = {6EB56A33-7EB4-43B4-A5ED-F11FB470B77F}
	EndProjectSection
EndProject
Project("{8BC9CEB8-8B4A-11D0-8D11-00A0C91BC942}") = "convertSurfaceFileToStl", "VE_Builder\Utilities\mk\convertSurfaceFileToStl\convertSurfaceFileToStl.vcproj", "{B1F97683-FEEA-45CD-A379-746ED412F944}"
	ProjectSection(ProjectDependencies) = postProject
		{6EB56A33-7EB4-43B4-A5ED-F11FB470B77F} = {6EB56A33-7EB4-43B4-A5ED-F11FB470B77F}
	EndProjectSection
EndProject
Project("{8BC9CEB8-8B4A-11D0-8D11-00A0C91BC942}") = "convertVTK2Ascii", "VE_Builder\Utilities\mk\convertVTK2Ascii\convertVTK2Ascii.vcproj", "{B13AC6CA-AB5D-4DDE-AED7-33844F873CFA}"
	ProjectSection(ProjectDependencies) = postProject
		{6EB56A33-7EB4-43B4-A5ED-F11FB470B77F} = {6EB56A33-7EB4-43B4-A5ED-F11FB470B77F}
	EndProjectSection
EndProject
Project("{8BC9CEB8-8B4A-11D0-8D11-00A0C91BC942}") = "convertVTK2Binary", "VE_Builder\Utilities\mk\convertVTK2Binary\convertVTK2Binary.vcproj", "{16DABB5F-50F4-470B-BDE1-ADF8821D378A}"
	ProjectSection(ProjectDependencies) = postProject
		{6EB56A33-7EB4-43B4-A5ED-F11FB470B77F} = {6EB56A33-7EB4-43B4-A5ED-F11FB470B77F}
	EndProjectSection
EndProject
Project("{8BC9CEB8-8B4A-11D0-8D11-00A0C91BC942}") = "createMiniFlowdata", "VE_Builder\Utilities\mk\createMiniFlowdata\createMiniFlowdata.vcproj", "{47AEE068-9A93-42B6-B9E8-4C8E5F06A992}"
	ProjectSection(ProjectDependencies) = postProject
		{6EB56A33-7EB4-43B4-A5ED-F11FB470B77F} = {6EB56A33-7EB4-43B4-A5ED-F11FB470B77F}
	EndProjectSection
EndProject
Project("{8BC9CEB8-8B4A-11D0-8D11-00A0C91BC942}") = "makeVtkSurface", "VE_Builder\Utilities\mk\makeVtkSurface\makeVtkSurface.vcproj", "{078344D6-A03A-4003-BA1A-3E16B2B98DD4}"
	ProjectSection(ProjectDependencies) = postProject
		{6EB56A33-7EB4-43B4-A5ED-F11FB470B77F} = {6EB56A33-7EB4-43B4-A5ED-F11FB470B77F}
	EndProjectSection
EndProject
Project("{8BC9CEB8-8B4A-11D0-8D11-00A0C91BC942}") = "mergeVertices", "VE_Builder\Utilities\mk\mergeVertices\mergeVertices.vcproj", "{4CDC8A2D-66C9-4DEF-B4FF-5A6069D238E9}"
	ProjectSection(ProjectDependencies) = postProject
		{6EB56A33-7EB4-43B4-A5ED-F11FB470B77F} = {6EB56A33-7EB4-43B4-A5ED-F11FB470B77F}
	EndProjectSection
EndProject
Project("{8BC9CEB8-8B4A-11D0-8D11-00A0C91BC942}") = "meshViewer", "VE_Builder\Utilities\mk\meshViewer\meshViewer.vcproj", "{AB821FFF-5DFD-49CB-A342-6FDB8C2213B9}"
	ProjectSection(ProjectDependencies) = postProject
		{6EB56A33-7EB4-43B4-A5ED-F11FB470B77F} = {6EB56A33-7EB4-43B4-A5ED-F11FB470B77F}
		{6EB56A33-7EB4-47B4-A5EB-F11FB470B77F} = {6EB56A33-7EB4-47B4-A5EB-F11FB470B77F}
	EndProjectSection
EndProject
Project("{8BC9CEB8-8B4A-11D0-8D11-00A0C91BC942}") = "moveFieldToPointData", "VE_Builder\Utilities\mk\moveFieldToPointData\moveFieldToPointData.vcproj", "{C203151E-63A2-4060-9FBE-A45D400389DB}"
	ProjectSection(ProjectDependencies) = postProject
		{6EB56A33-7EB4-43B4-A5ED-F11FB470B77F} = {6EB56A33-7EB4-43B4-A5ED-F11FB470B77F}
	EndProjectSection
EndProject
Project("{8BC9CEB8-8B4A-11D0-8D11-00A0C91BC942}") = "removeVtkCellsOutsideBox", "VE_Builder\Utilities\mk\removeVtkCellsOutsideBox\removeVtkCellsOutsideBox.vcproj", "{0204BA90-C95C-4BF3-B52E-64D6C552877D}"
	ProjectSection(ProjectDependencies) = postProject
		{6EB56A33-7EB4-43B4-A5ED-F11FB470B77F} = {6EB56A33-7EB4-43B4-A5ED-F11FB470B77F}
	EndProjectSection
EndProject
Project("{8BC9CEB8-8B4A-11D0-8D11-00A0C91BC942}") = "removeVtkPointData", "VE_Builder\Utilities\mk\removeVtkPointData\removeVtkPointData.vcproj", "{C7B0C536-8D2A-440C-973F-B0D0515D64A6}"
	ProjectSection(ProjectDependencies) = postProject
		{6EB56A33-7EB4-43B4-A5ED-F11FB470B77F} = {6EB56A33-7EB4-43B4-A5ED-F11FB470B77F}
	EndProjectSection
EndProject
Project("{8BC9CEB8-8B4A-11D0-8D11-00A0C91BC942}") = "scaleVTK", "VE_Builder\Utilities\mk\scaleVTK\scaleVTK.vcproj", "{E188A14F-7A8C-4D56-8CEA-7436B16B48E8}"
	ProjectSection(ProjectDependencies) = postProject
		{6EB56A33-7EB4-43B4-A5ED-F11FB470B77F} = {6EB56A33-7EB4-43B4-A5ED-F11FB470B77F}
	EndProjectSection
EndProject
Project("{8BC9CEB8-8B4A-11D0-8D11-00A0C91BC942}") = "transformVTK", "VE_Builder\Utilities\mk\transformVTK\transformVTK.vcproj", "{ACE83EC6-9141-4B8D-B852-6679D8F57006}"
	ProjectSection(ProjectDependencies) = postProject
		{6EB56A33-7EB4-43B4-A5ED-F11FB470B77F} = {6EB56A33-7EB4-43B4-A5ED-F11FB470B77F}
	EndProjectSection
EndProject
Project("{8BC9CEB8-8B4A-11D0-8D11-00A0C91BC942}") = "whatIsScalarRange", "VE_Builder\Utilities\mk\whatIsScalarRange\whatIsScalarRange.vcproj", "{6CAF594F-6792-4977-8FE2-A98FE8793631}"
	ProjectSection(ProjectDependencies) = postProject
		{6EB56A33-7EB4-43B4-A5ED-F11FB470B77F} = {6EB56A33-7EB4-43B4-A5ED-F11FB470B77F}
	EndProjectSection
EndProject
Project("{8BC9CEB8-8B4A-11D0-8D11-00A0C91BC942}") = "cfdTranslatorToVTK", "VE_Builder\Translator\cfdTranslatorToVTK\cfdTranslatorToVTK.vcproj", "{C3E4EC67-9496-4391-A1B2-8179B3954E9D}"
	ProjectSection(ProjectDependencies) = postProject
	EndProjectSection
EndProject
Project("{8BC9CEB8-8B4A-11D0-8D11-00A0C91BC942}") = "cfdDICOMTranslator", "VE_Builder\Translator\cfdDICOMTranslator\cfdDICOMTranslator.vcproj", "{D8E058A6-478B-4820-BA20-E2561B1A9D7F}"
	ProjectSection(ProjectDependencies) = postProject
	EndProjectSection
EndProject
Project("{8BC9CEB8-8B4A-11D0-8D11-00A0C91BC942}") = "VE_XML", "VE_Open\XML\VE_XML.vcproj", "{E8FE9A1C-3985-407A-9648-FF2C2D025EA1}"
	ProjectSection(ProjectDependencies) = postProject
	EndProjectSection
EndProject
Project("{8BC9CEB8-8B4A-11D0-8D11-00A0C91BC942}") = "VE_CAD", "VE_Open\XML\CAD\VE_CAD.vcproj", "{E8FE9A1C-3985-407A-9648-FF2C2D025EA2}"
	ProjectSection(ProjectDependencies) = postProject
		{E8FE9A1C-3985-407A-9648-FF2C2D025E00} = {E8FE9A1C-3985-407A-9648-FF2C2D025E00}
		{E8FE9A1C-3985-407A-9648-FF2C2D025EA1} = {E8FE9A1C-3985-407A-9648-FF2C2D025EA1}
	EndProjectSection
EndProject
Project("{8BC9CEB8-8B4A-11D0-8D11-00A0C91BC942}") = "VE_Shader", "VE_Open\XML\Shader\VE_Shader.vcproj", "{E8FE9A1C-3985-407A-9648-FF2C2D025E00}"
	ProjectSection(ProjectDependencies) = postProject
		{E8FE9A1C-3985-407A-9648-FF2C2D025EA1} = {E8FE9A1C-3985-407A-9648-FF2C2D025EA1}
	EndProjectSection
EndProject
Project("{8BC9CEB8-8B4A-11D0-8D11-00A0C91BC942}") = "VE_Model", "VE_Open\XML\Model\VE_Model.vcproj", "{E8FE7A1C-3985-407A-9648-FE2C2D025E00}"
	ProjectSection(ProjectDependencies) = postProject
		{E8FE9A1C-3985-407A-9648-FF2C2D025EA1} = {E8FE9A1C-3985-407A-9648-FF2C2D025EA1}
		{E8FE9A1C-3985-407A-9648-FF2C2D025EA2} = {E8FE9A1C-3985-407A-9648-FF2C2D025EA2}
	EndProjectSection
EndProject
Project("{8BC9CEB8-8B4A-11D0-8D11-00A0C91BC942}") = "VE_Conductor_GUI_UtilitiesLib", "VE_Conductor\Utilities\VE_ConductorGUI_UtilitiesLib.vcproj", "{3BDA598D-7DFD-4926-43E9-68528528A716}"
	ProjectSection(ProjectDependencies) = postProject
		{E8FE9A1C-3985-407A-9648-FF2C2D025EA2} = {E8FE9A1C-3985-407A-9648-FF2C2D025EA2}
	EndProjectSection
EndProject
Project("{8BC9CEB8-8B4A-11D0-8D11-00A0C91BC942}") = "VE_SceneGraphUtils", "VE_SceneGraph\Utilities\VE_SceneGraphUtils.vcproj", "{398FF33A-58CE-4A0A-A288-BC3917FC920A}"
	ProjectSection(ProjectDependencies) = postProject
		{E8FE9A1C-3985-407A-9648-FF2C2D025E00} = {E8FE9A1C-3985-407A-9648-FF2C2D025E00}
		{E8FE9A1C-3985-407A-9648-FF2C2D025EA1} = {E8FE9A1C-3985-407A-9648-FF2C2D025EA1}
		{E8FE9A1C-3985-407A-9648-FF2C2D025EA2} = {E8FE9A1C-3985-407A-9648-FF2C2D025EA2}
	EndProjectSection
EndProject
Project("{8BC9CEB8-8B4A-11D0-8D11-00A0C91BC942}") = "VE_CE_UtilitiesLib", "VE_CE\Utilities\VE_CE_UtilitiesLib.vcproj", "{4BDA598D-7DFD-3226-43E9-68528528A716}"
	ProjectSection(ProjectDependencies) = postProject
		{E8FE7A1C-3985-407A-9648-FE2C2D025E00} = {E8FE7A1C-3985-407A-9648-FE2C2D025E00}
		{E8FE9A1C-3985-407A-9648-FF2C2D025E00} = {E8FE9A1C-3985-407A-9648-FF2C2D025E00}
		{E8FE9A1C-3985-407A-9648-FF2C2D025EA1} = {E8FE9A1C-3985-407A-9648-FF2C2D025EA1}
		{E8FE9A1C-3985-407A-9648-FF2C2D025EA2} = {E8FE9A1C-3985-407A-9648-FF2C2D025EA2}
		{BCEA6B36-558C-4D70-8C43-D69E5EB68AF7} = {BCEA6B36-558C-4D70-8C43-D69E5EB68AF7}
		{3BDA598D-7DFD-4926-43E9-68528528A716} = {3BDA598D-7DFD-4926-43E9-68528528A716}
		{3BDA598D-7DFD-4926-82E9-68528528A716} = {3BDA598D-7DFD-4926-82E9-68528528A716}
	EndProjectSection
EndProject
Project("{8BC9CEB8-8B4A-11D0-8D11-00A0C91BC942}") = "cfdREIToVTK", "VE_Builder\Translator\REItoVTK\cfdREIToVTK.vcproj", "{C3E4EC67-9496-4391-A1B2-8179B3954E9D}"
	ProjectSection(ProjectDependencies) = postProject
		{C3E4EC67-9496-4391-A1B2-8179B3954E9D} = {C3E4EC67-9496-4391-A1B2-8179B3954E9D}
	EndProjectSection
EndProject
Global
	GlobalSection(SolutionConfiguration) = preSolution
		Builder_Tools = Builder_Tools
		dbg = dbg
		Debug = Debug
		Release = Release
		tao_osg_dbg = tao_osg_dbg
		tao_osg_vep_cluster_dbg = tao_osg_vep_cluster_dbg
		tao_osg_vep_dbg = tao_osg_vep_dbg
		tao_pf_dbg = tao_pf_dbg
	EndGlobalSection
	GlobalSection(ProjectConfiguration) = postSolution
		{E96F21F0-C5EF-43F0-9643-154D3BB96118}.Builder_Tools.ActiveCfg = dbg|Win32
		{E96F21F0-C5EF-43F0-9643-154D3BB96118}.dbg.ActiveCfg = dbg|Win32
		{E96F21F0-C5EF-43F0-9643-154D3BB96118}.dbg.Build.0 = dbg|Win32
		{E96F21F0-C5EF-43F0-9643-154D3BB96118}.Debug.ActiveCfg = dbg|Win32
		{E96F21F0-C5EF-43F0-9643-154D3BB96118}.Debug.Build.0 = dbg|Win32
		{E96F21F0-C5EF-43F0-9643-154D3BB96118}.Release.ActiveCfg = Release|Win32
		{E96F21F0-C5EF-43F0-9643-154D3BB96118}.Release.Build.0 = Release|Win32
		{E96F21F0-C5EF-43F0-9643-154D3BB96118}.tao_osg_dbg.ActiveCfg = dbg|Win32
		{E96F21F0-C5EF-43F0-9643-154D3BB96118}.tao_osg_dbg.Build.0 = dbg|Win32
		{E96F21F0-C5EF-43F0-9643-154D3BB96118}.tao_osg_vep_cluster_dbg.ActiveCfg = dbg|Win32
		{E96F21F0-C5EF-43F0-9643-154D3BB96118}.tao_osg_vep_cluster_dbg.Build.0 = dbg|Win32
		{E96F21F0-C5EF-43F0-9643-154D3BB96118}.tao_osg_vep_dbg.ActiveCfg = dbg|Win32
		{E96F21F0-C5EF-43F0-9643-154D3BB96118}.tao_osg_vep_dbg.Build.0 = dbg|Win32
		{E96F21F0-C5EF-43F0-9643-154D3BB96118}.tao_pf_dbg.ActiveCfg = dbg|Win32
		{E96F21F0-C5EF-43F0-9643-154D3BB96118}.tao_pf_dbg.Build.0 = dbg|Win32
		{E18B55CA-745E-4EBC-9056-85CA897EE690}.Builder_Tools.ActiveCfg = dbg|Win32
		{E18B55CA-745E-4EBC-9056-85CA897EE690}.dbg.ActiveCfg = dbg|Win32
		{E18B55CA-745E-4EBC-9056-85CA897EE690}.dbg.Build.0 = dbg|Win32
		{E18B55CA-745E-4EBC-9056-85CA897EE690}.Debug.ActiveCfg = dbg|Win32
		{E18B55CA-745E-4EBC-9056-85CA897EE690}.Debug.Build.0 = dbg|Win32
		{E18B55CA-745E-4EBC-9056-85CA897EE690}.Release.ActiveCfg = Release|Win32
		{E18B55CA-745E-4EBC-9056-85CA897EE690}.Release.Build.0 = Release|Win32
		{E18B55CA-745E-4EBC-9056-85CA897EE690}.tao_osg_dbg.ActiveCfg = dbg|Win32
		{E18B55CA-745E-4EBC-9056-85CA897EE690}.tao_osg_dbg.Build.0 = dbg|Win32
		{E18B55CA-745E-4EBC-9056-85CA897EE690}.tao_osg_vep_cluster_dbg.ActiveCfg = dbg|Win32
		{E18B55CA-745E-4EBC-9056-85CA897EE690}.tao_osg_vep_cluster_dbg.Build.0 = dbg|Win32
		{E18B55CA-745E-4EBC-9056-85CA897EE690}.tao_osg_vep_dbg.ActiveCfg = dbg|Win32
		{E18B55CA-745E-4EBC-9056-85CA897EE690}.tao_osg_vep_dbg.Build.0 = dbg|Win32
		{E18B55CA-745E-4EBC-9056-85CA897EE690}.tao_pf_dbg.ActiveCfg = dbg|Win32
		{E18B55CA-745E-4EBC-9056-85CA897EE690}.tao_pf_dbg.Build.0 = dbg|Win32
		{6EB56A33-7EB4-43B4-A5EB-F11FB470B77F}.Builder_Tools.ActiveCfg = tao_osg_dbg|Win32
		{6EB56A33-7EB4-43B4-A5EB-F11FB470B77F}.dbg.ActiveCfg = tao_osg_vep_cluster_dbg|Win32
		{6EB56A33-7EB4-43B4-A5EB-F11FB470B77F}.dbg.Build.0 = tao_osg_vep_cluster_dbg|Win32
		{6EB56A33-7EB4-43B4-A5EB-F11FB470B77F}.Debug.ActiveCfg = tao_osg_vep_cluster_dbg|Win32
		{6EB56A33-7EB4-43B4-A5EB-F11FB470B77F}.Debug.Build.0 = tao_osg_vep_cluster_dbg|Win32
		{6EB56A33-7EB4-43B4-A5EB-F11FB470B77F}.Release.ActiveCfg = Release|Win32
		{6EB56A33-7EB4-43B4-A5EB-F11FB470B77F}.Release.Build.0 = Release|Win32
		{6EB56A33-7EB4-43B4-A5EB-F11FB470B77F}.tao_osg_dbg.ActiveCfg = tao_osg_dbg|Win32
		{6EB56A33-7EB4-43B4-A5EB-F11FB470B77F}.tao_osg_dbg.Build.0 = tao_osg_dbg|Win32
		{6EB56A33-7EB4-43B4-A5EB-F11FB470B77F}.tao_osg_vep_cluster_dbg.ActiveCfg = tao_osg_vep_cluster_dbg|Win32
		{6EB56A33-7EB4-43B4-A5EB-F11FB470B77F}.tao_osg_vep_cluster_dbg.Build.0 = tao_osg_vep_cluster_dbg|Win32
		{6EB56A33-7EB4-43B4-A5EB-F11FB470B77F}.tao_osg_vep_dbg.ActiveCfg = tao_osg_vep_dbg|Win32
		{6EB56A33-7EB4-43B4-A5EB-F11FB470B77F}.tao_osg_vep_dbg.Build.0 = tao_osg_vep_dbg|Win32
		{6EB56A33-7EB4-43B4-A5EB-F11FB470B77F}.tao_pf_dbg.ActiveCfg = tao_pf_dbg|Win32
		{6EB56A33-7EB4-43B4-A5EB-F11FB470B77F}.tao_pf_dbg.Build.0 = tao_pf_dbg|Win32
		{BCEA6B36-558C-4D70-8C43-D69E5EB68AF7}.Builder_Tools.ActiveCfg = tao_dbg|Win32
		{BCEA6B36-558C-4D70-8C43-D69E5EB68AF7}.dbg.ActiveCfg = tao_dbg|Win32
		{BCEA6B36-558C-4D70-8C43-D69E5EB68AF7}.dbg.Build.0 = tao_dbg|Win32
		{BCEA6B36-558C-4D70-8C43-D69E5EB68AF7}.Debug.ActiveCfg = tao_dbg|Win32
		{BCEA6B36-558C-4D70-8C43-D69E5EB68AF7}.Debug.Build.0 = tao_dbg|Win32
		{BCEA6B36-558C-4D70-8C43-D69E5EB68AF7}.Release.ActiveCfg = Release|Win32
		{BCEA6B36-558C-4D70-8C43-D69E5EB68AF7}.Release.Build.0 = Release|Win32
		{BCEA6B36-558C-4D70-8C43-D69E5EB68AF7}.tao_osg_dbg.ActiveCfg = tao_dbg|Win32
		{BCEA6B36-558C-4D70-8C43-D69E5EB68AF7}.tao_osg_dbg.Build.0 = tao_dbg|Win32
		{BCEA6B36-558C-4D70-8C43-D69E5EB68AF7}.tao_osg_vep_cluster_dbg.ActiveCfg = tao_dbg|Win32
		{BCEA6B36-558C-4D70-8C43-D69E5EB68AF7}.tao_osg_vep_dbg.ActiveCfg = tao_dbg|Win32
		{BCEA6B36-558C-4D70-8C43-D69E5EB68AF7}.tao_osg_vep_dbg.Build.0 = tao_dbg|Win32
		{BCEA6B36-558C-4D70-8C43-D69E5EB68AF7}.tao_pf_dbg.ActiveCfg = tao_dbg|Win32
		{BCEA6B36-558C-4D70-8C43-D69E5EB68AF7}.tao_pf_dbg.Build.0 = tao_dbg|Win32
		{3BDA598D-7DFD-4926-82E9-68528528A715}.Builder_Tools.ActiveCfg = dbg|Win32
		{3BDA598D-7DFD-4926-82E9-68528528A715}.dbg.ActiveCfg = dbg|Win32
		{3BDA598D-7DFD-4926-82E9-68528528A715}.dbg.Build.0 = dbg|Win32
		{3BDA598D-7DFD-4926-82E9-68528528A715}.Debug.ActiveCfg = dbg|Win32
		{3BDA598D-7DFD-4926-82E9-68528528A715}.Debug.Build.0 = dbg|Win32
		{3BDA598D-7DFD-4926-82E9-68528528A715}.Release.ActiveCfg = Release|Win32
		{3BDA598D-7DFD-4926-82E9-68528528A715}.Release.Build.0 = Release|Win32
		{3BDA598D-7DFD-4926-82E9-68528528A715}.tao_osg_dbg.ActiveCfg = dbg|Win32
		{3BDA598D-7DFD-4926-82E9-68528528A715}.tao_osg_dbg.Build.0 = dbg|Win32
		{3BDA598D-7DFD-4926-82E9-68528528A715}.tao_osg_vep_cluster_dbg.ActiveCfg = dbg|Win32
		{3BDA598D-7DFD-4926-82E9-68528528A715}.tao_osg_vep_cluster_dbg.Build.0 = dbg|Win32
		{3BDA598D-7DFD-4926-82E9-68528528A715}.tao_osg_vep_dbg.ActiveCfg = dbg|Win32
		{3BDA598D-7DFD-4926-82E9-68528528A715}.tao_osg_vep_dbg.Build.0 = dbg|Win32
		{3BDA598D-7DFD-4926-82E9-68528528A715}.tao_pf_dbg.ActiveCfg = dbg|Win32
		{3BDA598D-7DFD-4926-82E9-68528528A715}.tao_pf_dbg.Build.0 = dbg|Win32
		{BABE88BF-50EE-4E66-84BB-7B801E9FD01F}.Builder_Tools.ActiveCfg = tao_osg_dbg|Win32
		{BABE88BF-50EE-4E66-84BB-7B801E9FD01F}.dbg.ActiveCfg = tao_osg_dbg|Win32
		{BABE88BF-50EE-4E66-84BB-7B801E9FD01F}.dbg.Build.0 = tao_osg_dbg|Win32
		{BABE88BF-50EE-4E66-84BB-7B801E9FD01F}.Debug.ActiveCfg = tao_osg_dbg|Win32
		{BABE88BF-50EE-4E66-84BB-7B801E9FD01F}.Debug.Build.0 = tao_osg_dbg|Win32
		{BABE88BF-50EE-4E66-84BB-7B801E9FD01F}.Release.ActiveCfg = Release|Win32
		{BABE88BF-50EE-4E66-84BB-7B801E9FD01F}.Release.Build.0 = Release|Win32
		{BABE88BF-50EE-4E66-84BB-7B801E9FD01F}.tao_osg_dbg.ActiveCfg = tao_osg_dbg|Win32
		{BABE88BF-50EE-4E66-84BB-7B801E9FD01F}.tao_osg_dbg.Build.0 = tao_osg_dbg|Win32
		{BABE88BF-50EE-4E66-84BB-7B801E9FD01F}.tao_osg_vep_cluster_dbg.ActiveCfg = tao_osg_dbg|Win32
		{BABE88BF-50EE-4E66-84BB-7B801E9FD01F}.tao_osg_vep_cluster_dbg.Build.0 = tao_osg_dbg|Win32
		{BABE88BF-50EE-4E66-84BB-7B801E9FD01F}.tao_osg_vep_dbg.ActiveCfg = tao_osg_dbg|Win32
		{BABE88BF-50EE-4E66-84BB-7B801E9FD01F}.tao_osg_vep_dbg.Build.0 = tao_osg_dbg|Win32
		{BABE88BF-50EE-4E66-84BB-7B801E9FD01F}.tao_pf_dbg.ActiveCfg = tao_pf_dbg|Win32
		{BABE88BF-50EE-4E66-84BB-7B801E9FD01F}.tao_pf_dbg.Build.0 = tao_pf_dbg|Win32
		{398FF31C-58CE-4A0A-A288-BC3917FC920A}.Builder_Tools.ActiveCfg = pf_opt|Win32
		{398FF31C-58CE-4A0A-A288-BC3917FC920A}.dbg.ActiveCfg = pf_dbg|Win32
		{398FF31C-58CE-4A0A-A288-BC3917FC920A}.dbg.Build.0 = pf_dbg|Win32
		{398FF31C-58CE-4A0A-A288-BC3917FC920A}.Debug.ActiveCfg = pf_opt|Win32
		{398FF31C-58CE-4A0A-A288-BC3917FC920A}.Debug.Build.0 = pf_opt|Win32
		{398FF31C-58CE-4A0A-A288-BC3917FC920A}.Release.ActiveCfg = Release|Win32
		{398FF31C-58CE-4A0A-A288-BC3917FC920A}.Release.Build.0 = Release|Win32
		{398FF31C-58CE-4A0A-A288-BC3917FC920A}.tao_osg_dbg.ActiveCfg = osg_dbg|Win32
		{398FF31C-58CE-4A0A-A288-BC3917FC920A}.tao_osg_dbg.Build.0 = osg_dbg|Win32
		{398FF31C-58CE-4A0A-A288-BC3917FC920A}.tao_osg_vep_cluster_dbg.ActiveCfg = osg_vep_dbg|Win32
		{398FF31C-58CE-4A0A-A288-BC3917FC920A}.tao_osg_vep_cluster_dbg.Build.0 = osg_vep_dbg|Win32
		{398FF31C-58CE-4A0A-A288-BC3917FC920A}.tao_osg_vep_dbg.ActiveCfg = osg_vep_dbg|Win32
		{398FF31C-58CE-4A0A-A288-BC3917FC920A}.tao_osg_vep_dbg.Build.0 = osg_vep_dbg|Win32
		{398FF31C-58CE-4A0A-A288-BC3917FC920A}.tao_pf_dbg.ActiveCfg = pf_dbg|Win32
		{398FF31C-58CE-4A0A-A288-BC3917FC920A}.tao_pf_dbg.Build.0 = pf_dbg|Win32
		{398FF31C-58CE-4A0A-A288-BC3917FC9200}.Builder_Tools.ActiveCfg = pf_opt|Win32
		{398FF31C-58CE-4A0A-A288-BC3917FC9200}.dbg.ActiveCfg = pf_dbg|Win32
		{398FF31C-58CE-4A0A-A288-BC3917FC9200}.dbg.Build.0 = pf_dbg|Win32
		{398FF31C-58CE-4A0A-A288-BC3917FC9200}.Debug.ActiveCfg = pf_opt|Win32
		{398FF31C-58CE-4A0A-A288-BC3917FC9200}.Debug.Build.0 = pf_opt|Win32
		{398FF31C-58CE-4A0A-A288-BC3917FC9200}.Release.ActiveCfg = Release|Win32
		{398FF31C-58CE-4A0A-A288-BC3917FC9200}.tao_osg_dbg.ActiveCfg = osg_dbg|Win32
		{398FF31C-58CE-4A0A-A288-BC3917FC9200}.tao_osg_dbg.Build.0 = osg_dbg|Win32
		{398FF31C-58CE-4A0A-A288-BC3917FC9200}.tao_osg_vep_cluster_dbg.ActiveCfg = osg_vep_dbg|Win32
		{398FF31C-58CE-4A0A-A288-BC3917FC9200}.tao_osg_vep_cluster_dbg.Build.0 = osg_vep_dbg|Win32
		{398FF31C-58CE-4A0A-A288-BC3917FC9200}.tao_osg_vep_dbg.ActiveCfg = osg_vep_dbg|Win32
		{398FF31C-58CE-4A0A-A288-BC3917FC9200}.tao_osg_vep_dbg.Build.0 = osg_vep_dbg|Win32
		{398FF31C-58CE-4A0A-A288-BC3917FC9200}.tao_pf_dbg.ActiveCfg = pf_dbg|Win32
		{398FF31C-58CE-4A0A-A288-BC3917FC9200}.tao_pf_dbg.Build.0 = pf_dbg|Win32
		{6EB56A33-7EB4-43B4-A5ED-F11FB470B77F}.Builder_Tools.ActiveCfg = dbg|Win32
		{6EB56A33-7EB4-43B4-A5ED-F11FB470B77F}.Builder_Tools.Build.0 = dbg|Win32
		{6EB56A33-7EB4-43B4-A5ED-F11FB470B77F}.dbg.ActiveCfg = dbg|Win32
		{6EB56A33-7EB4-43B4-A5ED-F11FB470B77F}.dbg.Build.0 = dbg|Win32
		{6EB56A33-7EB4-43B4-A5ED-F11FB470B77F}.Debug.ActiveCfg = dbg|Win32
		{6EB56A33-7EB4-43B4-A5ED-F11FB470B77F}.Debug.Build.0 = dbg|Win32
		{6EB56A33-7EB4-43B4-A5ED-F11FB470B77F}.Release.ActiveCfg = Release|Win32
		{6EB56A33-7EB4-43B4-A5ED-F11FB470B77F}.tao_osg_dbg.ActiveCfg = dbg|Win32
		{6EB56A33-7EB4-43B4-A5ED-F11FB470B77F}.tao_osg_dbg.Build.0 = dbg|Win32
		{6EB56A33-7EB4-43B4-A5ED-F11FB470B77F}.tao_osg_vep_cluster_dbg.ActiveCfg = dbg|Win32
		{6EB56A33-7EB4-43B4-A5ED-F11FB470B77F}.tao_osg_vep_cluster_dbg.Build.0 = dbg|Win32
		{6EB56A33-7EB4-43B4-A5ED-F11FB470B77F}.tao_osg_vep_dbg.ActiveCfg = dbg|Win32
		{6EB56A33-7EB4-43B4-A5ED-F11FB470B77F}.tao_osg_vep_dbg.Build.0 = dbg|Win32
		{6EB56A33-7EB4-43B4-A5ED-F11FB470B77F}.tao_pf_dbg.ActiveCfg = dbg|Win32
		{6EB56A33-7EB4-43B4-A5ED-F11FB470B77F}.tao_pf_dbg.Build.0 = dbg|Win32
		{6EB56A33-7EB4-47B4-A5EB-F11FB470B77F}.Builder_Tools.ActiveCfg = tao_osg_dbg|Win32
		{6EB56A33-7EB4-47B4-A5EB-F11FB470B77F}.dbg.ActiveCfg = tao_osg_vep_dbg|Win32
		{6EB56A33-7EB4-47B4-A5EB-F11FB470B77F}.dbg.Build.0 = tao_osg_vep_dbg|Win32
		{6EB56A33-7EB4-47B4-A5EB-F11FB470B77F}.Debug.ActiveCfg = tao_osg_vep_dbg|Win32
		{6EB56A33-7EB4-47B4-A5EB-F11FB470B77F}.Debug.Build.0 = tao_osg_vep_dbg|Win32
		{6EB56A33-7EB4-47B4-A5EB-F11FB470B77F}.Release.ActiveCfg = Release|Win32
		{6EB56A33-7EB4-47B4-A5EB-F11FB470B77F}.tao_osg_dbg.ActiveCfg = tao_osg_dbg|Win32
		{6EB56A33-7EB4-47B4-A5EB-F11FB470B77F}.tao_osg_dbg.Build.0 = tao_osg_dbg|Win32
		{6EB56A33-7EB4-47B4-A5EB-F11FB470B77F}.tao_osg_vep_cluster_dbg.ActiveCfg = tao_osg_vep_dbg|Win32
		{6EB56A33-7EB4-47B4-A5EB-F11FB470B77F}.tao_osg_vep_cluster_dbg.Build.0 = tao_osg_vep_dbg|Win32
		{6EB56A33-7EB4-47B4-A5EB-F11FB470B77F}.tao_osg_vep_dbg.ActiveCfg = tao_osg_vep_dbg|Win32
		{6EB56A33-7EB4-47B4-A5EB-F11FB470B77F}.tao_osg_vep_dbg.Build.0 = tao_osg_vep_dbg|Win32
		{6EB56A33-7EB4-47B4-A5EB-F11FB470B77F}.tao_pf_dbg.ActiveCfg = tao_pf_dbg|Win32
		{6EB56A33-7EB4-47B4-A5EB-F11FB470B77F}.tao_pf_dbg.Build.0 = tao_pf_dbg|Win32
		{3BDA598D-7DFD-4926-82E9-68528528A716}.Builder_Tools.ActiveCfg = dbg|Win32
		{3BDA598D-7DFD-4926-82E9-68528528A716}.dbg.ActiveCfg = dbg|Win32
		{3BDA598D-7DFD-4926-82E9-68528528A716}.dbg.Build.0 = dbg|Win32
		{3BDA598D-7DFD-4926-82E9-68528528A716}.Debug.ActiveCfg = dbg|Win32
		{3BDA598D-7DFD-4926-82E9-68528528A716}.Debug.Build.0 = dbg|Win32
		{3BDA598D-7DFD-4926-82E9-68528528A716}.Release.ActiveCfg = Release|Win32
		{3BDA598D-7DFD-4926-82E9-68528528A716}.tao_osg_dbg.ActiveCfg = dbg|Win32
		{3BDA598D-7DFD-4926-82E9-68528528A716}.tao_osg_dbg.Build.0 = dbg|Win32
		{3BDA598D-7DFD-4926-82E9-68528528A716}.tao_osg_vep_cluster_dbg.ActiveCfg = dbg|Win32
		{3BDA598D-7DFD-4926-82E9-68528528A716}.tao_osg_vep_cluster_dbg.Build.0 = dbg|Win32
		{3BDA598D-7DFD-4926-82E9-68528528A716}.tao_osg_vep_dbg.ActiveCfg = dbg|Win32
		{3BDA598D-7DFD-4926-82E9-68528528A716}.tao_osg_vep_dbg.Build.0 = dbg|Win32
		{3BDA598D-7DFD-4926-82E9-68528528A716}.tao_pf_dbg.ActiveCfg = dbg|Win32
		{3BDA598D-7DFD-4926-82E9-68528528A716}.tao_pf_dbg.Build.0 = dbg|Win32
		{62B3D30E-0B3D-4348-933D-97E8792ABFDE}.Builder_Tools.ActiveCfg = Debug|Win32
		{62B3D30E-0B3D-4348-933D-97E8792ABFDE}.Builder_Tools.Build.0 = Debug|Win32
		{62B3D30E-0B3D-4348-933D-97E8792ABFDE}.dbg.ActiveCfg = Debug|Win32
		{62B3D30E-0B3D-4348-933D-97E8792ABFDE}.dbg.Build.0 = Debug|Win32
		{62B3D30E-0B3D-4348-933D-97E8792ABFDE}.Debug.ActiveCfg = Debug|Win32
		{62B3D30E-0B3D-4348-933D-97E8792ABFDE}.Debug.Build.0 = Debug|Win32
		{62B3D30E-0B3D-4348-933D-97E8792ABFDE}.Release.ActiveCfg = Release|Win32
		{62B3D30E-0B3D-4348-933D-97E8792ABFDE}.Release.Build.0 = Release|Win32
		{62B3D30E-0B3D-4348-933D-97E8792ABFDE}.tao_osg_dbg.ActiveCfg = Debug|Win32
		{62B3D30E-0B3D-4348-933D-97E8792ABFDE}.tao_osg_vep_cluster_dbg.ActiveCfg = Debug|Win32
		{62B3D30E-0B3D-4348-933D-97E8792ABFDE}.tao_osg_vep_dbg.ActiveCfg = Debug|Win32
		{62B3D30E-0B3D-4348-933D-97E8792ABFDE}.tao_pf_dbg.ActiveCfg = Debug|Win32
		{90C2B6FD-209E-45D8-BDED-1AEA1CA90E14}.Builder_Tools.ActiveCfg = Debug|Win32
		{90C2B6FD-209E-45D8-BDED-1AEA1CA90E14}.Builder_Tools.Build.0 = Debug|Win32
		{90C2B6FD-209E-45D8-BDED-1AEA1CA90E14}.dbg.ActiveCfg = Debug|Win32
		{90C2B6FD-209E-45D8-BDED-1AEA1CA90E14}.dbg.Build.0 = Debug|Win32
		{90C2B6FD-209E-45D8-BDED-1AEA1CA90E14}.Debug.ActiveCfg = Debug|Win32
		{90C2B6FD-209E-45D8-BDED-1AEA1CA90E14}.Debug.Build.0 = Debug|Win32
		{90C2B6FD-209E-45D8-BDED-1AEA1CA90E14}.Release.ActiveCfg = Release|Win32
		{90C2B6FD-209E-45D8-BDED-1AEA1CA90E14}.Release.Build.0 = Release|Win32
		{90C2B6FD-209E-45D8-BDED-1AEA1CA90E14}.tao_osg_dbg.ActiveCfg = Debug|Win32
		{90C2B6FD-209E-45D8-BDED-1AEA1CA90E14}.tao_osg_vep_cluster_dbg.ActiveCfg = Debug|Win32
		{90C2B6FD-209E-45D8-BDED-1AEA1CA90E14}.tao_osg_vep_dbg.ActiveCfg = Debug|Win32
		{90C2B6FD-209E-45D8-BDED-1AEA1CA90E14}.tao_pf_dbg.ActiveCfg = Debug|Win32
		{DDAC25AA-FE00-4DC7-AEEB-E2CB732E0A7B}.Builder_Tools.ActiveCfg = Debug|Win32
		{DDAC25AA-FE00-4DC7-AEEB-E2CB732E0A7B}.Builder_Tools.Build.0 = Debug|Win32
		{DDAC25AA-FE00-4DC7-AEEB-E2CB732E0A7B}.dbg.ActiveCfg = Debug|Win32
		{DDAC25AA-FE00-4DC7-AEEB-E2CB732E0A7B}.dbg.Build.0 = Debug|Win32
		{DDAC25AA-FE00-4DC7-AEEB-E2CB732E0A7B}.Debug.ActiveCfg = Debug|Win32
		{DDAC25AA-FE00-4DC7-AEEB-E2CB732E0A7B}.Debug.Build.0 = Debug|Win32
		{DDAC25AA-FE00-4DC7-AEEB-E2CB732E0A7B}.Release.ActiveCfg = Release|Win32
		{DDAC25AA-FE00-4DC7-AEEB-E2CB732E0A7B}.Release.Build.0 = Release|Win32
		{DDAC25AA-FE00-4DC7-AEEB-E2CB732E0A7B}.tao_osg_dbg.ActiveCfg = Debug|Win32
		{DDAC25AA-FE00-4DC7-AEEB-E2CB732E0A7B}.tao_osg_vep_cluster_dbg.ActiveCfg = Debug|Win32
		{DDAC25AA-FE00-4DC7-AEEB-E2CB732E0A7B}.tao_osg_vep_dbg.ActiveCfg = Debug|Win32
		{DDAC25AA-FE00-4DC7-AEEB-E2CB732E0A7B}.tao_pf_dbg.ActiveCfg = Debug|Win32
		{EDEEFC20-C5B2-4070-89D7-F5472115E585}.Builder_Tools.ActiveCfg = Debug|Win32
		{EDEEFC20-C5B2-4070-89D7-F5472115E585}.Builder_Tools.Build.0 = Debug|Win32
		{EDEEFC20-C5B2-4070-89D7-F5472115E585}.dbg.ActiveCfg = Debug|Win32
		{EDEEFC20-C5B2-4070-89D7-F5472115E585}.dbg.Build.0 = Debug|Win32
		{EDEEFC20-C5B2-4070-89D7-F5472115E585}.Debug.ActiveCfg = Debug|Win32
		{EDEEFC20-C5B2-4070-89D7-F5472115E585}.Debug.Build.0 = Debug|Win32
		{EDEEFC20-C5B2-4070-89D7-F5472115E585}.Release.ActiveCfg = Release|Win32
		{EDEEFC20-C5B2-4070-89D7-F5472115E585}.Release.Build.0 = Release|Win32
		{EDEEFC20-C5B2-4070-89D7-F5472115E585}.tao_osg_dbg.ActiveCfg = Debug|Win32
		{EDEEFC20-C5B2-4070-89D7-F5472115E585}.tao_osg_vep_cluster_dbg.ActiveCfg = Debug|Win32
		{EDEEFC20-C5B2-4070-89D7-F5472115E585}.tao_osg_vep_dbg.ActiveCfg = Debug|Win32
		{EDEEFC20-C5B2-4070-89D7-F5472115E585}.tao_pf_dbg.ActiveCfg = Debug|Win32
		{7147B67B-253B-4281-B7DC-5B22842B76E3}.Builder_Tools.ActiveCfg = Debug|Win32
		{7147B67B-253B-4281-B7DC-5B22842B76E3}.Builder_Tools.Build.0 = Debug|Win32
		{7147B67B-253B-4281-B7DC-5B22842B76E3}.dbg.ActiveCfg = Debug|Win32
		{7147B67B-253B-4281-B7DC-5B22842B76E3}.dbg.Build.0 = Debug|Win32
		{7147B67B-253B-4281-B7DC-5B22842B76E3}.Debug.ActiveCfg = Debug|Win32
		{7147B67B-253B-4281-B7DC-5B22842B76E3}.Debug.Build.0 = Debug|Win32
		{7147B67B-253B-4281-B7DC-5B22842B76E3}.Release.ActiveCfg = Release|Win32
		{7147B67B-253B-4281-B7DC-5B22842B76E3}.Release.Build.0 = Release|Win32
		{7147B67B-253B-4281-B7DC-5B22842B76E3}.tao_osg_dbg.ActiveCfg = Debug|Win32
		{7147B67B-253B-4281-B7DC-5B22842B76E3}.tao_osg_vep_cluster_dbg.ActiveCfg = Debug|Win32
		{7147B67B-253B-4281-B7DC-5B22842B76E3}.tao_osg_vep_dbg.ActiveCfg = Debug|Win32
		{7147B67B-253B-4281-B7DC-5B22842B76E3}.tao_pf_dbg.ActiveCfg = Debug|Win32
		{8698FC83-6D5C-4911-9052-DC3A7EE1A472}.Builder_Tools.ActiveCfg = Debug|Win32
		{8698FC83-6D5C-4911-9052-DC3A7EE1A472}.Builder_Tools.Build.0 = Debug|Win32
		{8698FC83-6D5C-4911-9052-DC3A7EE1A472}.dbg.ActiveCfg = Debug|Win32
		{8698FC83-6D5C-4911-9052-DC3A7EE1A472}.dbg.Build.0 = Debug|Win32
		{8698FC83-6D5C-4911-9052-DC3A7EE1A472}.Debug.ActiveCfg = Debug|Win32
		{8698FC83-6D5C-4911-9052-DC3A7EE1A472}.Debug.Build.0 = Debug|Win32
		{8698FC83-6D5C-4911-9052-DC3A7EE1A472}.Release.ActiveCfg = Release|Win32
		{8698FC83-6D5C-4911-9052-DC3A7EE1A472}.Release.Build.0 = Release|Win32
		{8698FC83-6D5C-4911-9052-DC3A7EE1A472}.tao_osg_dbg.ActiveCfg = Debug|Win32
		{8698FC83-6D5C-4911-9052-DC3A7EE1A472}.tao_osg_vep_cluster_dbg.ActiveCfg = Debug|Win32
		{8698FC83-6D5C-4911-9052-DC3A7EE1A472}.tao_osg_vep_dbg.ActiveCfg = Debug|Win32
		{8698FC83-6D5C-4911-9052-DC3A7EE1A472}.tao_pf_dbg.ActiveCfg = Debug|Win32
		{B09F96C9-B4C1-45BC-9CB7-FD37C7A7ABB9}.Builder_Tools.ActiveCfg = Debug|Win32
		{B09F96C9-B4C1-45BC-9CB7-FD37C7A7ABB9}.Builder_Tools.Build.0 = Debug|Win32
		{B09F96C9-B4C1-45BC-9CB7-FD37C7A7ABB9}.dbg.ActiveCfg = Debug|Win32
		{B09F96C9-B4C1-45BC-9CB7-FD37C7A7ABB9}.dbg.Build.0 = Debug|Win32
		{B09F96C9-B4C1-45BC-9CB7-FD37C7A7ABB9}.Debug.ActiveCfg = Debug|Win32
		{B09F96C9-B4C1-45BC-9CB7-FD37C7A7ABB9}.Debug.Build.0 = Debug|Win32
		{B09F96C9-B4C1-45BC-9CB7-FD37C7A7ABB9}.Release.ActiveCfg = Release|Win32
		{B09F96C9-B4C1-45BC-9CB7-FD37C7A7ABB9}.Release.Build.0 = Release|Win32
		{B09F96C9-B4C1-45BC-9CB7-FD37C7A7ABB9}.tao_osg_dbg.ActiveCfg = Debug|Win32
		{B09F96C9-B4C1-45BC-9CB7-FD37C7A7ABB9}.tao_osg_vep_cluster_dbg.ActiveCfg = Debug|Win32
		{B09F96C9-B4C1-45BC-9CB7-FD37C7A7ABB9}.tao_osg_vep_dbg.ActiveCfg = Debug|Win32
		{B09F96C9-B4C1-45BC-9CB7-FD37C7A7ABB9}.tao_pf_dbg.ActiveCfg = Debug|Win32
		{9A72CAD3-89E5-489F-A796-64B8FEBF6883}.Builder_Tools.ActiveCfg = Debug|Win32
		{9A72CAD3-89E5-489F-A796-64B8FEBF6883}.Builder_Tools.Build.0 = Debug|Win32
		{9A72CAD3-89E5-489F-A796-64B8FEBF6883}.dbg.ActiveCfg = Debug|Win32
		{9A72CAD3-89E5-489F-A796-64B8FEBF6883}.dbg.Build.0 = Debug|Win32
		{9A72CAD3-89E5-489F-A796-64B8FEBF6883}.Debug.ActiveCfg = Debug|Win32
		{9A72CAD3-89E5-489F-A796-64B8FEBF6883}.Debug.Build.0 = Debug|Win32
		{9A72CAD3-89E5-489F-A796-64B8FEBF6883}.Release.ActiveCfg = Release|Win32
		{9A72CAD3-89E5-489F-A796-64B8FEBF6883}.Release.Build.0 = Release|Win32
		{9A72CAD3-89E5-489F-A796-64B8FEBF6883}.tao_osg_dbg.ActiveCfg = Debug|Win32
		{9A72CAD3-89E5-489F-A796-64B8FEBF6883}.tao_osg_vep_cluster_dbg.ActiveCfg = Debug|Win32
		{9A72CAD3-89E5-489F-A796-64B8FEBF6883}.tao_osg_vep_dbg.ActiveCfg = Debug|Win32
		{9A72CAD3-89E5-489F-A796-64B8FEBF6883}.tao_pf_dbg.ActiveCfg = Debug|Win32
		{04D2A915-EF0B-4DEB-81FA-1276722E596F}.Builder_Tools.ActiveCfg = Debug|Win32
		{04D2A915-EF0B-4DEB-81FA-1276722E596F}.Builder_Tools.Build.0 = Debug|Win32
		{04D2A915-EF0B-4DEB-81FA-1276722E596F}.dbg.ActiveCfg = Debug|Win32
		{04D2A915-EF0B-4DEB-81FA-1276722E596F}.dbg.Build.0 = Debug|Win32
		{04D2A915-EF0B-4DEB-81FA-1276722E596F}.Debug.ActiveCfg = Debug|Win32
		{04D2A915-EF0B-4DEB-81FA-1276722E596F}.Debug.Build.0 = Debug|Win32
		{04D2A915-EF0B-4DEB-81FA-1276722E596F}.Release.ActiveCfg = Release|Win32
		{04D2A915-EF0B-4DEB-81FA-1276722E596F}.Release.Build.0 = Release|Win32
		{04D2A915-EF0B-4DEB-81FA-1276722E596F}.tao_osg_dbg.ActiveCfg = Debug|Win32
		{04D2A915-EF0B-4DEB-81FA-1276722E596F}.tao_osg_vep_cluster_dbg.ActiveCfg = Debug|Win32
		{04D2A915-EF0B-4DEB-81FA-1276722E596F}.tao_osg_vep_dbg.ActiveCfg = Debug|Win32
		{04D2A915-EF0B-4DEB-81FA-1276722E596F}.tao_pf_dbg.ActiveCfg = Debug|Win32
		{B1F97683-FEEA-45CD-A379-746ED412F944}.Builder_Tools.ActiveCfg = Debug|Win32
		{B1F97683-FEEA-45CD-A379-746ED412F944}.Builder_Tools.Build.0 = Debug|Win32
		{B1F97683-FEEA-45CD-A379-746ED412F944}.dbg.ActiveCfg = Debug|Win32
		{B1F97683-FEEA-45CD-A379-746ED412F944}.dbg.Build.0 = Debug|Win32
		{B1F97683-FEEA-45CD-A379-746ED412F944}.Debug.ActiveCfg = Debug|Win32
		{B1F97683-FEEA-45CD-A379-746ED412F944}.Debug.Build.0 = Debug|Win32
		{B1F97683-FEEA-45CD-A379-746ED412F944}.Release.ActiveCfg = Release|Win32
		{B1F97683-FEEA-45CD-A379-746ED412F944}.Release.Build.0 = Release|Win32
		{B1F97683-FEEA-45CD-A379-746ED412F944}.tao_osg_dbg.ActiveCfg = Debug|Win32
		{B1F97683-FEEA-45CD-A379-746ED412F944}.tao_osg_vep_cluster_dbg.ActiveCfg = Debug|Win32
		{B1F97683-FEEA-45CD-A379-746ED412F944}.tao_osg_vep_dbg.ActiveCfg = Debug|Win32
		{B1F97683-FEEA-45CD-A379-746ED412F944}.tao_pf_dbg.ActiveCfg = Debug|Win32
		{B13AC6CA-AB5D-4DDE-AED7-33844F873CFA}.Builder_Tools.ActiveCfg = Debug|Win32
		{B13AC6CA-AB5D-4DDE-AED7-33844F873CFA}.Builder_Tools.Build.0 = Debug|Win32
		{B13AC6CA-AB5D-4DDE-AED7-33844F873CFA}.dbg.ActiveCfg = Debug|Win32
		{B13AC6CA-AB5D-4DDE-AED7-33844F873CFA}.dbg.Build.0 = Debug|Win32
		{B13AC6CA-AB5D-4DDE-AED7-33844F873CFA}.Debug.ActiveCfg = Debug|Win32
		{B13AC6CA-AB5D-4DDE-AED7-33844F873CFA}.Debug.Build.0 = Debug|Win32
		{B13AC6CA-AB5D-4DDE-AED7-33844F873CFA}.Release.ActiveCfg = Release|Win32
		{B13AC6CA-AB5D-4DDE-AED7-33844F873CFA}.Release.Build.0 = Release|Win32
		{B13AC6CA-AB5D-4DDE-AED7-33844F873CFA}.tao_osg_dbg.ActiveCfg = Debug|Win32
		{B13AC6CA-AB5D-4DDE-AED7-33844F873CFA}.tao_osg_vep_cluster_dbg.ActiveCfg = Debug|Win32
		{B13AC6CA-AB5D-4DDE-AED7-33844F873CFA}.tao_osg_vep_dbg.ActiveCfg = Debug|Win32
		{B13AC6CA-AB5D-4DDE-AED7-33844F873CFA}.tao_pf_dbg.ActiveCfg = Debug|Win32
		{16DABB5F-50F4-470B-BDE1-ADF8821D378A}.Builder_Tools.ActiveCfg = Debug|Win32
		{16DABB5F-50F4-470B-BDE1-ADF8821D378A}.Builder_Tools.Build.0 = Debug|Win32
		{16DABB5F-50F4-470B-BDE1-ADF8821D378A}.dbg.ActiveCfg = Debug|Win32
		{16DABB5F-50F4-470B-BDE1-ADF8821D378A}.dbg.Build.0 = Debug|Win32
		{16DABB5F-50F4-470B-BDE1-ADF8821D378A}.Debug.ActiveCfg = Debug|Win32
		{16DABB5F-50F4-470B-BDE1-ADF8821D378A}.Debug.Build.0 = Debug|Win32
		{16DABB5F-50F4-470B-BDE1-ADF8821D378A}.Release.ActiveCfg = Release|Win32
		{16DABB5F-50F4-470B-BDE1-ADF8821D378A}.Release.Build.0 = Release|Win32
		{16DABB5F-50F4-470B-BDE1-ADF8821D378A}.tao_osg_dbg.ActiveCfg = Debug|Win32
		{16DABB5F-50F4-470B-BDE1-ADF8821D378A}.tao_osg_vep_cluster_dbg.ActiveCfg = Debug|Win32
		{16DABB5F-50F4-470B-BDE1-ADF8821D378A}.tao_osg_vep_dbg.ActiveCfg = Debug|Win32
		{16DABB5F-50F4-470B-BDE1-ADF8821D378A}.tao_pf_dbg.ActiveCfg = Debug|Win32
		{47AEE068-9A93-42B6-B9E8-4C8E5F06A992}.Builder_Tools.ActiveCfg = Debug|Win32
		{47AEE068-9A93-42B6-B9E8-4C8E5F06A992}.Builder_Tools.Build.0 = Debug|Win32
		{47AEE068-9A93-42B6-B9E8-4C8E5F06A992}.dbg.ActiveCfg = Debug|Win32
		{47AEE068-9A93-42B6-B9E8-4C8E5F06A992}.dbg.Build.0 = Debug|Win32
		{47AEE068-9A93-42B6-B9E8-4C8E5F06A992}.Debug.ActiveCfg = Debug|Win32
		{47AEE068-9A93-42B6-B9E8-4C8E5F06A992}.Debug.Build.0 = Debug|Win32
		{47AEE068-9A93-42B6-B9E8-4C8E5F06A992}.Release.ActiveCfg = Release|Win32
		{47AEE068-9A93-42B6-B9E8-4C8E5F06A992}.Release.Build.0 = Release|Win32
		{47AEE068-9A93-42B6-B9E8-4C8E5F06A992}.tao_osg_dbg.ActiveCfg = Debug|Win32
		{47AEE068-9A93-42B6-B9E8-4C8E5F06A992}.tao_osg_vep_cluster_dbg.ActiveCfg = Debug|Win32
		{47AEE068-9A93-42B6-B9E8-4C8E5F06A992}.tao_osg_vep_dbg.ActiveCfg = Debug|Win32
		{47AEE068-9A93-42B6-B9E8-4C8E5F06A992}.tao_pf_dbg.ActiveCfg = Debug|Win32
		{078344D6-A03A-4003-BA1A-3E16B2B98DD4}.Builder_Tools.ActiveCfg = Debug|Win32
		{078344D6-A03A-4003-BA1A-3E16B2B98DD4}.Builder_Tools.Build.0 = Debug|Win32
		{078344D6-A03A-4003-BA1A-3E16B2B98DD4}.dbg.ActiveCfg = Debug|Win32
		{078344D6-A03A-4003-BA1A-3E16B2B98DD4}.dbg.Build.0 = Debug|Win32
		{078344D6-A03A-4003-BA1A-3E16B2B98DD4}.Debug.ActiveCfg = Debug|Win32
		{078344D6-A03A-4003-BA1A-3E16B2B98DD4}.Debug.Build.0 = Debug|Win32
		{078344D6-A03A-4003-BA1A-3E16B2B98DD4}.Release.ActiveCfg = Release|Win32
		{078344D6-A03A-4003-BA1A-3E16B2B98DD4}.Release.Build.0 = Release|Win32
		{078344D6-A03A-4003-BA1A-3E16B2B98DD4}.tao_osg_dbg.ActiveCfg = Debug|Win32
		{078344D6-A03A-4003-BA1A-3E16B2B98DD4}.tao_osg_vep_cluster_dbg.ActiveCfg = Debug|Win32
		{078344D6-A03A-4003-BA1A-3E16B2B98DD4}.tao_osg_vep_dbg.ActiveCfg = Debug|Win32
		{078344D6-A03A-4003-BA1A-3E16B2B98DD4}.tao_pf_dbg.ActiveCfg = Debug|Win32
		{4CDC8A2D-66C9-4DEF-B4FF-5A6069D238E9}.Builder_Tools.ActiveCfg = Debug|Win32
		{4CDC8A2D-66C9-4DEF-B4FF-5A6069D238E9}.Builder_Tools.Build.0 = Debug|Win32
		{4CDC8A2D-66C9-4DEF-B4FF-5A6069D238E9}.dbg.ActiveCfg = Debug|Win32
		{4CDC8A2D-66C9-4DEF-B4FF-5A6069D238E9}.dbg.Build.0 = Debug|Win32
		{4CDC8A2D-66C9-4DEF-B4FF-5A6069D238E9}.Debug.ActiveCfg = Debug|Win32
		{4CDC8A2D-66C9-4DEF-B4FF-5A6069D238E9}.Debug.Build.0 = Debug|Win32
		{4CDC8A2D-66C9-4DEF-B4FF-5A6069D238E9}.Release.ActiveCfg = Release|Win32
		{4CDC8A2D-66C9-4DEF-B4FF-5A6069D238E9}.Release.Build.0 = Release|Win32
		{4CDC8A2D-66C9-4DEF-B4FF-5A6069D238E9}.tao_osg_dbg.ActiveCfg = Debug|Win32
		{4CDC8A2D-66C9-4DEF-B4FF-5A6069D238E9}.tao_osg_vep_cluster_dbg.ActiveCfg = Debug|Win32
		{4CDC8A2D-66C9-4DEF-B4FF-5A6069D238E9}.tao_osg_vep_dbg.ActiveCfg = Debug|Win32
		{4CDC8A2D-66C9-4DEF-B4FF-5A6069D238E9}.tao_pf_dbg.ActiveCfg = Debug|Win32
		{AB821FFF-5DFD-49CB-A342-6FDB8C2213B9}.Builder_Tools.ActiveCfg = Debug|Win32
		{AB821FFF-5DFD-49CB-A342-6FDB8C2213B9}.Builder_Tools.Build.0 = Debug|Win32
		{AB821FFF-5DFD-49CB-A342-6FDB8C2213B9}.dbg.ActiveCfg = Debug|Win32
		{AB821FFF-5DFD-49CB-A342-6FDB8C2213B9}.dbg.Build.0 = Debug|Win32
		{AB821FFF-5DFD-49CB-A342-6FDB8C2213B9}.Debug.ActiveCfg = Debug|Win32
		{AB821FFF-5DFD-49CB-A342-6FDB8C2213B9}.Debug.Build.0 = Debug|Win32
		{AB821FFF-5DFD-49CB-A342-6FDB8C2213B9}.Release.ActiveCfg = Release|Win32
		{AB821FFF-5DFD-49CB-A342-6FDB8C2213B9}.Release.Build.0 = Release|Win32
		{AB821FFF-5DFD-49CB-A342-6FDB8C2213B9}.tao_osg_dbg.ActiveCfg = Debug|Win32
		{AB821FFF-5DFD-49CB-A342-6FDB8C2213B9}.tao_osg_vep_cluster_dbg.ActiveCfg = Debug|Win32
		{AB821FFF-5DFD-49CB-A342-6FDB8C2213B9}.tao_osg_vep_dbg.ActiveCfg = Debug|Win32
		{AB821FFF-5DFD-49CB-A342-6FDB8C2213B9}.tao_pf_dbg.ActiveCfg = Debug|Win32
		{C203151E-63A2-4060-9FBE-A45D400389DB}.Builder_Tools.ActiveCfg = Debug|Win32
		{C203151E-63A2-4060-9FBE-A45D400389DB}.Builder_Tools.Build.0 = Debug|Win32
		{C203151E-63A2-4060-9FBE-A45D400389DB}.dbg.ActiveCfg = Debug|Win32
		{C203151E-63A2-4060-9FBE-A45D400389DB}.dbg.Build.0 = Debug|Win32
		{C203151E-63A2-4060-9FBE-A45D400389DB}.Debug.ActiveCfg = Debug|Win32
		{C203151E-63A2-4060-9FBE-A45D400389DB}.Debug.Build.0 = Debug|Win32
		{C203151E-63A2-4060-9FBE-A45D400389DB}.Release.ActiveCfg = Release|Win32
		{C203151E-63A2-4060-9FBE-A45D400389DB}.Release.Build.0 = Release|Win32
		{C203151E-63A2-4060-9FBE-A45D400389DB}.tao_osg_dbg.ActiveCfg = Debug|Win32
		{C203151E-63A2-4060-9FBE-A45D400389DB}.tao_osg_vep_cluster_dbg.ActiveCfg = Debug|Win32
		{C203151E-63A2-4060-9FBE-A45D400389DB}.tao_osg_vep_dbg.ActiveCfg = Debug|Win32
		{C203151E-63A2-4060-9FBE-A45D400389DB}.tao_pf_dbg.ActiveCfg = Debug|Win32
		{0204BA90-C95C-4BF3-B52E-64D6C552877D}.Builder_Tools.ActiveCfg = Debug|Win32
		{0204BA90-C95C-4BF3-B52E-64D6C552877D}.Builder_Tools.Build.0 = Debug|Win32
		{0204BA90-C95C-4BF3-B52E-64D6C552877D}.dbg.ActiveCfg = Debug|Win32
		{0204BA90-C95C-4BF3-B52E-64D6C552877D}.dbg.Build.0 = Debug|Win32
		{0204BA90-C95C-4BF3-B52E-64D6C552877D}.Debug.ActiveCfg = Debug|Win32
		{0204BA90-C95C-4BF3-B52E-64D6C552877D}.Debug.Build.0 = Debug|Win32
		{0204BA90-C95C-4BF3-B52E-64D6C552877D}.Release.ActiveCfg = Release|Win32
		{0204BA90-C95C-4BF3-B52E-64D6C552877D}.Release.Build.0 = Release|Win32
		{0204BA90-C95C-4BF3-B52E-64D6C552877D}.tao_osg_dbg.ActiveCfg = Debug|Win32
		{0204BA90-C95C-4BF3-B52E-64D6C552877D}.tao_osg_vep_cluster_dbg.ActiveCfg = Debug|Win32
		{0204BA90-C95C-4BF3-B52E-64D6C552877D}.tao_osg_vep_dbg.ActiveCfg = Debug|Win32
		{0204BA90-C95C-4BF3-B52E-64D6C552877D}.tao_pf_dbg.ActiveCfg = Debug|Win32
		{C7B0C536-8D2A-440C-973F-B0D0515D64A6}.Builder_Tools.ActiveCfg = Debug|Win32
		{C7B0C536-8D2A-440C-973F-B0D0515D64A6}.Builder_Tools.Build.0 = Debug|Win32
		{C7B0C536-8D2A-440C-973F-B0D0515D64A6}.dbg.ActiveCfg = Debug|Win32
		{C7B0C536-8D2A-440C-973F-B0D0515D64A6}.dbg.Build.0 = Debug|Win32
		{C7B0C536-8D2A-440C-973F-B0D0515D64A6}.Debug.ActiveCfg = Debug|Win32
		{C7B0C536-8D2A-440C-973F-B0D0515D64A6}.Debug.Build.0 = Debug|Win32
		{C7B0C536-8D2A-440C-973F-B0D0515D64A6}.Release.ActiveCfg = Release|Win32
		{C7B0C536-8D2A-440C-973F-B0D0515D64A6}.Release.Build.0 = Release|Win32
		{C7B0C536-8D2A-440C-973F-B0D0515D64A6}.tao_osg_dbg.ActiveCfg = Debug|Win32
		{C7B0C536-8D2A-440C-973F-B0D0515D64A6}.tao_osg_vep_cluster_dbg.ActiveCfg = Debug|Win32
		{C7B0C536-8D2A-440C-973F-B0D0515D64A6}.tao_osg_vep_dbg.ActiveCfg = Debug|Win32
		{C7B0C536-8D2A-440C-973F-B0D0515D64A6}.tao_pf_dbg.ActiveCfg = Debug|Win32
		{E188A14F-7A8C-4D56-8CEA-7436B16B48E8}.Builder_Tools.ActiveCfg = Debug|Win32
		{E188A14F-7A8C-4D56-8CEA-7436B16B48E8}.Builder_Tools.Build.0 = Debug|Win32
		{E188A14F-7A8C-4D56-8CEA-7436B16B48E8}.dbg.ActiveCfg = Debug|Win32
		{E188A14F-7A8C-4D56-8CEA-7436B16B48E8}.dbg.Build.0 = Debug|Win32
		{E188A14F-7A8C-4D56-8CEA-7436B16B48E8}.Debug.ActiveCfg = Debug|Win32
		{E188A14F-7A8C-4D56-8CEA-7436B16B48E8}.Debug.Build.0 = Debug|Win32
		{E188A14F-7A8C-4D56-8CEA-7436B16B48E8}.Release.ActiveCfg = Release|Win32
		{E188A14F-7A8C-4D56-8CEA-7436B16B48E8}.Release.Build.0 = Release|Win32
		{E188A14F-7A8C-4D56-8CEA-7436B16B48E8}.tao_osg_dbg.ActiveCfg = Debug|Win32
		{E188A14F-7A8C-4D56-8CEA-7436B16B48E8}.tao_osg_vep_cluster_dbg.ActiveCfg = Debug|Win32
		{E188A14F-7A8C-4D56-8CEA-7436B16B48E8}.tao_osg_vep_dbg.ActiveCfg = Debug|Win32
		{E188A14F-7A8C-4D56-8CEA-7436B16B48E8}.tao_pf_dbg.ActiveCfg = Debug|Win32
		{ACE83EC6-9141-4B8D-B852-6679D8F57006}.Builder_Tools.ActiveCfg = Debug|Win32
		{ACE83EC6-9141-4B8D-B852-6679D8F57006}.Builder_Tools.Build.0 = Debug|Win32
		{ACE83EC6-9141-4B8D-B852-6679D8F57006}.dbg.ActiveCfg = Debug|Win32
		{ACE83EC6-9141-4B8D-B852-6679D8F57006}.dbg.Build.0 = Debug|Win32
		{ACE83EC6-9141-4B8D-B852-6679D8F57006}.Debug.ActiveCfg = Debug|Win32
		{ACE83EC6-9141-4B8D-B852-6679D8F57006}.Debug.Build.0 = Debug|Win32
		{ACE83EC6-9141-4B8D-B852-6679D8F57006}.Release.ActiveCfg = Release|Win32
		{ACE83EC6-9141-4B8D-B852-6679D8F57006}.Release.Build.0 = Release|Win32
		{ACE83EC6-9141-4B8D-B852-6679D8F57006}.tao_osg_dbg.ActiveCfg = Debug|Win32
		{ACE83EC6-9141-4B8D-B852-6679D8F57006}.tao_osg_vep_cluster_dbg.ActiveCfg = Debug|Win32
		{ACE83EC6-9141-4B8D-B852-6679D8F57006}.tao_osg_vep_dbg.ActiveCfg = Debug|Win32
		{ACE83EC6-9141-4B8D-B852-6679D8F57006}.tao_pf_dbg.ActiveCfg = Debug|Win32
		{6CAF594F-6792-4977-8FE2-A98FE8793631}.Builder_Tools.ActiveCfg = Debug|Win32
		{6CAF594F-6792-4977-8FE2-A98FE8793631}.Builder_Tools.Build.0 = Debug|Win32
		{6CAF594F-6792-4977-8FE2-A98FE8793631}.dbg.ActiveCfg = Debug|Win32
		{6CAF594F-6792-4977-8FE2-A98FE8793631}.dbg.Build.0 = Debug|Win32
		{6CAF594F-6792-4977-8FE2-A98FE8793631}.Debug.ActiveCfg = Debug|Win32
		{6CAF594F-6792-4977-8FE2-A98FE8793631}.Debug.Build.0 = Debug|Win32
		{6CAF594F-6792-4977-8FE2-A98FE8793631}.Release.ActiveCfg = Release|Win32
		{6CAF594F-6792-4977-8FE2-A98FE8793631}.Release.Build.0 = Release|Win32
		{6CAF594F-6792-4977-8FE2-A98FE8793631}.tao_osg_dbg.ActiveCfg = Debug|Win32
		{6CAF594F-6792-4977-8FE2-A98FE8793631}.tao_osg_vep_cluster_dbg.ActiveCfg = Debug|Win32
		{6CAF594F-6792-4977-8FE2-A98FE8793631}.tao_osg_vep_dbg.ActiveCfg = Debug|Win32
		{6CAF594F-6792-4977-8FE2-A98FE8793631}.tao_pf_dbg.ActiveCfg = Debug|Win32
		{C3E4EC67-9496-4391-A1B2-8179B3954E9D}.Builder_Tools.ActiveCfg = Debug|Win32
		{C3E4EC67-9496-4391-A1B2-8179B3954E9D}.Builder_Tools.Build.0 = Debug|Win32
		{C3E4EC67-9496-4391-A1B2-8179B3954E9D}.dbg.ActiveCfg = Debug|Win32
		{C3E4EC67-9496-4391-A1B2-8179B3954E9D}.dbg.Build.0 = Debug|Win32
		{C3E4EC67-9496-4391-A1B2-8179B3954E9D}.Debug.ActiveCfg = Debug|Win32
		{C3E4EC67-9496-4391-A1B2-8179B3954E9D}.Debug.Build.0 = Debug|Win32
		{C3E4EC67-9496-4391-A1B2-8179B3954E9D}.Release.ActiveCfg = Release|Win32
		{C3E4EC67-9496-4391-A1B2-8179B3954E9D}.Release.Build.0 = Release|Win32
		{C3E4EC67-9496-4391-A1B2-8179B3954E9D}.tao_osg_dbg.ActiveCfg = Release|Win32
		{C3E4EC67-9496-4391-A1B2-8179B3954E9D}.tao_osg_vep_cluster_dbg.ActiveCfg = Release|Win32
		{C3E4EC67-9496-4391-A1B2-8179B3954E9D}.tao_osg_vep_dbg.ActiveCfg = Release|Win32
		{C3E4EC67-9496-4391-A1B2-8179B3954E9D}.tao_pf_dbg.ActiveCfg = Release|Win32
		{D8E058A6-478B-4820-BA20-E2561B1A9D7F}.Builder_Tools.ActiveCfg = Debug|Win32
		{D8E058A6-478B-4820-BA20-E2561B1A9D7F}.Builder_Tools.Build.0 = Debug|Win32
		{D8E058A6-478B-4820-BA20-E2561B1A9D7F}.dbg.ActiveCfg = Debug|Win32
		{D8E058A6-478B-4820-BA20-E2561B1A9D7F}.dbg.Build.0 = Debug|Win32
		{D8E058A6-478B-4820-BA20-E2561B1A9D7F}.Debug.ActiveCfg = Debug|Win32
		{D8E058A6-478B-4820-BA20-E2561B1A9D7F}.Debug.Build.0 = Debug|Win32
		{D8E058A6-478B-4820-BA20-E2561B1A9D7F}.Release.ActiveCfg = Release|Win32
		{D8E058A6-478B-4820-BA20-E2561B1A9D7F}.Release.Build.0 = Release|Win32
		{D8E058A6-478B-4820-BA20-E2561B1A9D7F}.tao_osg_dbg.ActiveCfg = Release|Win32
		{D8E058A6-478B-4820-BA20-E2561B1A9D7F}.tao_osg_vep_cluster_dbg.ActiveCfg = Release|Win32
		{D8E058A6-478B-4820-BA20-E2561B1A9D7F}.tao_osg_vep_dbg.ActiveCfg = Release|Win32
		{D8E058A6-478B-4820-BA20-E2561B1A9D7F}.tao_pf_dbg.ActiveCfg = Release|Win32
		{E8FE9A1C-3985-407A-9648-FF2C2D025EA1}.Builder_Tools.ActiveCfg = dbg|Win32
		{E8FE9A1C-3985-407A-9648-FF2C2D025EA1}.dbg.ActiveCfg = dbg|Win32
		{E8FE9A1C-3985-407A-9648-FF2C2D025EA1}.dbg.Build.0 = dbg|Win32
		{E8FE9A1C-3985-407A-9648-FF2C2D025EA1}.Debug.ActiveCfg = dbg|Win32
		{E8FE9A1C-3985-407A-9648-FF2C2D025EA1}.Debug.Build.0 = dbg|Win32
		{E8FE9A1C-3985-407A-9648-FF2C2D025EA1}.Release.ActiveCfg = Release|Win32
		{E8FE9A1C-3985-407A-9648-FF2C2D025EA1}.Release.Build.0 = Release|Win32
		{E8FE9A1C-3985-407A-9648-FF2C2D025EA1}.tao_osg_dbg.ActiveCfg = dbg|Win32
		{E8FE9A1C-3985-407A-9648-FF2C2D025EA1}.tao_osg_dbg.Build.0 = dbg|Win32
		{E8FE9A1C-3985-407A-9648-FF2C2D025EA1}.tao_osg_vep_cluster_dbg.ActiveCfg = dbg|Win32
		{E8FE9A1C-3985-407A-9648-FF2C2D025EA1}.tao_osg_vep_cluster_dbg.Build.0 = dbg|Win32
		{E8FE9A1C-3985-407A-9648-FF2C2D025EA1}.tao_osg_vep_dbg.ActiveCfg = dbg|Win32
		{E8FE9A1C-3985-407A-9648-FF2C2D025EA1}.tao_osg_vep_dbg.Build.0 = dbg|Win32
		{E8FE9A1C-3985-407A-9648-FF2C2D025EA1}.tao_pf_dbg.ActiveCfg = dbg|Win32
		{E8FE9A1C-3985-407A-9648-FF2C2D025EA1}.tao_pf_dbg.Build.0 = dbg|Win32
		{E8FE9A1C-3985-407A-9648-FF2C2D025EA2}.Builder_Tools.ActiveCfg = Release|Win32
		{E8FE9A1C-3985-407A-9648-FF2C2D025EA2}.dbg.ActiveCfg = dbg|Win32
		{E8FE9A1C-3985-407A-9648-FF2C2D025EA2}.dbg.Build.0 = dbg|Win32
		{E8FE9A1C-3985-407A-9648-FF2C2D025EA2}.Debug.ActiveCfg = dbg|Win32
		{E8FE9A1C-3985-407A-9648-FF2C2D025EA2}.Debug.Build.0 = dbg|Win32
		{E8FE9A1C-3985-407A-9648-FF2C2D025EA2}.Release.ActiveCfg = Release|Win32
		{E8FE9A1C-3985-407A-9648-FF2C2D025EA2}.Release.Build.0 = Release|Win32
		{E8FE9A1C-3985-407A-9648-FF2C2D025EA2}.tao_osg_dbg.ActiveCfg = dbg|Win32
		{E8FE9A1C-3985-407A-9648-FF2C2D025EA2}.tao_osg_dbg.Build.0 = dbg|Win32
		{E8FE9A1C-3985-407A-9648-FF2C2D025EA2}.tao_osg_vep_cluster_dbg.ActiveCfg = dbg|Win32
		{E8FE9A1C-3985-407A-9648-FF2C2D025EA2}.tao_osg_vep_cluster_dbg.Build.0 = dbg|Win32
		{E8FE9A1C-3985-407A-9648-FF2C2D025EA2}.tao_osg_vep_dbg.ActiveCfg = dbg|Win32
		{E8FE9A1C-3985-407A-9648-FF2C2D025EA2}.tao_osg_vep_dbg.Build.0 = dbg|Win32
		{E8FE9A1C-3985-407A-9648-FF2C2D025EA2}.tao_pf_dbg.ActiveCfg = dbg|Win32
		{E8FE9A1C-3985-407A-9648-FF2C2D025EA2}.tao_pf_dbg.Build.0 = dbg|Win32
		{E8FE9A1C-3985-407A-9648-FF2C2D025E00}.Builder_Tools.ActiveCfg = Release|Win32
		{E8FE9A1C-3985-407A-9648-FF2C2D025E00}.dbg.ActiveCfg = dbg|Win32
		{E8FE9A1C-3985-407A-9648-FF2C2D025E00}.dbg.Build.0 = dbg|Win32
		{E8FE9A1C-3985-407A-9648-FF2C2D025E00}.Debug.ActiveCfg = dbg|Win32
		{E8FE9A1C-3985-407A-9648-FF2C2D025E00}.Debug.Build.0 = dbg|Win32
		{E8FE9A1C-3985-407A-9648-FF2C2D025E00}.Release.ActiveCfg = Release|Win32
		{E8FE9A1C-3985-407A-9648-FF2C2D025E00}.Release.Build.0 = Release|Win32
		{E8FE9A1C-3985-407A-9648-FF2C2D025E00}.tao_osg_dbg.ActiveCfg = dbg|Win32
		{E8FE9A1C-3985-407A-9648-FF2C2D025E00}.tao_osg_dbg.Build.0 = dbg|Win32
		{E8FE9A1C-3985-407A-9648-FF2C2D025E00}.tao_osg_vep_cluster_dbg.ActiveCfg = dbg|Win32
		{E8FE9A1C-3985-407A-9648-FF2C2D025E00}.tao_osg_vep_cluster_dbg.Build.0 = dbg|Win32
		{E8FE9A1C-3985-407A-9648-FF2C2D025E00}.tao_osg_vep_dbg.ActiveCfg = dbg|Win32
		{E8FE9A1C-3985-407A-9648-FF2C2D025E00}.tao_osg_vep_dbg.Build.0 = dbg|Win32
		{E8FE9A1C-3985-407A-9648-FF2C2D025E00}.tao_pf_dbg.ActiveCfg = dbg|Win32
		{E8FE9A1C-3985-407A-9648-FF2C2D025E00}.tao_pf_dbg.Build.0 = dbg|Win32
		{E8FE7A1C-3985-407A-9648-FE2C2D025E00}.Builder_Tools.ActiveCfg = dbg|Win32
		{E8FE7A1C-3985-407A-9648-FE2C2D025E00}.dbg.ActiveCfg = dbg|Win32
		{E8FE7A1C-3985-407A-9648-FE2C2D025E00}.dbg.Build.0 = dbg|Win32
		{E8FE7A1C-3985-407A-9648-FE2C2D025E00}.Debug.ActiveCfg = dbg|Win32
		{E8FE7A1C-3985-407A-9648-FE2C2D025E00}.Debug.Build.0 = dbg|Win32
		{E8FE7A1C-3985-407A-9648-FE2C2D025E00}.Release.ActiveCfg = Release|Win32
		{E8FE7A1C-3985-407A-9648-FE2C2D025E00}.Release.Build.0 = Release|Win32
		{E8FE7A1C-3985-407A-9648-FE2C2D025E00}.tao_osg_dbg.ActiveCfg = dbg|Win32
		{E8FE7A1C-3985-407A-9648-FE2C2D025E00}.tao_osg_dbg.Build.0 = dbg|Win32
		{E8FE7A1C-3985-407A-9648-FE2C2D025E00}.tao_osg_vep_cluster_dbg.ActiveCfg = dbg|Win32
		{E8FE7A1C-3985-407A-9648-FE2C2D025E00}.tao_osg_vep_cluster_dbg.Build.0 = dbg|Win32
		{E8FE7A1C-3985-407A-9648-FE2C2D025E00}.tao_osg_vep_dbg.ActiveCfg = dbg|Win32
		{E8FE7A1C-3985-407A-9648-FE2C2D025E00}.tao_osg_vep_dbg.Build.0 = dbg|Win32
		{E8FE7A1C-3985-407A-9648-FE2C2D025E00}.tao_pf_dbg.ActiveCfg = dbg|Win32
		{E8FE7A1C-3985-407A-9648-FE2C2D025E00}.tao_pf_dbg.Build.0 = dbg|Win32
		{3BDA598D-7DFD-4926-43E9-68528528A716}.Builder_Tools.ActiveCfg = dbg|Win32
		{3BDA598D-7DFD-4926-43E9-68528528A716}.dbg.ActiveCfg = dbg|Win32
		{3BDA598D-7DFD-4926-43E9-68528528A716}.dbg.Build.0 = dbg|Win32
		{3BDA598D-7DFD-4926-43E9-68528528A716}.Debug.ActiveCfg = dbg|Win32
		{3BDA598D-7DFD-4926-43E9-68528528A716}.Debug.Build.0 = dbg|Win32
		{3BDA598D-7DFD-4926-43E9-68528528A716}.Release.ActiveCfg = Release|Win32
		{3BDA598D-7DFD-4926-43E9-68528528A716}.Release.Build.0 = Release|Win32
		{3BDA598D-7DFD-4926-43E9-68528528A716}.tao_osg_dbg.ActiveCfg = dbg|Win32
		{3BDA598D-7DFD-4926-43E9-68528528A716}.tao_osg_dbg.Build.0 = dbg|Win32
		{3BDA598D-7DFD-4926-43E9-68528528A716}.tao_osg_vep_cluster_dbg.ActiveCfg = dbg|Win32
		{3BDA598D-7DFD-4926-43E9-68528528A716}.tao_osg_vep_cluster_dbg.Build.0 = dbg|Win32
		{3BDA598D-7DFD-4926-43E9-68528528A716}.tao_osg_vep_dbg.ActiveCfg = dbg|Win32
		{3BDA598D-7DFD-4926-43E9-68528528A716}.tao_osg_vep_dbg.Build.0 = dbg|Win32
		{3BDA598D-7DFD-4926-43E9-68528528A716}.tao_pf_dbg.ActiveCfg = dbg|Win32
		{3BDA598D-7DFD-4926-43E9-68528528A716}.tao_pf_dbg.Build.0 = dbg|Win32
		{398FF33A-58CE-4A0A-A288-BC3917FC920A}.Builder_Tools.ActiveCfg = pf_opt|Win32
		{398FF33A-58CE-4A0A-A288-BC3917FC920A}.dbg.ActiveCfg = pf_dbg|Win32
		{398FF33A-58CE-4A0A-A288-BC3917FC920A}.dbg.Build.0 = pf_dbg|Win32
		{398FF33A-58CE-4A0A-A288-BC3917FC920A}.Debug.ActiveCfg = pf_opt|Win32
		{398FF33A-58CE-4A0A-A288-BC3917FC920A}.Debug.Build.0 = pf_opt|Win32
		{398FF33A-58CE-4A0A-A288-BC3917FC920A}.Release.ActiveCfg = Release|Win32
		{398FF33A-58CE-4A0A-A288-BC3917FC920A}.Release.Build.0 = Release|Win32
		{398FF33A-58CE-4A0A-A288-BC3917FC920A}.tao_osg_dbg.ActiveCfg = osg_dbg|Win32
		{398FF33A-58CE-4A0A-A288-BC3917FC920A}.tao_osg_dbg.Build.0 = osg_dbg|Win32
		{398FF33A-58CE-4A0A-A288-BC3917FC920A}.tao_osg_vep_cluster_dbg.ActiveCfg = osg_vep_dbg|Win32
		{398FF33A-58CE-4A0A-A288-BC3917FC920A}.tao_osg_vep_cluster_dbg.Build.0 = osg_vep_dbg|Win32
		{398FF33A-58CE-4A0A-A288-BC3917FC920A}.tao_osg_vep_dbg.ActiveCfg = osg_vep_dbg|Win32
		{398FF33A-58CE-4A0A-A288-BC3917FC920A}.tao_osg_vep_dbg.Build.0 = osg_vep_dbg|Win32
		{398FF33A-58CE-4A0A-A288-BC3917FC920A}.tao_pf_dbg.ActiveCfg = pf_dbg|Win32
		{398FF33A-58CE-4A0A-A288-BC3917FC920A}.tao_pf_dbg.Build.0 = pf_dbg|Win32
		{4BDA598D-7DFD-3226-43E9-68528528A716}.Builder_Tools.ActiveCfg = dbg|Win32
		{4BDA598D-7DFD-3226-43E9-68528528A716}.dbg.ActiveCfg = dbg|Win32
		{4BDA598D-7DFD-3226-43E9-68528528A716}.dbg.Build.0 = dbg|Win32
		{4BDA598D-7DFD-3226-43E9-68528528A716}.Debug.ActiveCfg = dbg|Win32
		{4BDA598D-7DFD-3226-43E9-68528528A716}.Debug.Build.0 = dbg|Win32
		{4BDA598D-7DFD-3226-43E9-68528528A716}.Release.ActiveCfg = Release|Win32
		{4BDA598D-7DFD-3226-43E9-68528528A716}.Release.Build.0 = Release|Win32
		{4BDA598D-7DFD-3226-43E9-68528528A716}.tao_osg_dbg.ActiveCfg = dbg|Win32
		{4BDA598D-7DFD-3226-43E9-68528528A716}.tao_osg_dbg.Build.0 = dbg|Win32
		{4BDA598D-7DFD-3226-43E9-68528528A716}.tao_osg_vep_cluster_dbg.ActiveCfg = dbg|Win32
		{4BDA598D-7DFD-3226-43E9-68528528A716}.tao_osg_vep_cluster_dbg.Build.0 = dbg|Win32
		{4BDA598D-7DFD-3226-43E9-68528528A716}.tao_osg_vep_dbg.ActiveCfg = dbg|Win32
		{4BDA598D-7DFD-3226-43E9-68528528A716}.tao_osg_vep_dbg.Build.0 = dbg|Win32
		{4BDA598D-7DFD-3226-43E9-68528528A716}.tao_pf_dbg.ActiveCfg = dbg|Win32
		{4BDA598D-7DFD-3226-43E9-68528528A716}.tao_pf_dbg.Build.0 = dbg|Win32
		{C3E4EC67-9496-4391-A1B2-8179B3954E9D}.Builder_Tools.ActiveCfg = Debug|Win32
		{C3E4EC67-9496-4391-A1B2-8179B3954E9D}.Builder_Tools.Build.0 = Debug|Win32
		{C3E4EC67-9496-4391-A1B2-8179B3954E9D}.dbg.ActiveCfg = Debug|Win32
		{C3E4EC67-9496-4391-A1B2-8179B3954E9D}.dbg.Build.0 = Debug|Win32
		{C3E4EC67-9496-4391-A1B2-8179B3954E9D}.Debug.ActiveCfg = Debug|Win32
		{C3E4EC67-9496-4391-A1B2-8179B3954E9D}.Debug.Build.0 = Debug|Win32
		{C3E4EC67-9496-4391-A1B2-8179B3954E9D}.Release.ActiveCfg = Release|Win32
		{C3E4EC67-9496-4391-A1B2-8179B3954E9D}.Release.Build.0 = Release|Win32
		{C3E4EC67-9496-4391-A1B2-8179B3954E9D}.tao_osg_dbg.ActiveCfg = Release|Win32
		{C3E4EC67-9496-4391-A1B2-8179B3954E9D}.tao_osg_dbg.Build.0 = Release|Win32
		{C3E4EC67-9496-4391-A1B2-8179B3954E9D}.tao_osg_vep_cluster_dbg.ActiveCfg = Release|Win32
		{C3E4EC67-9496-4391-A1B2-8179B3954E9D}.tao_osg_vep_cluster_dbg.Build.0 = Release|Win32
		{C3E4EC67-9496-4391-A1B2-8179B3954E9D}.tao_osg_vep_dbg.ActiveCfg = Release|Win32
		{C3E4EC67-9496-4391-A1B2-8179B3954E9D}.tao_osg_vep_dbg.Build.0 = Release|Win32
		{C3E4EC67-9496-4391-A1B2-8179B3954E9D}.tao_pf_dbg.ActiveCfg = Release|Win32
		{C3E4EC67-9496-4391-A1B2-8179B3954E9D}.tao_pf_dbg.Build.0 = Release|Win32
	EndGlobalSection
	GlobalSection(ExtensibilityGlobals) = postSolution
	EndGlobalSection
	GlobalSection(ExtensibilityAddIns) = postSolution
	EndGlobalSection
EndGlobal
