
Microsoft Visual Studio Solution File, Format Version 9.00
# Visual Studio 2005
Project("{8BC9CEB8-8B4A-11D0-8D11-00A0C91BC942}") = "ConstructionBotsGP", "ConstructionBotsGP\ConstructionBotsGP.vcproj", "{5DE747EB-35CF-4CF2-A951-EE0D1E2B319D}"
EndProject
Project("{8BC9CEB8-8B4A-11D0-8D11-00A0C91BC942}") = "ConstructionBotsUI", "ConstructionBotsUI\ConstructionBotsUI.vcproj", "{69D2C74A-AC5F-451E-B7E0-7E70235D3C26}"
EndProject
Global
	GlobalSection(SubversionScc) = preSolution
		Svn-Managed = True
		Manager = AnkhSVN - Subversion Support for Visual Studio
	EndGlobalSection
	GlobalSection(SolutionConfigurationPlatforms) = preSolution
		Debug|Win32 = Debug|Win32
		Release|Win32 = Release|Win32
	EndGlobalSection
	GlobalSection(ProjectConfigurationPlatforms) = postSolution
		{5DE747EB-35CF-4CF2-A951-EE0D1E2B319D}.Debug|Win32.ActiveCfg = Debug|Win32
		{5DE747EB-35CF-4CF2-A951-EE0D1E2B319D}.Debug|Win32.Build.0 = Debug|Win32
		{5DE747EB-35CF-4CF2-A951-EE0D1E2B319D}.Release|Win32.ActiveCfg = Release|Win32
		{5DE747EB-35CF-4CF2-A951-EE0D1E2B319D}.Release|Win32.Build.0 = Release|Win32
		{69D2C74A-AC5F-451E-B7E0-7E70235D3C26}.Debug|Win32.ActiveCfg = Debug|Win32
		{69D2C74A-AC5F-451E-B7E0-7E70235D3C26}.Debug|Win32.Build.0 = Debug|Win32
		{69D2C74A-AC5F-451E-B7E0-7E70235D3C26}.Release|Win32.ActiveCfg = Release|Win32
		{69D2C74A-AC5F-451E-B7E0-7E70235D3C26}.Release|Win32.Build.0 = Release|Win32
	EndGlobalSection
	GlobalSection(SolutionProperties) = preSolution
		HideSolutionNode = FALSE
	EndGlobalSection
EndGlobal
