Microsoft Visual Studio Solution File, Format Version 9.00
# Visual Studio 2005
Project("{8BC9CEB8-8B4A-11D0-8D11-00A0C91BC942}") = "Int_stove_econGraphicalPlugin", "Int_Stove_EconGraphicalPlugin\Int_stove_econGraphicalPlugin.vcproj", "{131D8F29-F034-45CC-804A-888B28542151}"
EndProject
Project("{8BC9CEB8-8B4A-11D0-8D11-00A0C91BC942}") = "Int_stove_econ_GUI", "Int_Stove_EconUIPlugin\Int_stove_econ.vcproj", "{0D29C965-1C45-4EB3-8421-302A1D2F4548}"
EndProject
Project("{8BC9CEB8-8B4A-11D0-8D11-00A0C91BC942}") = "Int_Stove_EconUnit", "Int_Stove_EconUnit\Int_Stove_EconUnit.vcproj", "{31F65F0F-4662-48C8-84C2-C0AC8A935119}"
EndProject
Global
	GlobalSection(SolutionConfigurationPlatforms) = preSolution
		dbg_installer|Win32 = dbg_installer|Win32
		Debug|Win32 = Debug|Win32
		install_osg_dbg|Win32 = install_osg_dbg|Win32
		osg_tao_dbg|Win32 = osg_tao_dbg|Win32
		osg_tao_debug_installer|Win32 = osg_tao_debug_installer|Win32
		osg_tao_debug|Win32 = osg_tao_debug|Win32
		pf_tao_dbg|Win32 = pf_tao_dbg|Win32
		Release|Win32 = Release|Win32
	EndGlobalSection
	GlobalSection(ProjectConfigurationPlatforms) = postSolution
		{131D8F29-F034-45CC-804A-888B28542151}.dbg_installer|Win32.ActiveCfg = osg_tao_dbg|Win32
		{131D8F29-F034-45CC-804A-888B28542151}.Debug|Win32.ActiveCfg = osg_tao_dbg|Win32
		{131D8F29-F034-45CC-804A-888B28542151}.install_osg_dbg|Win32.ActiveCfg = osg_tao_dbg|Win32
		{131D8F29-F034-45CC-804A-888B28542151}.osg_tao_dbg|Win32.ActiveCfg = osg_tao_dbg|Win32
		{131D8F29-F034-45CC-804A-888B28542151}.osg_tao_debug_installer|Win32.ActiveCfg = osg_tao_dbg|Win32
		{131D8F29-F034-45CC-804A-888B28542151}.osg_tao_debug|Win32.ActiveCfg = osg_tao_dbg|Win32
		{131D8F29-F034-45CC-804A-888B28542151}.pf_tao_dbg|Win32.ActiveCfg = pf_tao_dbg|Win32
		{131D8F29-F034-45CC-804A-888B28542151}.Release|Win32.ActiveCfg = Release|Win32
		{0D29C965-1C45-4EB3-8421-302A1D2F4548}.dbg_installer|Win32.ActiveCfg = Debug|Win32
		{0D29C965-1C45-4EB3-8421-302A1D2F4548}.dbg_installer|Win32.Build.0 = Debug|Win32
		{0D29C965-1C45-4EB3-8421-302A1D2F4548}.Debug|Win32.ActiveCfg = Debug|Win32
		{0D29C965-1C45-4EB3-8421-302A1D2F4548}.Debug|Win32.Build.0 = Debug|Win32
		{0D29C965-1C45-4EB3-8421-302A1D2F4548}.install_osg_dbg|Win32.ActiveCfg = install_osg_dbg|Win32
		{0D29C965-1C45-4EB3-8421-302A1D2F4548}.install_osg_dbg|Win32.Build.0 = install_osg_dbg|Win32
		{0D29C965-1C45-4EB3-8421-302A1D2F4548}.osg_tao_dbg|Win32.ActiveCfg = Debug|Win32
		{0D29C965-1C45-4EB3-8421-302A1D2F4548}.osg_tao_dbg|Win32.Build.0 = Debug|Win32
		{0D29C965-1C45-4EB3-8421-302A1D2F4548}.osg_tao_debug_installer|Win32.ActiveCfg = Debug|Win32
		{0D29C965-1C45-4EB3-8421-302A1D2F4548}.osg_tao_debug_installer|Win32.Build.0 = Debug|Win32
		{0D29C965-1C45-4EB3-8421-302A1D2F4548}.osg_tao_debug|Win32.ActiveCfg = Debug|Win32
		{0D29C965-1C45-4EB3-8421-302A1D2F4548}.osg_tao_debug|Win32.Build.0 = Debug|Win32
		{0D29C965-1C45-4EB3-8421-302A1D2F4548}.pf_tao_dbg|Win32.ActiveCfg = Debug|Win32
		{0D29C965-1C45-4EB3-8421-302A1D2F4548}.pf_tao_dbg|Win32.Build.0 = Debug|Win32
		{0D29C965-1C45-4EB3-8421-302A1D2F4548}.Release|Win32.ActiveCfg = Release|Win32
		{0D29C965-1C45-4EB3-8421-302A1D2F4548}.Release|Win32.Build.0 = Release|Win32
		{31F65F0F-4662-48C8-84C2-C0AC8A935119}.dbg_installer|Win32.ActiveCfg = Debug|Win32
		{31F65F0F-4662-48C8-84C2-C0AC8A935119}.dbg_installer|Win32.Build.0 = Debug|Win32
		{31F65F0F-4662-48C8-84C2-C0AC8A935119}.Debug|Win32.ActiveCfg = Debug|Win32
		{31F65F0F-4662-48C8-84C2-C0AC8A935119}.Debug|Win32.Build.0 = Debug|Win32
		{31F65F0F-4662-48C8-84C2-C0AC8A935119}.install_osg_dbg|Win32.ActiveCfg = install_osg_dbg|Win32
		{31F65F0F-4662-48C8-84C2-C0AC8A935119}.install_osg_dbg|Win32.Build.0 = install_osg_dbg|Win32
		{31F65F0F-4662-48C8-84C2-C0AC8A935119}.osg_tao_dbg|Win32.ActiveCfg = install_osg_dbg|Win32
		{31F65F0F-4662-48C8-84C2-C0AC8A935119}.osg_tao_dbg|Win32.Build.0 = install_osg_dbg|Win32
		{31F65F0F-4662-48C8-84C2-C0AC8A935119}.osg_tao_debug_installer|Win32.ActiveCfg = install_osg_dbg|Win32
		{31F65F0F-4662-48C8-84C2-C0AC8A935119}.osg_tao_debug_installer|Win32.Build.0 = install_osg_dbg|Win32
		{31F65F0F-4662-48C8-84C2-C0AC8A935119}.osg_tao_debug|Win32.ActiveCfg = install_osg_dbg|Win32
		{31F65F0F-4662-48C8-84C2-C0AC8A935119}.osg_tao_debug|Win32.Build.0 = install_osg_dbg|Win32
		{31F65F0F-4662-48C8-84C2-C0AC8A935119}.pf_tao_dbg|Win32.ActiveCfg = install_osg_dbg|Win32
		{31F65F0F-4662-48C8-84C2-C0AC8A935119}.pf_tao_dbg|Win32.Build.0 = install_osg_dbg|Win32
		{31F65F0F-4662-48C8-84C2-C0AC8A935119}.Release|Win32.ActiveCfg = Release|Win32
		{31F65F0F-4662-48C8-84C2-C0AC8A935119}.Release|Win32.Build.0 = Release|Win32
	EndGlobalSection
	GlobalSection(SolutionProperties) = preSolution
		HideSolutionNode = FALSE
	EndGlobalSection
EndGlobal
