Microsoft Visual Studio Solution File, Format Version 8.00
Project("{8BC9CEB8-8B4A-11D0-8D11-00A0C91BC942}") = "win32Project", "wvu_win32project.vcproj", "{679B4495-041D-40FA-B8AC-819932966134}"
	ProjectSection(ProjectDependencies) = postProject
	EndProjectSection
EndProject
Global
	GlobalSection(SolutionConfiguration) = preSolution
		Debug = Debug
		Release = Release
	EndGlobalSection
	GlobalSection(ProjectConfiguration) = postSolution
		{679B4495-041D-40FA-B8AC-819932966134}.Debug.ActiveCfg = Debug|Win32
		{679B4495-041D-40FA-B8AC-819932966134}.Debug.Build.0 = Debug|Win32
		{679B4495-041D-40FA-B8AC-819932966134}.Release.ActiveCfg = Release|Win32
		{679B4495-041D-40FA-B8AC-819932966134}.Release.Build.0 = Release|Win32
	EndGlobalSection
	GlobalSection(ExtensibilityGlobals) = postSolution
	EndGlobalSection
	GlobalSection(ExtensibilityAddIns) = postSolution
	EndGlobalSection
EndGlobal
