Microsoft Visual Studio Solution File, Format Version 8.00
Project("{8BC9CEB8-8B4A-11D0-8D11-00A0C91BC942}") = "OPPDUI", "OPPD.vcproj", "{31135FCB-DB0F-4BD4-A935-7571C6687E3D}"
	ProjectSection(ProjectDependencies) = postProject
	EndProjectSection
EndProject
Global
	GlobalSection(SolutionConfiguration) = preSolution
		Debug = Debug
		Debug_Installer = Debug_Installer
		Release = Release
	EndGlobalSection
	GlobalSection(ProjectConfiguration) = postSolution
		{31135FCB-DB0F-4BD4-A935-7571C6687E3D}.Debug.ActiveCfg = Debug|Win32
		{31135FCB-DB0F-4BD4-A935-7571C6687E3D}.Debug.Build.0 = Debug|Win32
		{31135FCB-DB0F-4BD4-A935-7571C6687E3D}.Debug_Installer.ActiveCfg = Debug_Installer|Win32
		{31135FCB-DB0F-4BD4-A935-7571C6687E3D}.Debug_Installer.Build.0 = Debug_Installer|Win32
		{31135FCB-DB0F-4BD4-A935-7571C6687E3D}.Release.ActiveCfg = Release|Win32
		{31135FCB-DB0F-4BD4-A935-7571C6687E3D}.Release.Build.0 = Release|Win32
	EndGlobalSection
	GlobalSection(ExtensibilityGlobals) = postSolution
	EndGlobalSection
	GlobalSection(ExtensibilityAddIns) = postSolution
	EndGlobalSection
EndGlobal
