
Microsoft Visual Studio Solution File, Format Version 10.00
# Visual Studio 2008
Project("{8BC9CEB8-8B4A-11D0-8D11-00A0C91BC942}") = "mfctestdlg", "mfctestdlg\mfctestdlg.vcproj", "{31599C8C-0E70-4326-8DA2-B316F800298B}"
EndProject
Global
	GlobalSection(SolutionConfigurationPlatforms) = preSolution
		Debug|Win32 = Debug|Win32
		Release|Win32 = Release|Win32
	EndGlobalSection
	GlobalSection(ProjectConfigurationPlatforms) = postSolution
		{31599C8C-0E70-4326-8DA2-B316F800298B}.Debug|Win32.ActiveCfg = Debug|Win32
		{31599C8C-0E70-4326-8DA2-B316F800298B}.Debug|Win32.Build.0 = Debug|Win32
		{31599C8C-0E70-4326-8DA2-B316F800298B}.Release|Win32.ActiveCfg = Release|Win32
		{31599C8C-0E70-4326-8DA2-B316F800298B}.Release|Win32.Build.0 = Release|Win32
	EndGlobalSection
	GlobalSection(SolutionProperties) = preSolution
		HideSolutionNode = FALSE
	EndGlobalSection
EndGlobal
