
Microsoft Visual Studio Solution File, Format Version 9.00
# Visual Studio 2005
Project("{8BC9CEB8-8B4A-11D0-8D11-00A0C91BC942}") = "VE_AspenUnit", "VE_AspenUnit.vcproj", "{B9333CB0-720E-4B53-B4D7-CD2F0165872D}"
EndProject
Global
	GlobalSection(SolutionConfigurationPlatforms) = preSolution
		Debug|Win32 = Debug|Win32
		Release|Win32 = Release|Win32
	EndGlobalSection
	GlobalSection(ProjectConfigurationPlatforms) = postSolution
		{B9333CB0-720E-4B53-B4D7-CD2F0165872D}.Debug|Win32.ActiveCfg = Debug|Win32
		{B9333CB0-720E-4B53-B4D7-CD2F0165872D}.Debug|Win32.Build.0 = Debug|Win32
		{B9333CB0-720E-4B53-B4D7-CD2F0165872D}.Release|Win32.ActiveCfg = Release|Win32
		{B9333CB0-720E-4B53-B4D7-CD2F0165872D}.Release|Win32.Build.0 = Release|Win32
	EndGlobalSection
	GlobalSection(SolutionProperties) = preSolution
		HideSolutionNode = FALSE
	EndGlobalSection
EndGlobal
