Microsoft Visual Studio Solution File, Format Version 8.00
Project("{8BC9CEB8-8B4A-11D0-8D11-00A0C91BC942}") = "VE_CAD", "VE_CAD.vcproj", "{E8FE9A1C-3985-407A-9648-FF2C2D025EA2}"
	ProjectSection(ProjectDependencies) = postProject
		{E8FE9A1C-3985-407A-9648-FF2C2D025EA1} = {E8FE9A1C-3985-407A-9648-FF2C2D025EA1}
	EndProjectSection
EndProject
Project("{8BC9CEB8-8B4A-11D0-8D11-00A0C91BC942}") = "VE_XML", "..\VE_XML.vcproj", "{E8FE9A1C-3985-407A-9648-FF2C2D025EA1}"
	ProjectSection(ProjectDependencies) = postProject
	EndProjectSection
EndProject
Global
	GlobalSection(SolutionConfiguration) = preSolution
		dbg = dbg
		Debug = Debug
		Release = Release
	EndGlobalSection
	GlobalSection(ProjectConfiguration) = postSolution
		{E8FE9A1C-3985-407A-9648-FF2C2D025EA2}.dbg.ActiveCfg = Debug|Win32
		{E8FE9A1C-3985-407A-9648-FF2C2D025EA2}.dbg.Build.0 = Debug|Win32
		{E8FE9A1C-3985-407A-9648-FF2C2D025EA2}.Debug.ActiveCfg = Debug|Win32
		{E8FE9A1C-3985-407A-9648-FF2C2D025EA2}.Debug.Build.0 = Debug|Win32
		{E8FE9A1C-3985-407A-9648-FF2C2D025EA2}.Release.ActiveCfg = Release|Win32
		{E8FE9A1C-3985-407A-9648-FF2C2D025EA2}.Release.Build.0 = Release|Win32
		{E8FE9A1C-3985-407A-9648-FF2C2D025EA1}.dbg.ActiveCfg = dbg|Win32
		{E8FE9A1C-3985-407A-9648-FF2C2D025EA1}.dbg.Build.0 = dbg|Win32
		{E8FE9A1C-3985-407A-9648-FF2C2D025EA1}.Debug.ActiveCfg = dbg|Win32
		{E8FE9A1C-3985-407A-9648-FF2C2D025EA1}.Debug.Build.0 = dbg|Win32
		{E8FE9A1C-3985-407A-9648-FF2C2D025EA1}.Release.ActiveCfg = Release|Win32
		{E8FE9A1C-3985-407A-9648-FF2C2D025EA1}.Release.Build.0 = Release|Win32
	EndGlobalSection
	GlobalSection(ExtensibilityGlobals) = postSolution
	EndGlobalSection
	GlobalSection(ExtensibilityAddIns) = postSolution
	EndGlobalSection
EndGlobal
