Microsoft Visual Studio Solution File, Format Version 8.00
Project("{8BC9CEB8-8B4A-11D0-8D11-00A0C91BC942}") = "VE_TextureBased", "VE_TextureBased.vcproj", "{398FF31C-58CE-4A0A-A288-BC3917FC920A}"
	ProjectSection(ProjectDependencies) = postProject
	EndProjectSection
EndProject
Global
	GlobalSection(SolutionConfiguration) = preSolution
		Debug = Debug
		osg_dbg = osg_dbg
		osg_opt = osg_opt
		pf_dbg = pf_dbg
		pf_opt = pf_opt
		Release = Release
	EndGlobalSection
	GlobalSection(ProjectConfiguration) = postSolution
		{398FF31C-58CE-4A0A-A288-BC3917FC920A}.Debug.ActiveCfg = Debug|Win32
		{398FF31C-58CE-4A0A-A288-BC3917FC920A}.Debug.Build.0 = Debug|Win32
		{398FF31C-58CE-4A0A-A288-BC3917FC920A}.osg_dbg.ActiveCfg = osg_dbg|Win32
		{398FF31C-58CE-4A0A-A288-BC3917FC920A}.osg_dbg.Build.0 = osg_dbg|Win32
		{398FF31C-58CE-4A0A-A288-BC3917FC920A}.osg_opt.ActiveCfg = osg_opt|Win32
		{398FF31C-58CE-4A0A-A288-BC3917FC920A}.osg_opt.Build.0 = osg_opt|Win32
		{398FF31C-58CE-4A0A-A288-BC3917FC920A}.pf_dbg.ActiveCfg = pf_dbg|Win32
		{398FF31C-58CE-4A0A-A288-BC3917FC920A}.pf_dbg.Build.0 = pf_dbg|Win32
		{398FF31C-58CE-4A0A-A288-BC3917FC920A}.pf_opt.ActiveCfg = pf_opt|Win32
		{398FF31C-58CE-4A0A-A288-BC3917FC920A}.pf_opt.Build.0 = pf_opt|Win32
		{398FF31C-58CE-4A0A-A288-BC3917FC920A}.Release.ActiveCfg = Release|Win32
		{398FF31C-58CE-4A0A-A288-BC3917FC920A}.Release.Build.0 = Release|Win32
	EndGlobalSection
	GlobalSection(ExtensibilityGlobals) = postSolution
	EndGlobalSection
	GlobalSection(ExtensibilityAddIns) = postSolution
	EndGlobalSection
EndGlobal
