Microsoft Visual Studio Solution File, Format Version 8.00
Project("{8BC9CEB8-8B4A-11D0-8D11-00A0C91BC942}") = "readWriteVtkThingslib", "readWriteVtkThingslib.vcproj", "{E96B7BDE-DE8E-4E84-8B7D-35FB21E9EAD0}"
	ProjectSection(ProjectDependencies) = postProject
	EndProjectSection
EndProject
Project("{8BC9CEB8-8B4A-11D0-8D11-00A0C91BC942}") = "testRWVTKlib", "testRWVTKlib\testRWVTKlib.vcproj", "{3AAB946E-06C4-4D8F-904B-B2AD5D108D60}"
	ProjectSection(ProjectDependencies) = postProject
		{E96B7BDE-DE8E-4E84-8B7D-35FB21E9EAD0} = {E96B7BDE-DE8E-4E84-8B7D-35FB21E9EAD0}
	EndProjectSection
EndProject
Global
	GlobalSection(SolutionConfiguration) = preSolution
		Debug = Debug
		Release = Release
	EndGlobalSection
	GlobalSection(ProjectConfiguration) = postSolution
		{E96B7BDE-DE8E-4E84-8B7D-35FB21E9EAD0}.Debug.ActiveCfg = Debug|Win32
		{E96B7BDE-DE8E-4E84-8B7D-35FB21E9EAD0}.Debug.Build.0 = Debug|Win32
		{E96B7BDE-DE8E-4E84-8B7D-35FB21E9EAD0}.Release.ActiveCfg = Release|Win32
		{E96B7BDE-DE8E-4E84-8B7D-35FB21E9EAD0}.Release.Build.0 = Release|Win32
		{3AAB946E-06C4-4D8F-904B-B2AD5D108D60}.Debug.ActiveCfg = Debug|Win32
		{3AAB946E-06C4-4D8F-904B-B2AD5D108D60}.Debug.Build.0 = Debug|Win32
		{3AAB946E-06C4-4D8F-904B-B2AD5D108D60}.Release.ActiveCfg = Release|Win32
		{3AAB946E-06C4-4D8F-904B-B2AD5D108D60}.Release.Build.0 = Release|Win32
	EndGlobalSection
	GlobalSection(ExtensibilityGlobals) = postSolution
	EndGlobalSection
	GlobalSection(ExtensibilityAddIns) = postSolution
	EndGlobalSection
EndGlobal
